// !$*UTF8*$!
{
	archiveVersion = 1;
	classes = {
	};
	objectVersion = 46;
	objects = {

/* Begin PBXBuildFile section */
		D5135B47162F077700743CC5 /* UIKit.framework in Frameworks */ = {isa = PBXBuildFile; fileRef = D5135B46162F077700743CC5 /* UIKit.framework */; };
		D5135B49162F077700743CC5 /* Foundation.framework in Frameworks */ = {isa = PBXBuildFile; fileRef = D5135B48162F077700743CC5 /* Foundation.framework */; };
		D5135B4B162F077700743CC5 /* CoreGraphics.framework in Frameworks */ = {isa = PBXBuildFile; fileRef = D5135B4A162F077700743CC5 /* CoreGraphics.framework */; };
		D5135B51162F077700743CC5 /* InfoPlist.strings in Resources */ = {isa = PBXBuildFile; fileRef = D5135B4F162F077700743CC5 /* InfoPlist.strings */; };
		D5135B53162F077700743CC5 /* main.m in Sources */ = {isa = PBXBuildFile; fileRef = D5135B52162F077700743CC5 /* main.m */; };
		D5135B57162F077700743CC5 /* AppDelegate.m in Sources */ = {isa = PBXBuildFile; fileRef = D5135B56162F077700743CC5 /* AppDelegate.m */; };
		D5135B59162F077700743CC5 /* Default.png in Resources */ = {isa = PBXBuildFile; fileRef = D5135B58162F077700743CC5 /* Default.png */; };
		D5135B5B162F077700743CC5 /* Default@2x.png in Resources */ = {isa = PBXBuildFile; fileRef = D5135B5A162F077700743CC5 /* Default@2x.png */; };
		D5135B5D162F077700743CC5 /* Default-568h@2x.png in Resources */ = {isa = PBXBuildFile; fileRef = D5135B5C162F077700743CC5 /* Default-568h@2x.png */; };
		D5135B67162F0E0000743CC5 /* Storyboard.storyboard in Resources */ = {isa = PBXBuildFile; fileRef = D5135B66162F0E0000743CC5 /* Storyboard.storyboard */; };
		D5135B6B162FEDFC00743CC5 /* MapViewController.m in Sources */ = {isa = PBXBuildFile; fileRef = D5135B6A162FEDFC00743CC5 /* MapViewController.m */; };
		D5135B6E162FEE0E00743CC5 /* AGAnimalListViewController.m in Sources */ = {isa = PBXBuildFile; fileRef = D5135B6D162FEE0E00743CC5 /* AGAnimalListViewController.m */; };
		D5135B70162FEEB600743CC5 /* MapKit.framework in Frameworks */ = {isa = PBXBuildFile; fileRef = D5135B6F162FEEB600743CC5 /* MapKit.framework */; };
		D5135B72162FEECD00743CC5 /* CoreLocation.framework in Frameworks */ = {isa = PBXBuildFile; fileRef = D5135B71162FEECD00743CC5 /* CoreLocation.framework */; };
		D513C3C616A388460096616D /* AGInfoListViewController.m in Sources */ = {isa = PBXBuildFile; fileRef = D513C3C516A388460096616D /* AGInfoListViewController.m */; };
		D513C3DB16A60CB00096616D /* AGCompassView.m in Sources */ = {isa = PBXBuildFile; fileRef = D513C3DA16A60CB00096616D /* AGCompassView.m */; };
		D513C3EE16A614810096616D /* AGStringUtilities.m in Sources */ = {isa = PBXBuildFile; fileRef = D513C3ED16A614810096616D /* AGStringUtilities.m */; };
		D513C3FD16A75E970096616D /* Model.xcdatamodeld in Sources */ = {isa = PBXBuildFile; fileRef = D513C3FB16A75E970096616D /* Model.xcdatamodeld */; };
		D513C44316ADF6CE0096616D /* CoreData.framework in Frameworks */ = {isa = PBXBuildFile; fileRef = D513C44216ADF6CE0096616D /* CoreData.framework */; };
		D513C45116AE2E760096616D /* AGFavManager.m in Sources */ = {isa = PBXBuildFile; fileRef = D513C45016AE2E760096616D /* AGFavManager.m */; };
		D513C45D16AEC2CC0096616D /* AGAlertView.m in Sources */ = {isa = PBXBuildFile; fileRef = D513C45C16AEC2CC0096616D /* AGAlertView.m */; };
		D513C46F16AEF57B0096616D /* AGMyZooListViewController.m in Sources */ = {isa = PBXBuildFile; fileRef = D513C46E16AEF57B0096616D /* AGMyZooListViewController.m */; };
		D513C47B16AEF90A0096616D /* AGCoreDataHelper.m in Sources */ = {isa = PBXBuildFile; fileRef = D513C47A16AEF8DC0096616D /* AGCoreDataHelper.m */; };
		D513C48116AF2CB20096616D /* AGInfoDetailViewController.m in Sources */ = {isa = PBXBuildFile; fileRef = D513C48016AF2CB20096616D /* AGInfoDetailViewController.m */; };
		D54023B416C3CB07006D5A89 /* book.png in Resources */ = {isa = PBXBuildFile; fileRef = D54023A416C3CB07006D5A89 /* book.png */; };
		D54023B516C3CB07006D5A89 /* book@2x.png in Resources */ = {isa = PBXBuildFile; fileRef = D54023A516C3CB07006D5A89 /* book@2x.png */; };
		D54023B616C3CB07006D5A89 /* chalkboard.png in Resources */ = {isa = PBXBuildFile; fileRef = D54023A616C3CB07006D5A89 /* chalkboard.png */; };
		D54023B716C3CB07006D5A89 /* chalkboard@2x.png in Resources */ = {isa = PBXBuildFile; fileRef = D54023A716C3CB07006D5A89 /* chalkboard@2x.png */; };
		D54023B816C3CB07006D5A89 /* clock.png in Resources */ = {isa = PBXBuildFile; fileRef = D54023A816C3CB07006D5A89 /* clock.png */; };
		D54023B916C3CB07006D5A89 /* clock@2x.png in Resources */ = {isa = PBXBuildFile; fileRef = D54023A916C3CB07006D5A89 /* clock@2x.png */; };
		D54023BA16C3CB07006D5A89 /* compass.png in Resources */ = {isa = PBXBuildFile; fileRef = D54023AA16C3CB07006D5A89 /* compass.png */; };
		D54023BB16C3CB07006D5A89 /* compass5050.png in Resources */ = {isa = PBXBuildFile; fileRef = D54023AB16C3CB07006D5A89 /* compass5050.png */; };
		D54023BC16C3CB07006D5A89 /* compass5050@2x.png in Resources */ = {isa = PBXBuildFile; fileRef = D54023AC16C3CB07006D5A89 /* compass5050@2x.png */; };
		D54023BD16C3CB07006D5A89 /* compass@2x.png in Resources */ = {isa = PBXBuildFile; fileRef = D54023AD16C3CB07006D5A89 /* compass@2x.png */; };
		D54023BE16C3CB07006D5A89 /* compassClear.png in Resources */ = {isa = PBXBuildFile; fileRef = D54023AE16C3CB07006D5A89 /* compassClear.png */; };
		D54023BF16C3CB07006D5A89 /* compassClear@2x.png in Resources */ = {isa = PBXBuildFile; fileRef = D54023AF16C3CB07006D5A89 /* compassClear@2x.png */; };
		D54023C016C3CB07006D5A89 /* lightbulb.png in Resources */ = {isa = PBXBuildFile; fileRef = D54023B016C3CB07006D5A89 /* lightbulb.png */; };
		D54023C116C3CB07006D5A89 /* lightbulb@2x.png in Resources */ = {isa = PBXBuildFile; fileRef = D54023B116C3CB07006D5A89 /* lightbulb@2x.png */; };
		D54023C216C3CB07006D5A89 /* rahmen.png in Resources */ = {isa = PBXBuildFile; fileRef = D54023B216C3CB07006D5A89 /* rahmen.png */; };
		D54023C316C3CB07006D5A89 /* rahmen@2x.png in Resources */ = {isa = PBXBuildFile; fileRef = D54023B316C3CB07006D5A89 /* rahmen@2x.png */; };
		D54023CD16C3CB1E006D5A89 /* goldStarFav.png in Resources */ = {isa = PBXBuildFile; fileRef = D54023C516C3CB1E006D5A89 /* goldStarFav.png */; };
		D54023CE16C3CB1E006D5A89 /* goldStarFav@2x.png in Resources */ = {isa = PBXBuildFile; fileRef = D54023C616C3CB1E006D5A89 /* goldStarFav@2x.png */; };
		D54023CF16C3CB1E006D5A89 /* greyStarFav.png in Resources */ = {isa = PBXBuildFile; fileRef = D54023C716C3CB1E006D5A89 /* greyStarFav.png */; };
		D54023D016C3CB1E006D5A89 /* greyStarFav@2x.png in Resources */ = {isa = PBXBuildFile; fileRef = D54023C816C3CB1E006D5A89 /* greyStarFav@2x.png */; };
		D54023D116C3CB1E006D5A89 /* star.png in Resources */ = {isa = PBXBuildFile; fileRef = D54023C916C3CB1E006D5A89 /* star.png */; };
		D54023D216C3CB1E006D5A89 /* star@2x.png in Resources */ = {isa = PBXBuildFile; fileRef = D54023CA16C3CB1E006D5A89 /* star@2x.png */; };
		D54023D316C3CB1E006D5A89 /* whiteStarFav.png in Resources */ = {isa = PBXBuildFile; fileRef = D54023CB16C3CB1E006D5A89 /* whiteStarFav.png */; };
		D54023D416C3CB1E006D5A89 /* whiteStarFav@2x.png in Resources */ = {isa = PBXBuildFile; fileRef = D54023CC16C3CB1E006D5A89 /* whiteStarFav@2x.png */; };
		D54023E316C3CB2B006D5A89 /* africa.png in Resources */ = {isa = PBXBuildFile; fileRef = D54023D616C3CB2B006D5A89 /* africa.png */; };
		D54023E416C3CB2B006D5A89 /* allAnimals.png in Resources */ = {isa = PBXBuildFile; fileRef = D54023D716C3CB2B006D5A89 /* allAnimals.png */; };
		D54023E516C3CB2B006D5A89 /* amphibians.png in Resources */ = {isa = PBXBuildFile; fileRef = D54023D816C3CB2B006D5A89 /* amphibians.png */; };
		D54023E616C3CB2B006D5A89 /* asia.png in Resources */ = {isa = PBXBuildFile; fileRef = D54023D916C3CB2B006D5A89 /* asia.png */; };
		D54023E716C3CB2B006D5A89 /* birds.png in Resources */ = {isa = PBXBuildFile; fileRef = D54023DA16C3CB2B006D5A89 /* birds.png */; };
		D54023E816C3CB2B006D5A89 /* fish.png in Resources */ = {isa = PBXBuildFile; fileRef = D54023DB16C3CB2B006D5A89 /* fish.png */; };
		D54023E916C3CB2B006D5A89 /* foundersGarden.png in Resources */ = {isa = PBXBuildFile; fileRef = D54023DC16C3CB2B006D5A89 /* foundersGarden.png */; };
		D54023EA16C3CB2B006D5A89 /* gondwanaland.png in Resources */ = {isa = PBXBuildFile; fileRef = D54023DD16C3CB2B006D5A89 /* gondwanaland.png */; };
		D54023EB16C3CB2B006D5A89 /* invertebrates.png in Resources */ = {isa = PBXBuildFile; fileRef = D54023DE16C3CB2B006D5A89 /* invertebrates.png */; };
		D54023EC16C3CB2B006D5A89 /* mammals.png in Resources */ = {isa = PBXBuildFile; fileRef = D54023DF16C3CB2B006D5A89 /* mammals.png */; };
		D54023ED16C3CB2B006D5A89 /* pongoland.png in Resources */ = {isa = PBXBuildFile; fileRef = D54023E016C3CB2B006D5A89 /* pongoland.png */; };
		D54023EE16C3CB2B006D5A89 /* reptiles.png in Resources */ = {isa = PBXBuildFile; fileRef = D54023E116C3CB2B006D5A89 /* reptiles.png */; };
		D54023EF16C3CB2B006D5A89 /* southAmerica.png in Resources */ = {isa = PBXBuildFile; fileRef = D54023E216C3CB2B006D5A89 /* southAmerica.png */; };
		D54023F916C3CB3C006D5A89 /* info.png in Resources */ = {isa = PBXBuildFile; fileRef = D54023F116C3CB3C006D5A89 /* info.png */; };
		D54023FA16C3CB3C006D5A89 /* info@2x.png in Resources */ = {isa = PBXBuildFile; fileRef = D54023F216C3CB3C006D5A89 /* info@2x.png */; };
		D54023FB16C3CB3C006D5A89 /* map.png in Resources */ = {isa = PBXBuildFile; fileRef = D54023F316C3CB3C006D5A89 /* map.png */; };
		D54023FC16C3CB3C006D5A89 /* map@2x.png in Resources */ = {isa = PBXBuildFile; fileRef = D54023F416C3CB3C006D5A89 /* map@2x.png */; };
		D54023FD16C3CB3C006D5A89 /* paw.png in Resources */ = {isa = PBXBuildFile; fileRef = D54023F516C3CB3C006D5A89 /* paw.png */; };
		D54023FE16C3CB3C006D5A89 /* paw@2x.png in Resources */ = {isa = PBXBuildFile; fileRef = D54023F616C3CB3C006D5A89 /* paw@2x.png */; };
		D54023FF16C3CB3C006D5A89 /* user.png in Resources */ = {isa = PBXBuildFile; fileRef = D54023F716C3CB3C006D5A89 /* user.png */; };
		D540240016C3CB3C006D5A89 /* user@2x.png in Resources */ = {isa = PBXBuildFile; fileRef = D54023F816C3CB3C006D5A89 /* user@2x.png */; };
		D540241116C3FB2B006D5A89 /* 1_1 Hacienda_Aussenansicht.jpg in Resources */ = {isa = PBXBuildFile; fileRef = D540240616C3FB2B006D5A89 /* 1_1 Hacienda_Aussenansicht.jpg */; };
		D540241216C3FB2B006D5A89 /* 2_1 Kiwara_Lodge_Außenansicht.jpg in Resources */ = {isa = PBXBuildFile; fileRef = D540240716C3FB2B006D5A89 /* 2_1 Kiwara_Lodge_Außenansicht.jpg */; };
		D540241316C3FB2B006D5A89 /* 2_2 Kiwara_Lodge_Innenansicht.jpg in Resources */ = {isa = PBXBuildFile; fileRef = D540240816C3FB2B006D5A89 /* 2_2 Kiwara_Lodge_Innenansicht.jpg */; };
		D540241416C3FB2B006D5A89 /* 3_1 Patakan_Außenansicht.jpg in Resources */ = {isa = PBXBuildFile; fileRef = D540240916C3FB2B006D5A89 /* 3_1 Patakan_Außenansicht.jpg */; };
		D540241516C3FB2B006D5A89 /* 3_2 Patakan_Innenansicht.jpg in Resources */ = {isa = PBXBuildFile; fileRef = D540240A16C3FB2B006D5A89 /* 3_2 Patakan_Innenansicht.jpg */; };
		D540241716C3FB2B006D5A89 /* 5_Teichcafe.jpg in Resources */ = {isa = PBXBuildFile; fileRef = D540240C16C3FB2B006D5A89 /* 5_Teichcafe.jpg */; };
		D540241816C3FB2B006D5A89 /* 6_Urwalddorf.jpg in Resources */ = {isa = PBXBuildFile; fileRef = D540240D16C3FB2B006D5A89 /* 6_Urwalddorf.jpg */; };
		D540241916C3FB2B006D5A89 /* 7_Bambusbar.jpg in Resources */ = {isa = PBXBuildFile; fileRef = D540240E16C3FB2B006D5A89 /* 7_Bambusbar.jpg */; };
		D540241A16C3FB2B006D5A89 /* 8_1 Marche-Gründergarten.jpg in Resources */ = {isa = PBXBuildFile; fileRef = D540240F16C3FB2B006D5A89 /* 8_1 Marche-Gründergarten.jpg */; };
		D540241B16C3FB2B006D5A89 /* 8_2 Marche_Innenansicht.jpg in Resources */ = {isa = PBXBuildFile; fileRef = D540241016C3FB2B006D5A89 /* 8_2 Marche_Innenansicht.jpg */; };
		D540241F16C3FEE2006D5A89 /* AGRestaurantMapViewController.m in Sources */ = {isa = PBXBuildFile; fileRef = D540241E16C3FEE2006D5A89 /* AGRestaurantMapViewController.m */; };
		D540242216C40174006D5A89 /* house.png in Resources */ = {isa = PBXBuildFile; fileRef = D540242016C40174006D5A89 /* house.png */; };
		D540242316C40174006D5A89 /* house@2x.png in Resources */ = {isa = PBXBuildFile; fileRef = D540242116C40174006D5A89 /* house@2x.png */; };
		D540244D16C48281006D5A89 /* giftshop.png in Resources */ = {isa = PBXBuildFile; fileRef = D540244C16C48281006D5A89 /* giftshop.png */; };
		D540245316C4829F006D5A89 /* animal.png in Resources */ = {isa = PBXBuildFile; fileRef = D540244E16C4829F006D5A89 /* animal.png */; };
		D540245416C4829F006D5A89 /* enclosure.png in Resources */ = {isa = PBXBuildFile; fileRef = D540244F16C4829F006D5A89 /* enclosure.png */; };
		D540245516C4829F006D5A89 /* medicare.png in Resources */ = {isa = PBXBuildFile; fileRef = D540245016C4829F006D5A89 /* medicare.png */; };
		D540245616C4829F006D5A89 /* restaurant.png in Resources */ = {isa = PBXBuildFile; fileRef = D540245116C4829F006D5A89 /* restaurant.png */; };
		D540245716C4829F006D5A89 /* toilet.png in Resources */ = {isa = PBXBuildFile; fileRef = D540245216C4829F006D5A89 /* toilet.png */; };
		D54ABA3C16BBFA36007AC6B0 /* Restaurant.m in Sources */ = {isa = PBXBuildFile; fileRef = D54ABA3B16BBFA36007AC6B0 /* Restaurant.m */; };
		D54ABA3F16BBFAC1007AC6B0 /* AGJSONParser.m in Sources */ = {isa = PBXBuildFile; fileRef = D54ABA3E16BBFAC1007AC6B0 /* AGJSONParser.m */; };
		D54ABA4E16BC7E00007AC6B0 /* AGRestaurantListViewController.m in Sources */ = {isa = PBXBuildFile; fileRef = D54ABA4D16BC7E00007AC6B0 /* AGRestaurantListViewController.m */; };
		D54ABA5516BC808D007AC6B0 /* AGAnimalListTableCell.m in Sources */ = {isa = PBXBuildFile; fileRef = D54ABA5416BC808D007AC6B0 /* AGAnimalListTableCell.m */; };
		D54ABA5816BC80F1007AC6B0 /* AGRestaurantListTableCell.m in Sources */ = {isa = PBXBuildFile; fileRef = D54ABA5716BC80F1007AC6B0 /* AGRestaurantListTableCell.m */; };
		D54ABA5A16BC8142007AC6B0 /* AGRestaurantListTableCell.xib in Resources */ = {isa = PBXBuildFile; fileRef = D54ABA5916BC8142007AC6B0 /* AGRestaurantListTableCell.xib */; };
		D54ABA5D16BC8F89007AC6B0 /* AGRestaurantDetailViewController..m in Sources */ = {isa = PBXBuildFile; fileRef = D54ABA5C16BC8F89007AC6B0 /* AGRestaurantDetailViewController..m */; };
		D54ABA6B16BD3E95007AC6B0 /* animalList.json in Resources */ = {isa = PBXBuildFile; fileRef = D54ABA6716BD3E95007AC6B0 /* animalList.json */; };
		D54ABA6C16BD3E95007AC6B0 /* enclosureList.json in Resources */ = {isa = PBXBuildFile; fileRef = D54ABA6816BD3E95007AC6B0 /* enclosureList.json */; };
		D54ABA6D16BD3E95007AC6B0 /* restaurantList.json in Resources */ = {isa = PBXBuildFile; fileRef = D54ABA6916BD3E95007AC6B0 /* restaurantList.json */; };
		D54ABA6E16BD3E95007AC6B0 /* serviceList.json in Resources */ = {isa = PBXBuildFile; fileRef = D54ABA6A16BD3E95007AC6B0 /* serviceList.json */; };
		D54ABA8116BD7E4D007AC6B0 /* Service.m in Sources */ = {isa = PBXBuildFile; fileRef = D54ABA8016BD7E4C007AC6B0 /* Service.m */; };
		D54ABA8816BD7E4E007AC6B0 /* Enclosure.m in Sources */ = {isa = PBXBuildFile; fileRef = D54ABA8716BD7E4E007AC6B0 /* Enclosure.m */; };
		D54ABA9E16BE7028007AC6B0 /* eventList.json in Resources */ = {isa = PBXBuildFile; fileRef = D54ABA9D16BE7028007AC6B0 /* eventList.json */; };
		D54ABAAF16BE89E3007AC6B0 /* Animal.m in Sources */ = {isa = PBXBuildFile; fileRef = D54ABAAE16BE89E3007AC6B0 /* Animal.m */; };
		D54ABAB216BE8A6A007AC6B0 /* Event.m in Sources */ = {isa = PBXBuildFile; fileRef = D54ABAB116BE8A6A007AC6B0 /* Event.m */; };
		D55D27FB163AEEDC00B715DB /* amurleopard.png in Resources */ = {isa = PBXBuildFile; fileRef = D55D27F5163AEEDC00B715DB /* amurleopard.png */; };
		D55D27FC163AEEDC00B715DB /* azurblauerPfeilgiftfrosch.png in Resources */ = {isa = PBXBuildFile; fileRef = D55D27F6163AEEDC00B715DB /* azurblauerPfeilgiftfrosch.png */; };
		D55D27FD163AEEDC00B715DB /* diademSeeigel.png in Resources */ = {isa = PBXBuildFile; fileRef = D55D27F7163AEEDC00B715DB /* diademSeeigel.png */; };
		D55D27FE163AEEDC00B715DB /* gruenerHundskopfschlinger.png in Resources */ = {isa = PBXBuildFile; fileRef = D55D27F8163AEEDC00B715DB /* gruenerHundskopfschlinger.png */; };
		D55D27FF163AEEDC00B715DB /* netzmuraene.png in Resources */ = {isa = PBXBuildFile; fileRef = D55D27F9163AEEDC00B715DB /* netzmuraene.png */; };
		D55D2800163AEEDC00B715DB /* roterFlamingo.png in Resources */ = {isa = PBXBuildFile; fileRef = D55D27FA163AEEDC00B715DB /* roterFlamingo.png */; };
		D55D2803163AF30E00B715DB /* rotschildgiraffe.png in Resources */ = {isa = PBXBuildFile; fileRef = D55D2802163AF30E00B715DB /* rotschildgiraffe.png */; };
		D55D2805163AF8D500B715DB /* asiatischerElefant.png in Resources */ = {isa = PBXBuildFile; fileRef = D55D2804163AF8D500B715DB /* asiatischerElefant.png */; };
		D55D2807163AF8DA00B715DB /* bonobo.png in Resources */ = {isa = PBXBuildFile; fileRef = D55D2806163AF8DA00B715DB /* bonobo.png */; };
		D55D2809163AF8E300B715DB /* zweifingerFaultier.png in Resources */ = {isa = PBXBuildFile; fileRef = D55D2808163AF8E300B715DB /* zweifingerFaultier.png */; };
		D56D513516B6F5EA00105C0C /* AGInfoEntryViewController.m in Sources */ = {isa = PBXBuildFile; fileRef = D56D513416B6F5EA00105C0C /* AGInfoEntryViewController.m */; };
		D571C75A169CAE9700C63A04 /* AGAnimalDetailViewController.m in Sources */ = {isa = PBXBuildFile; fileRef = D571C759169CAE9700C63A04 /* AGAnimalDetailViewController.m */; };
		D5AF86151638661900129120 /* Colors.m in Sources */ = {isa = PBXBuildFile; fileRef = D5AF86141638661900129120 /* Colors.m */; };
		D5B0083516314506008EB564 /* AGLocation.m in Sources */ = {isa = PBXBuildFile; fileRef = D5B0083416314506008EB564 /* AGLocation.m */; };
		D5B0084416356F15008EB564 /* AGAnimalMapViewController.m in Sources */ = {isa = PBXBuildFile; fileRef = D5B0084316356F15008EB564 /* AGAnimalMapViewController.m */; };
		D5B00853163590B7008EB564 /* Icon-72.png in Resources */ = {isa = PBXBuildFile; fileRef = D5B00852163590B6008EB564 /* Icon-72.png */; };
		D5B0085E163818BF008EB564 /* AGAnimalFilterViewController.m in Sources */ = {isa = PBXBuildFile; fileRef = D5B0085D163818BF008EB564 /* AGAnimalFilterViewController.m */; };
		D5B0086016382DFC008EB564 /* AnimalFilterTableCell.xib in Resources */ = {isa = PBXBuildFile; fileRef = D5B0085F16382DFB008EB564 /* AnimalFilterTableCell.xib */; };
		D5B0086316383021008EB564 /* AnimalFilterTableCell.m in Sources */ = {isa = PBXBuildFile; fileRef = D5B0086216383020008EB564 /* AnimalFilterTableCell.m */; };
		D5BE608716BEE4BF006DB696 /* NSString+Sorting.m in Sources */ = {isa = PBXBuildFile; fileRef = D5BE608616BEE4BF006DB696 /* NSString+Sorting.m */; };
		D5BE60B216C1E3EA006DB696 /* AGConstants.m in Sources */ = {isa = PBXBuildFile; fileRef = D5BE60B116C1E3EA006DB696 /* AGConstants.m */; };
		D5BE60C616C2A667006DB696 /* ZooItem.m in Sources */ = {isa = PBXBuildFile; fileRef = D5BE60C516C2A667006DB696 /* ZooItem.m */; };
		D5BE60C916C2B536006DB696 /* Location.m in Sources */ = {isa = PBXBuildFile; fileRef = D5BE60C816C2B536006DB696 /* Location.m */; };
		D5BE60D216C2CCB2006DB696 /* FavZooItem.m in Sources */ = {isa = PBXBuildFile; fileRef = D5BE60D116C2CCB2006DB696 /* FavZooItem.m */; };
		D5BE60DE16C2F1F5006DB696 /* FavEvent.m in Sources */ = {isa = PBXBuildFile; fileRef = D5BE60DD16C2F1F5006DB696 /* FavEvent.m */; };
		D5DDE864169B1F3F0009048B /* AGAnimalListTableCell.xib in Resources */ = {isa = PBXBuildFile; fileRef = D5DDE863169B1F3F0009048B /* AGAnimalListTableCell.xib */; };
		D5DDE875169B35100009048B /* background.jpg in Resources */ = {isa = PBXBuildFile; fileRef = D5DDE867169B35100009048B /* background.jpg */; };
		D5DDE876169B35100009048B /* background@2x.jpg in Resources */ = {isa = PBXBuildFile; fileRef = D5DDE868169B35100009048B /* background@2x.jpg */; };
		D5DDE877169B35100009048B /* latte1halb.png in Resources */ = {isa = PBXBuildFile; fileRef = D5DDE869169B35100009048B /* latte1halb.png */; };
		D5DDE878169B35100009048B /* latte1halb@2x.png in Resources */ = {isa = PBXBuildFile; fileRef = D5DDE86A169B35100009048B /* latte1halb@2x.png */; };
		D5DDE879169B35100009048B /* latte2halb.png in Resources */ = {isa = PBXBuildFile; fileRef = D5DDE86B169B35100009048B /* latte2halb.png */; };
		D5DDE87A169B35100009048B /* latte2halb@2x.png in Resources */ = {isa = PBXBuildFile; fileRef = D5DDE86C169B35100009048B /* latte2halb@2x.png */; };
		D5DDE87B169B35100009048B /* latte3halb.png in Resources */ = {isa = PBXBuildFile; fileRef = D5DDE86D169B35100009048B /* latte3halb.png */; };
		D5DDE87C169B35100009048B /* latte3halb@2x.png in Resources */ = {isa = PBXBuildFile; fileRef = D5DDE86E169B35100009048B /* latte3halb@2x.png */; };
		D5DDE885169B36F70009048B /* latte0halb.png in Resources */ = {isa = PBXBuildFile; fileRef = D5DDE883169B36F70009048B /* latte0halb.png */; };
		D5DDE886169B36F70009048B /* latte0halb@2x.png in Resources */ = {isa = PBXBuildFile; fileRef = D5DDE884169B36F70009048B /* latte0halb@2x.png */; };
		D5DDE889169B37B80009048B /* latte4halb.png in Resources */ = {isa = PBXBuildFile; fileRef = D5DDE887169B37B80009048B /* latte4halb.png */; };
		D5DDE88A169B37B80009048B /* latte4halb@2x.png in Resources */ = {isa = PBXBuildFile; fileRef = D5DDE888169B37B80009048B /* latte4halb@2x.png */; };
		D5F31B8216B2ECD9005A798A /* Styles.css in Resources */ = {isa = PBXBuildFile; fileRef = D5F31B8116B2ECD9005A798A /* Styles.css */; };
		D5F31B8616B2ED61005A798A /* AGInfoDetailWebViewController.m in Sources */ = {isa = PBXBuildFile; fileRef = D5F31B8516B2ED61005A798A /* AGInfoDetailWebViewController.m */; };
		D5F31B9516B2F27F005A798A /* lockers.html in Resources */ = {isa = PBXBuildFile; fileRef = D5F31B9216B2F27F005A798A /* lockers.html */; };
		D5F31B9616B2F27F005A798A /* openingHours.html in Resources */ = {isa = PBXBuildFile; fileRef = D5F31B9316B2F27F005A798A /* openingHours.html */; };
		D5F31B9716B2F27F005A798A /* prices.html in Resources */ = {isa = PBXBuildFile; fileRef = D5F31B9416B2F27F005A798A /* prices.html */; };
		D5F31B9916B2F2AA005A798A /* wheelchairAccess.html in Resources */ = {isa = PBXBuildFile; fileRef = D5F31B9816B2F2AA005A798A /* wheelchairAccess.html */; };
		D5F31B9F16B2F316005A798A /* kidsService.html in Resources */ = {isa = PBXBuildFile; fileRef = D5F31B9E16B2F316005A798A /* kidsService.html */; };
		D5F31BA316B2F351005A798A /* events.html in Resources */ = {isa = PBXBuildFile; fileRef = D5F31BA216B2F351005A798A /* events.html */; };
		D5F31BA516B2F366005A798A /* guidedTours.html in Resources */ = {isa = PBXBuildFile; fileRef = D5F31BA416B2F366005A798A /* guidedTours.html */; };
		D5F31BA716B2F47E005A798A /* zooRules.html in Resources */ = {isa = PBXBuildFile; fileRef = D5F31BA616B2F47E005A798A /* zooRules.html */; };
		D5F31BBB16B42BE9005A798A /* QuartzCore.framework in Frameworks */ = {isa = PBXBuildFile; fileRef = D5F31BBA16B42BE8005A798A /* QuartzCore.framework */; };
		D5F31BBD16B42BF7005A798A /* SystemConfiguration.framework in Frameworks */ = {isa = PBXBuildFile; fileRef = D5F31BBC16B42BF7005A798A /* SystemConfiguration.framework */; };
		D5F31C0A16B56039005A798A /* HockeySDK.framework in Frameworks */ = {isa = PBXBuildFile; fileRef = D5F31C0616B56039005A798A /* HockeySDK.framework */; };
		D5F31C0B16B56039005A798A /* HockeySDK.xcconfig in Resources */ = {isa = PBXBuildFile; fileRef = D5F31C0816B56039005A798A /* HockeySDK.xcconfig */; };
		D5F31C0C16B56039005A798A /* HockeySDKResources.bundle in Resources */ = {isa = PBXBuildFile; fileRef = D5F31C0916B56039005A798A /* HockeySDKResources.bundle */; };
/* End PBXBuildFile section */

/* Begin PBXFileReference section */
		D5135B42162F077700743CC5 /* ZooApp.app */ = {isa = PBXFileReference; explicitFileType = wrapper.application; includeInIndex = 0; path = ZooApp.app; sourceTree = BUILT_PRODUCTS_DIR; };
		D5135B46162F077700743CC5 /* UIKit.framework */ = {isa = PBXFileReference; lastKnownFileType = wrapper.framework; name = UIKit.framework; path = System/Library/Frameworks/UIKit.framework; sourceTree = SDKROOT; };
		D5135B48162F077700743CC5 /* Foundation.framework */ = {isa = PBXFileReference; lastKnownFileType = wrapper.framework; name = Foundation.framework; path = System/Library/Frameworks/Foundation.framework; sourceTree = SDKROOT; };
		D5135B4A162F077700743CC5 /* CoreGraphics.framework */ = {isa = PBXFileReference; lastKnownFileType = wrapper.framework; name = CoreGraphics.framework; path = System/Library/Frameworks/CoreGraphics.framework; sourceTree = SDKROOT; };
		D5135B4E162F077700743CC5 /* ZooApp-Info.plist */ = {isa = PBXFileReference; lastKnownFileType = text.plist.xml; path = "ZooApp-Info.plist"; sourceTree = "<group>"; };
		D5135B50162F077700743CC5 /* en */ = {isa = PBXFileReference; lastKnownFileType = text.plist.strings; name = en; path = en.lproj/InfoPlist.strings; sourceTree = "<group>"; };
		D5135B52162F077700743CC5 /* main.m */ = {isa = PBXFileReference; lastKnownFileType = sourcecode.c.objc; path = main.m; sourceTree = "<group>"; };
		D5135B54162F077700743CC5 /* ZooApp-Prefix.pch */ = {isa = PBXFileReference; lastKnownFileType = sourcecode.c.h; path = "ZooApp-Prefix.pch"; sourceTree = "<group>"; };
		D5135B55162F077700743CC5 /* AppDelegate.h */ = {isa = PBXFileReference; lastKnownFileType = sourcecode.c.h; path = AppDelegate.h; sourceTree = "<group>"; };
		D5135B56162F077700743CC5 /* AppDelegate.m */ = {isa = PBXFileReference; lastKnownFileType = sourcecode.c.objc; path = AppDelegate.m; sourceTree = "<group>"; };
		D5135B58162F077700743CC5 /* Default.png */ = {isa = PBXFileReference; lastKnownFileType = image.png; path = Default.png; sourceTree = "<group>"; };
		D5135B5A162F077700743CC5 /* Default@2x.png */ = {isa = PBXFileReference; lastKnownFileType = image.png; path = "Default@2x.png"; sourceTree = "<group>"; };
		D5135B5C162F077700743CC5 /* Default-568h@2x.png */ = {isa = PBXFileReference; lastKnownFileType = image.png; path = "Default-568h@2x.png"; sourceTree = "<group>"; };
		D5135B66162F0E0000743CC5 /* Storyboard.storyboard */ = {isa = PBXFileReference; fileEncoding = 4; lastKnownFileType = file.storyboard; path = Storyboard.storyboard; sourceTree = "<group>"; };
		D5135B69162FEDFC00743CC5 /* MapViewController.h */ = {isa = PBXFileReference; fileEncoding = 4; lastKnownFileType = sourcecode.c.h; name = MapViewController.h; path = ViewController/MapViewController.h; sourceTree = "<group>"; };
		D5135B6A162FEDFC00743CC5 /* MapViewController.m */ = {isa = PBXFileReference; fileEncoding = 4; lastKnownFileType = sourcecode.c.objc; name = MapViewController.m; path = ViewController/MapViewController.m; sourceTree = "<group>"; };
		D5135B6C162FEE0D00743CC5 /* AGAnimalListViewController.h */ = {isa = PBXFileReference; fileEncoding = 4; lastKnownFileType = sourcecode.c.h; name = AGAnimalListViewController.h; path = ViewController/AGAnimalListViewController.h; sourceTree = "<group>"; };
		D5135B6D162FEE0E00743CC5 /* AGAnimalListViewController.m */ = {isa = PBXFileReference; fileEncoding = 4; lastKnownFileType = sourcecode.c.objc; name = AGAnimalListViewController.m; path = ViewController/AGAnimalListViewController.m; sourceTree = "<group>"; };
		D5135B6F162FEEB600743CC5 /* MapKit.framework */ = {isa = PBXFileReference; lastKnownFileType = wrapper.framework; name = MapKit.framework; path = System/Library/Frameworks/MapKit.framework; sourceTree = SDKROOT; };
		D5135B71162FEECD00743CC5 /* CoreLocation.framework */ = {isa = PBXFileReference; lastKnownFileType = wrapper.framework; name = CoreLocation.framework; path = System/Library/Frameworks/CoreLocation.framework; sourceTree = SDKROOT; };
		D513C3C416A388460096616D /* AGInfoListViewController.h */ = {isa = PBXFileReference; fileEncoding = 4; lastKnownFileType = sourcecode.c.h; name = AGInfoListViewController.h; path = ViewController/AGInfoListViewController.h; sourceTree = "<group>"; };
		D513C3C516A388460096616D /* AGInfoListViewController.m */ = {isa = PBXFileReference; fileEncoding = 4; lastKnownFileType = sourcecode.c.objc; name = AGInfoListViewController.m; path = ViewController/AGInfoListViewController.m; sourceTree = "<group>"; };
		D513C3D916A60CB00096616D /* AGCompassView.h */ = {isa = PBXFileReference; fileEncoding = 4; lastKnownFileType = sourcecode.c.h; name = AGCompassView.h; path = ../ViewController/AGCompassView.h; sourceTree = "<group>"; };
		D513C3DA16A60CB00096616D /* AGCompassView.m */ = {isa = PBXFileReference; fileEncoding = 4; lastKnownFileType = sourcecode.c.objc; name = AGCompassView.m; path = ../ViewController/AGCompassView.m; sourceTree = "<group>"; };
		D513C3EC16A614810096616D /* AGStringUtilities.h */ = {isa = PBXFileReference; fileEncoding = 4; lastKnownFileType = sourcecode.c.h; name = AGStringUtilities.h; path = Helper/AGStringUtilities.h; sourceTree = "<group>"; };
		D513C3ED16A614810096616D /* AGStringUtilities.m */ = {isa = PBXFileReference; fileEncoding = 4; lastKnownFileType = sourcecode.c.objc; name = AGStringUtilities.m; path = Helper/AGStringUtilities.m; sourceTree = "<group>"; };
		D513C3FC16A75E970096616D /* Model.xcdatamodel */ = {isa = PBXFileReference; lastKnownFileType = wrapper.xcdatamodel; path = Model.xcdatamodel; sourceTree = "<group>"; };
		D513C44216ADF6CE0096616D /* CoreData.framework */ = {isa = PBXFileReference; lastKnownFileType = wrapper.framework; name = CoreData.framework; path = System/Library/Frameworks/CoreData.framework; sourceTree = SDKROOT; };
		D513C44F16AE2E760096616D /* AGFavManager.h */ = {isa = PBXFileReference; fileEncoding = 4; lastKnownFileType = sourcecode.c.h; name = AGFavManager.h; path = UserData/AGFavManager.h; sourceTree = "<group>"; };
		D513C45016AE2E760096616D /* AGFavManager.m */ = {isa = PBXFileReference; fileEncoding = 4; lastKnownFileType = sourcecode.c.objc; name = AGFavManager.m; path = UserData/AGFavManager.m; sourceTree = "<group>"; };
		D513C45B16AEC2CC0096616D /* AGAlertView.h */ = {isa = PBXFileReference; fileEncoding = 4; lastKnownFileType = sourcecode.c.h; name = AGAlertView.h; path = Helper/AGAlertView.h; sourceTree = "<group>"; };
		D513C45C16AEC2CC0096616D /* AGAlertView.m */ = {isa = PBXFileReference; fileEncoding = 4; lastKnownFileType = sourcecode.c.objc; name = AGAlertView.m; path = Helper/AGAlertView.m; sourceTree = "<group>"; };
		D513C46D16AEF57B0096616D /* AGMyZooListViewController.h */ = {isa = PBXFileReference; fileEncoding = 4; lastKnownFileType = sourcecode.c.h; name = AGMyZooListViewController.h; path = ViewController/AGMyZooListViewController.h; sourceTree = "<group>"; };
		D513C46E16AEF57B0096616D /* AGMyZooListViewController.m */ = {isa = PBXFileReference; fileEncoding = 4; lastKnownFileType = sourcecode.c.objc; name = AGMyZooListViewController.m; path = ViewController/AGMyZooListViewController.m; sourceTree = "<group>"; };
		D513C47916AEF8DC0096616D /* AGCoreDataHelper.h */ = {isa = PBXFileReference; lastKnownFileType = sourcecode.c.h; name = AGCoreDataHelper.h; path = Helper/AGCoreDataHelper.h; sourceTree = "<group>"; };
		D513C47A16AEF8DC0096616D /* AGCoreDataHelper.m */ = {isa = PBXFileReference; lastKnownFileType = sourcecode.c.objc; name = AGCoreDataHelper.m; path = Helper/AGCoreDataHelper.m; sourceTree = "<group>"; };
		D513C47F16AF2CB20096616D /* AGInfoDetailViewController.h */ = {isa = PBXFileReference; fileEncoding = 4; lastKnownFileType = sourcecode.c.h; name = AGInfoDetailViewController.h; path = ViewController/AGInfoDetailViewController.h; sourceTree = "<group>"; };
		D513C48016AF2CB20096616D /* AGInfoDetailViewController.m */ = {isa = PBXFileReference; fileEncoding = 4; lastKnownFileType = sourcecode.c.objc; name = AGInfoDetailViewController.m; path = ViewController/AGInfoDetailViewController.m; sourceTree = "<group>"; };
		D54023A416C3CB07006D5A89 /* book.png */ = {isa = PBXFileReference; lastKnownFileType = image.png; path = book.png; sourceTree = "<group>"; };
		D54023A516C3CB07006D5A89 /* book@2x.png */ = {isa = PBXFileReference; lastKnownFileType = image.png; path = "book@2x.png"; sourceTree = "<group>"; };
		D54023A616C3CB07006D5A89 /* chalkboard.png */ = {isa = PBXFileReference; lastKnownFileType = image.png; path = chalkboard.png; sourceTree = "<group>"; };
		D54023A716C3CB07006D5A89 /* chalkboard@2x.png */ = {isa = PBXFileReference; lastKnownFileType = image.png; path = "chalkboard@2x.png"; sourceTree = "<group>"; };
		D54023A816C3CB07006D5A89 /* clock.png */ = {isa = PBXFileReference; lastKnownFileType = image.png; path = clock.png; sourceTree = "<group>"; };
		D54023A916C3CB07006D5A89 /* clock@2x.png */ = {isa = PBXFileReference; lastKnownFileType = image.png; path = "clock@2x.png"; sourceTree = "<group>"; };
		D54023AA16C3CB07006D5A89 /* compass.png */ = {isa = PBXFileReference; lastKnownFileType = image.png; path = compass.png; sourceTree = "<group>"; };
		D54023AB16C3CB07006D5A89 /* compass5050.png */ = {isa = PBXFileReference; lastKnownFileType = image.png; path = compass5050.png; sourceTree = "<group>"; };
		D54023AC16C3CB07006D5A89 /* compass5050@2x.png */ = {isa = PBXFileReference; lastKnownFileType = image.png; path = "compass5050@2x.png"; sourceTree = "<group>"; };
		D54023AD16C3CB07006D5A89 /* compass@2x.png */ = {isa = PBXFileReference; lastKnownFileType = image.png; path = "compass@2x.png"; sourceTree = "<group>"; };
		D54023AE16C3CB07006D5A89 /* compassClear.png */ = {isa = PBXFileReference; lastKnownFileType = image.png; path = compassClear.png; sourceTree = "<group>"; };
		D54023AF16C3CB07006D5A89 /* compassClear@2x.png */ = {isa = PBXFileReference; lastKnownFileType = image.png; path = "compassClear@2x.png"; sourceTree = "<group>"; };
		D54023B016C3CB07006D5A89 /* lightbulb.png */ = {isa = PBXFileReference; lastKnownFileType = image.png; path = lightbulb.png; sourceTree = "<group>"; };
		D54023B116C3CB07006D5A89 /* lightbulb@2x.png */ = {isa = PBXFileReference; lastKnownFileType = image.png; path = "lightbulb@2x.png"; sourceTree = "<group>"; };
		D54023B216C3CB07006D5A89 /* rahmen.png */ = {isa = PBXFileReference; lastKnownFileType = image.png; path = rahmen.png; sourceTree = "<group>"; };
		D54023B316C3CB07006D5A89 /* rahmen@2x.png */ = {isa = PBXFileReference; lastKnownFileType = image.png; path = "rahmen@2x.png"; sourceTree = "<group>"; };
		D54023C516C3CB1E006D5A89 /* goldStarFav.png */ = {isa = PBXFileReference; lastKnownFileType = image.png; path = goldStarFav.png; sourceTree = "<group>"; };
		D54023C616C3CB1E006D5A89 /* goldStarFav@2x.png */ = {isa = PBXFileReference; lastKnownFileType = image.png; path = "goldStarFav@2x.png"; sourceTree = "<group>"; };
		D54023C716C3CB1E006D5A89 /* greyStarFav.png */ = {isa = PBXFileReference; lastKnownFileType = image.png; path = greyStarFav.png; sourceTree = "<group>"; };
		D54023C816C3CB1E006D5A89 /* greyStarFav@2x.png */ = {isa = PBXFileReference; lastKnownFileType = image.png; path = "greyStarFav@2x.png"; sourceTree = "<group>"; };
		D54023C916C3CB1E006D5A89 /* star.png */ = {isa = PBXFileReference; lastKnownFileType = image.png; path = star.png; sourceTree = "<group>"; };
		D54023CA16C3CB1E006D5A89 /* star@2x.png */ = {isa = PBXFileReference; lastKnownFileType = image.png; path = "star@2x.png"; sourceTree = "<group>"; };
		D54023CB16C3CB1E006D5A89 /* whiteStarFav.png */ = {isa = PBXFileReference; lastKnownFileType = image.png; path = whiteStarFav.png; sourceTree = "<group>"; };
		D54023CC16C3CB1E006D5A89 /* whiteStarFav@2x.png */ = {isa = PBXFileReference; lastKnownFileType = image.png; path = "whiteStarFav@2x.png"; sourceTree = "<group>"; };
		D54023D616C3CB2B006D5A89 /* africa.png */ = {isa = PBXFileReference; lastKnownFileType = image.png; path = africa.png; sourceTree = "<group>"; };
		D54023D716C3CB2B006D5A89 /* allAnimals.png */ = {isa = PBXFileReference; lastKnownFileType = image.png; path = allAnimals.png; sourceTree = "<group>"; };
		D54023D816C3CB2B006D5A89 /* amphibians.png */ = {isa = PBXFileReference; lastKnownFileType = image.png; path = amphibians.png; sourceTree = "<group>"; };
		D54023D916C3CB2B006D5A89 /* asia.png */ = {isa = PBXFileReference; lastKnownFileType = image.png; path = asia.png; sourceTree = "<group>"; };
		D54023DA16C3CB2B006D5A89 /* birds.png */ = {isa = PBXFileReference; lastKnownFileType = image.png; path = birds.png; sourceTree = "<group>"; };
		D54023DB16C3CB2B006D5A89 /* fish.png */ = {isa = PBXFileReference; lastKnownFileType = image.png; path = fish.png; sourceTree = "<group>"; };
		D54023DC16C3CB2B006D5A89 /* foundersGarden.png */ = {isa = PBXFileReference; lastKnownFileType = image.png; path = foundersGarden.png; sourceTree = "<group>"; };
		D54023DD16C3CB2B006D5A89 /* gondwanaland.png */ = {isa = PBXFileReference; lastKnownFileType = image.png; path = gondwanaland.png; sourceTree = "<group>"; };
		D54023DE16C3CB2B006D5A89 /* invertebrates.png */ = {isa = PBXFileReference; lastKnownFileType = image.png; path = invertebrates.png; sourceTree = "<group>"; };
		D54023DF16C3CB2B006D5A89 /* mammals.png */ = {isa = PBXFileReference; lastKnownFileType = image.png; path = mammals.png; sourceTree = "<group>"; };
		D54023E016C3CB2B006D5A89 /* pongoland.png */ = {isa = PBXFileReference; lastKnownFileType = image.png; path = pongoland.png; sourceTree = "<group>"; };
		D54023E116C3CB2B006D5A89 /* reptiles.png */ = {isa = PBXFileReference; lastKnownFileType = image.png; path = reptiles.png; sourceTree = "<group>"; };
		D54023E216C3CB2B006D5A89 /* southAmerica.png */ = {isa = PBXFileReference; lastKnownFileType = image.png; path = southAmerica.png; sourceTree = "<group>"; };
		D54023F116C3CB3C006D5A89 /* info.png */ = {isa = PBXFileReference; lastKnownFileType = image.png; path = info.png; sourceTree = "<group>"; };
		D54023F216C3CB3C006D5A89 /* info@2x.png */ = {isa = PBXFileReference; lastKnownFileType = image.png; path = "info@2x.png"; sourceTree = "<group>"; };
		D54023F316C3CB3C006D5A89 /* map.png */ = {isa = PBXFileReference; lastKnownFileType = image.png; path = map.png; sourceTree = "<group>"; };
		D54023F416C3CB3C006D5A89 /* map@2x.png */ = {isa = PBXFileReference; lastKnownFileType = image.png; path = "map@2x.png"; sourceTree = "<group>"; };
		D54023F516C3CB3C006D5A89 /* paw.png */ = {isa = PBXFileReference; lastKnownFileType = image.png; path = paw.png; sourceTree = "<group>"; };
		D54023F616C3CB3C006D5A89 /* paw@2x.png */ = {isa = PBXFileReference; lastKnownFileType = image.png; path = "paw@2x.png"; sourceTree = "<group>"; };
		D54023F716C3CB3C006D5A89 /* user.png */ = {isa = PBXFileReference; lastKnownFileType = image.png; path = user.png; sourceTree = "<group>"; };
		D54023F816C3CB3C006D5A89 /* user@2x.png */ = {isa = PBXFileReference; lastKnownFileType = image.png; path = "user@2x.png"; sourceTree = "<group>"; };
		D540240616C3FB2B006D5A89 /* 1_1 Hacienda_Aussenansicht.jpg */ = {isa = PBXFileReference; lastKnownFileType = image.jpeg; path = "1_1 Hacienda_Aussenansicht.jpg"; sourceTree = "<group>"; };
		D540240716C3FB2B006D5A89 /* 2_1 Kiwara_Lodge_Außenansicht.jpg */ = {isa = PBXFileReference; lastKnownFileType = image.jpeg; path = "2_1 Kiwara_Lodge_Außenansicht.jpg"; sourceTree = "<group>"; };
		D540240816C3FB2B006D5A89 /* 2_2 Kiwara_Lodge_Innenansicht.jpg */ = {isa = PBXFileReference; lastKnownFileType = image.jpeg; path = "2_2 Kiwara_Lodge_Innenansicht.jpg"; sourceTree = "<group>"; };
		D540240916C3FB2B006D5A89 /* 3_1 Patakan_Außenansicht.jpg */ = {isa = PBXFileReference; lastKnownFileType = image.jpeg; path = "3_1 Patakan_Außenansicht.jpg"; sourceTree = "<group>"; };
		D540240A16C3FB2B006D5A89 /* 3_2 Patakan_Innenansicht.jpg */ = {isa = PBXFileReference; lastKnownFileType = image.jpeg; path = "3_2 Patakan_Innenansicht.jpg"; sourceTree = "<group>"; };
		D540240C16C3FB2B006D5A89 /* 5_Teichcafe.jpg */ = {isa = PBXFileReference; lastKnownFileType = image.jpeg; path = 5_Teichcafe.jpg; sourceTree = "<group>"; };
		D540240D16C3FB2B006D5A89 /* 6_Urwalddorf.jpg */ = {isa = PBXFileReference; lastKnownFileType = image.jpeg; path = 6_Urwalddorf.jpg; sourceTree = "<group>"; };
		D540240E16C3FB2B006D5A89 /* 7_Bambusbar.jpg */ = {isa = PBXFileReference; lastKnownFileType = image.jpeg; path = 7_Bambusbar.jpg; sourceTree = "<group>"; };
		D540240F16C3FB2B006D5A89 /* 8_1 Marche-Gründergarten.jpg */ = {isa = PBXFileReference; lastKnownFileType = image.jpeg; path = "8_1 Marche-Gründergarten.jpg"; sourceTree = "<group>"; };
		D540241016C3FB2B006D5A89 /* 8_2 Marche_Innenansicht.jpg */ = {isa = PBXFileReference; lastKnownFileType = image.jpeg; path = "8_2 Marche_Innenansicht.jpg"; sourceTree = "<group>"; };
		D540241D16C3FEE2006D5A89 /* AGRestaurantMapViewController.h */ = {isa = PBXFileReference; fileEncoding = 4; lastKnownFileType = sourcecode.c.h; name = AGRestaurantMapViewController.h; path = ViewController/AGRestaurantMapViewController.h; sourceTree = "<group>"; };
		D540241E16C3FEE2006D5A89 /* AGRestaurantMapViewController.m */ = {isa = PBXFileReference; fileEncoding = 4; lastKnownFileType = sourcecode.c.objc; name = AGRestaurantMapViewController.m; path = ViewController/AGRestaurantMapViewController.m; sourceTree = "<group>"; };
		D540242016C40174006D5A89 /* house.png */ = {isa = PBXFileReference; lastKnownFileType = image.png; path = house.png; sourceTree = "<group>"; };
		D540242116C40174006D5A89 /* house@2x.png */ = {isa = PBXFileReference; lastKnownFileType = image.png; path = "house@2x.png"; sourceTree = "<group>"; };
		D540244C16C48281006D5A89 /* giftshop.png */ = {isa = PBXFileReference; lastKnownFileType = image.png; path = giftshop.png; sourceTree = "<group>"; };
		D540244E16C4829F006D5A89 /* animal.png */ = {isa = PBXFileReference; lastKnownFileType = image.png; path = animal.png; sourceTree = "<group>"; };
		D540244F16C4829F006D5A89 /* enclosure.png */ = {isa = PBXFileReference; lastKnownFileType = image.png; path = enclosure.png; sourceTree = "<group>"; };
		D540245016C4829F006D5A89 /* medicare.png */ = {isa = PBXFileReference; lastKnownFileType = image.png; path = medicare.png; sourceTree = "<group>"; };
		D540245116C4829F006D5A89 /* restaurant.png */ = {isa = PBXFileReference; lastKnownFileType = image.png; path = restaurant.png; sourceTree = "<group>"; };
		D540245216C4829F006D5A89 /* toilet.png */ = {isa = PBXFileReference; lastKnownFileType = image.png; path = toilet.png; sourceTree = "<group>"; };
		D54ABA3A16BBFA36007AC6B0 /* Restaurant.h */ = {isa = PBXFileReference; fileEncoding = 4; lastKnownFileType = sourcecode.c.h; name = Restaurant.h; path = Entities/Restaurant.h; sourceTree = "<group>"; };
		D54ABA3B16BBFA36007AC6B0 /* Restaurant.m */ = {isa = PBXFileReference; fileEncoding = 4; lastKnownFileType = sourcecode.c.objc; name = Restaurant.m; path = Entities/Restaurant.m; sourceTree = "<group>"; };
		D54ABA3D16BBFAC1007AC6B0 /* AGJSONParser.h */ = {isa = PBXFileReference; fileEncoding = 4; lastKnownFileType = sourcecode.c.h; name = AGJSONParser.h; path = Helper/AGJSONParser.h; sourceTree = "<group>"; };
		D54ABA3E16BBFAC1007AC6B0 /* AGJSONParser.m */ = {isa = PBXFileReference; fileEncoding = 4; lastKnownFileType = sourcecode.c.objc; name = AGJSONParser.m; path = Helper/AGJSONParser.m; sourceTree = "<group>"; };
		D54ABA4C16BC7E00007AC6B0 /* AGRestaurantListViewController.h */ = {isa = PBXFileReference; fileEncoding = 4; lastKnownFileType = sourcecode.c.h; name = AGRestaurantListViewController.h; path = ViewController/AGRestaurantListViewController.h; sourceTree = "<group>"; };
		D54ABA4D16BC7E00007AC6B0 /* AGRestaurantListViewController.m */ = {isa = PBXFileReference; fileEncoding = 4; lastKnownFileType = sourcecode.c.objc; name = AGRestaurantListViewController.m; path = ViewController/AGRestaurantListViewController.m; sourceTree = "<group>"; };
		D54ABA5316BC808D007AC6B0 /* AGAnimalListTableCell.h */ = {isa = PBXFileReference; fileEncoding = 4; lastKnownFileType = sourcecode.c.h; name = AGAnimalListTableCell.h; path = ViewController/AGAnimalListTableCell.h; sourceTree = "<group>"; };
		D54ABA5416BC808D007AC6B0 /* AGAnimalListTableCell.m */ = {isa = PBXFileReference; fileEncoding = 4; lastKnownFileType = sourcecode.c.objc; name = AGAnimalListTableCell.m; path = ViewController/AGAnimalListTableCell.m; sourceTree = "<group>"; };
		D54ABA5616BC80F1007AC6B0 /* AGRestaurantListTableCell.h */ = {isa = PBXFileReference; fileEncoding = 4; lastKnownFileType = sourcecode.c.h; name = AGRestaurantListTableCell.h; path = ViewController/AGRestaurantListTableCell.h; sourceTree = "<group>"; };
		D54ABA5716BC80F1007AC6B0 /* AGRestaurantListTableCell.m */ = {isa = PBXFileReference; fileEncoding = 4; lastKnownFileType = sourcecode.c.objc; name = AGRestaurantListTableCell.m; path = ViewController/AGRestaurantListTableCell.m; sourceTree = "<group>"; };
		D54ABA5916BC8142007AC6B0 /* AGRestaurantListTableCell.xib */ = {isa = PBXFileReference; fileEncoding = 4; lastKnownFileType = file.xib; name = AGRestaurantListTableCell.xib; path = ViewController/AGRestaurantListTableCell.xib; sourceTree = "<group>"; };
		D54ABA5B16BC8F88007AC6B0 /* AGRestaurantDetailViewController.h */ = {isa = PBXFileReference; fileEncoding = 4; lastKnownFileType = sourcecode.c.h; name = AGRestaurantDetailViewController.h; path = ViewController/AGRestaurantDetailViewController.h; sourceTree = "<group>"; };
		D54ABA5C16BC8F89007AC6B0 /* AGRestaurantDetailViewController..m */ = {isa = PBXFileReference; fileEncoding = 4; lastKnownFileType = sourcecode.c.objc; name = AGRestaurantDetailViewController..m; path = ViewController/AGRestaurantDetailViewController..m; sourceTree = "<group>"; };
		D54ABA6716BD3E95007AC6B0 /* animalList.json */ = {isa = PBXFileReference; fileEncoding = 4; lastKnownFileType = text.json; path = animalList.json; sourceTree = "<group>"; };
		D54ABA6816BD3E95007AC6B0 /* enclosureList.json */ = {isa = PBXFileReference; fileEncoding = 4; lastKnownFileType = text.json; path = enclosureList.json; sourceTree = "<group>"; };
		D54ABA6916BD3E95007AC6B0 /* restaurantList.json */ = {isa = PBXFileReference; fileEncoding = 4; lastKnownFileType = text.json; path = restaurantList.json; sourceTree = "<group>"; };
		D54ABA6A16BD3E95007AC6B0 /* serviceList.json */ = {isa = PBXFileReference; fileEncoding = 4; lastKnownFileType = text.json; path = serviceList.json; sourceTree = "<group>"; };
		D54ABA7F16BD7E4C007AC6B0 /* Service.h */ = {isa = PBXFileReference; fileEncoding = 4; lastKnownFileType = sourcecode.c.h; name = Service.h; path = Entities/Service.h; sourceTree = "<group>"; };
		D54ABA8016BD7E4C007AC6B0 /* Service.m */ = {isa = PBXFileReference; fileEncoding = 4; lastKnownFileType = sourcecode.c.objc; name = Service.m; path = Entities/Service.m; sourceTree = "<group>"; };
		D54ABA8616BD7E4E007AC6B0 /* Enclosure.h */ = {isa = PBXFileReference; fileEncoding = 4; lastKnownFileType = sourcecode.c.h; name = Enclosure.h; path = Entities/Enclosure.h; sourceTree = "<group>"; };
		D54ABA8716BD7E4E007AC6B0 /* Enclosure.m */ = {isa = PBXFileReference; fileEncoding = 4; lastKnownFileType = sourcecode.c.objc; name = Enclosure.m; path = Entities/Enclosure.m; sourceTree = "<group>"; };
		D54ABA9D16BE7028007AC6B0 /* eventList.json */ = {isa = PBXFileReference; fileEncoding = 4; lastKnownFileType = text.json; path = eventList.json; sourceTree = "<group>"; };
		D54ABAAD16BE89E3007AC6B0 /* Animal.h */ = {isa = PBXFileReference; fileEncoding = 4; lastKnownFileType = sourcecode.c.h; name = Animal.h; path = Entities/Animal.h; sourceTree = "<group>"; };
		D54ABAAE16BE89E3007AC6B0 /* Animal.m */ = {isa = PBXFileReference; fileEncoding = 4; lastKnownFileType = sourcecode.c.objc; name = Animal.m; path = Entities/Animal.m; sourceTree = "<group>"; };
		D54ABAB016BE8A6A007AC6B0 /* Event.h */ = {isa = PBXFileReference; fileEncoding = 4; lastKnownFileType = sourcecode.c.h; name = Event.h; path = Entities/Event.h; sourceTree = "<group>"; };
		D54ABAB116BE8A6A007AC6B0 /* Event.m */ = {isa = PBXFileReference; fileEncoding = 4; lastKnownFileType = sourcecode.c.objc; name = Event.m; path = Entities/Event.m; sourceTree = "<group>"; };
		D55D27F5163AEEDC00B715DB /* amurleopard.png */ = {isa = PBXFileReference; lastKnownFileType = image.png; path = amurleopard.png; sourceTree = "<group>"; };
		D55D27F6163AEEDC00B715DB /* azurblauerPfeilgiftfrosch.png */ = {isa = PBXFileReference; lastKnownFileType = image.png; path = azurblauerPfeilgiftfrosch.png; sourceTree = "<group>"; };
		D55D27F7163AEEDC00B715DB /* diademSeeigel.png */ = {isa = PBXFileReference; lastKnownFileType = image.png; path = diademSeeigel.png; sourceTree = "<group>"; };
		D55D27F8163AEEDC00B715DB /* gruenerHundskopfschlinger.png */ = {isa = PBXFileReference; lastKnownFileType = image.png; path = gruenerHundskopfschlinger.png; sourceTree = "<group>"; };
		D55D27F9163AEEDC00B715DB /* netzmuraene.png */ = {isa = PBXFileReference; lastKnownFileType = image.png; path = netzmuraene.png; sourceTree = "<group>"; };
		D55D27FA163AEEDC00B715DB /* roterFlamingo.png */ = {isa = PBXFileReference; lastKnownFileType = image.png; path = roterFlamingo.png; sourceTree = "<group>"; };
		D55D2802163AF30E00B715DB /* rotschildgiraffe.png */ = {isa = PBXFileReference; lastKnownFileType = image.png; path = rotschildgiraffe.png; sourceTree = "<group>"; };
		D55D2804163AF8D500B715DB /* asiatischerElefant.png */ = {isa = PBXFileReference; lastKnownFileType = image.png; path = asiatischerElefant.png; sourceTree = "<group>"; };
		D55D2806163AF8DA00B715DB /* bonobo.png */ = {isa = PBXFileReference; lastKnownFileType = image.png; path = bonobo.png; sourceTree = "<group>"; };
		D55D2808163AF8E300B715DB /* zweifingerFaultier.png */ = {isa = PBXFileReference; lastKnownFileType = image.png; path = zweifingerFaultier.png; sourceTree = "<group>"; };
		D56D513316B6F5EA00105C0C /* AGInfoEntryViewController.h */ = {isa = PBXFileReference; fileEncoding = 4; lastKnownFileType = sourcecode.c.h; name = AGInfoEntryViewController.h; path = ViewController/AGInfoEntryViewController.h; sourceTree = "<group>"; };
		D56D513416B6F5EA00105C0C /* AGInfoEntryViewController.m */ = {isa = PBXFileReference; fileEncoding = 4; lastKnownFileType = sourcecode.c.objc; name = AGInfoEntryViewController.m; path = ViewController/AGInfoEntryViewController.m; sourceTree = "<group>"; };
		D571C758169CAE9700C63A04 /* AGAnimalDetailViewController.h */ = {isa = PBXFileReference; fileEncoding = 4; lastKnownFileType = sourcecode.c.h; name = AGAnimalDetailViewController.h; path = ViewController/AGAnimalDetailViewController.h; sourceTree = "<group>"; };
		D571C759169CAE9700C63A04 /* AGAnimalDetailViewController.m */ = {isa = PBXFileReference; fileEncoding = 4; lastKnownFileType = sourcecode.c.objc; name = AGAnimalDetailViewController.m; path = ViewController/AGAnimalDetailViewController.m; sourceTree = "<group>"; };
		D5AF86131638661900129120 /* Colors.h */ = {isa = PBXFileReference; fileEncoding = 4; lastKnownFileType = sourcecode.c.h; path = Colors.h; sourceTree = "<group>"; };
		D5AF86141638661900129120 /* Colors.m */ = {isa = PBXFileReference; fileEncoding = 4; lastKnownFileType = sourcecode.c.objc; path = Colors.m; sourceTree = "<group>"; };
		D5B0083316314506008EB564 /* AGLocation.h */ = {isa = PBXFileReference; fileEncoding = 4; lastKnownFileType = sourcecode.c.h; path = AGLocation.h; sourceTree = "<group>"; };
		D5B0083416314506008EB564 /* AGLocation.m */ = {isa = PBXFileReference; fileEncoding = 4; lastKnownFileType = sourcecode.c.objc; path = AGLocation.m; sourceTree = "<group>"; };
		D5B0084216356F15008EB564 /* AGAnimalMapViewController.h */ = {isa = PBXFileReference; fileEncoding = 4; lastKnownFileType = sourcecode.c.h; name = AGAnimalMapViewController.h; path = ViewController/AGAnimalMapViewController.h; sourceTree = "<group>"; };
		D5B0084316356F15008EB564 /* AGAnimalMapViewController.m */ = {isa = PBXFileReference; fileEncoding = 4; lastKnownFileType = sourcecode.c.objc; name = AGAnimalMapViewController.m; path = ViewController/AGAnimalMapViewController.m; sourceTree = "<group>"; };
		D5B00852163590B6008EB564 /* Icon-72.png */ = {isa = PBXFileReference; lastKnownFileType = image.png; path = "Icon-72.png"; sourceTree = "<group>"; };
		D5B0085C163818BF008EB564 /* AGAnimalFilterViewController.h */ = {isa = PBXFileReference; fileEncoding = 4; lastKnownFileType = sourcecode.c.h; name = AGAnimalFilterViewController.h; path = ViewController/AGAnimalFilterViewController.h; sourceTree = "<group>"; };
		D5B0085D163818BF008EB564 /* AGAnimalFilterViewController.m */ = {isa = PBXFileReference; fileEncoding = 4; lastKnownFileType = sourcecode.c.objc; name = AGAnimalFilterViewController.m; path = ViewController/AGAnimalFilterViewController.m; sourceTree = "<group>"; };
		D5B0085F16382DFB008EB564 /* AnimalFilterTableCell.xib */ = {isa = PBXFileReference; fileEncoding = 4; lastKnownFileType = file.xib; name = AnimalFilterTableCell.xib; path = ViewController/AnimalFilterTableCell.xib; sourceTree = "<group>"; };
		D5B0086116383020008EB564 /* AnimalFilterTableCell.h */ = {isa = PBXFileReference; fileEncoding = 4; lastKnownFileType = sourcecode.c.h; name = AnimalFilterTableCell.h; path = ViewController/AnimalFilterTableCell.h; sourceTree = "<group>"; };
		D5B0086216383020008EB564 /* AnimalFilterTableCell.m */ = {isa = PBXFileReference; fileEncoding = 4; lastKnownFileType = sourcecode.c.objc; name = AnimalFilterTableCell.m; path = ViewController/AnimalFilterTableCell.m; sourceTree = "<group>"; };
		D5BE608516BEE4BE006DB696 /* NSString+Sorting.h */ = {isa = PBXFileReference; fileEncoding = 4; lastKnownFileType = sourcecode.c.h; name = "NSString+Sorting.h"; path = "Helper/NSString+Sorting.h"; sourceTree = "<group>"; };
		D5BE608616BEE4BF006DB696 /* NSString+Sorting.m */ = {isa = PBXFileReference; fileEncoding = 4; lastKnownFileType = sourcecode.c.objc; name = "NSString+Sorting.m"; path = "Helper/NSString+Sorting.m"; sourceTree = "<group>"; };
		D5BE60B016C1E3EA006DB696 /* AGConstants.h */ = {isa = PBXFileReference; fileEncoding = 4; lastKnownFileType = sourcecode.c.h; path = AGConstants.h; sourceTree = "<group>"; };
		D5BE60B116C1E3EA006DB696 /* AGConstants.m */ = {isa = PBXFileReference; fileEncoding = 4; lastKnownFileType = sourcecode.c.objc; path = AGConstants.m; sourceTree = "<group>"; };
		D5BE60C416C2A667006DB696 /* ZooItem.h */ = {isa = PBXFileReference; fileEncoding = 4; lastKnownFileType = sourcecode.c.h; name = ZooItem.h; path = Entities/ZooItem.h; sourceTree = "<group>"; };
		D5BE60C516C2A667006DB696 /* ZooItem.m */ = {isa = PBXFileReference; fileEncoding = 4; lastKnownFileType = sourcecode.c.objc; name = ZooItem.m; path = Entities/ZooItem.m; sourceTree = "<group>"; };
		D5BE60C716C2B536006DB696 /* Location.h */ = {isa = PBXFileReference; fileEncoding = 4; lastKnownFileType = sourcecode.c.h; name = Location.h; path = Entities/Location.h; sourceTree = "<group>"; };
		D5BE60C816C2B536006DB696 /* Location.m */ = {isa = PBXFileReference; fileEncoding = 4; lastKnownFileType = sourcecode.c.objc; name = Location.m; path = Entities/Location.m; sourceTree = "<group>"; };
		D5BE60D016C2CCB2006DB696 /* FavZooItem.h */ = {isa = PBXFileReference; fileEncoding = 4; lastKnownFileType = sourcecode.c.h; name = FavZooItem.h; path = Entities/FavZooItem.h; sourceTree = "<group>"; };
		D5BE60D116C2CCB2006DB696 /* FavZooItem.m */ = {isa = PBXFileReference; fileEncoding = 4; lastKnownFileType = sourcecode.c.objc; name = FavZooItem.m; path = Entities/FavZooItem.m; sourceTree = "<group>"; };
		D5BE60DC16C2F1F5006DB696 /* FavEvent.h */ = {isa = PBXFileReference; fileEncoding = 4; lastKnownFileType = sourcecode.c.h; name = FavEvent.h; path = Entities/FavEvent.h; sourceTree = "<group>"; };
		D5BE60DD16C2F1F5006DB696 /* FavEvent.m */ = {isa = PBXFileReference; fileEncoding = 4; lastKnownFileType = sourcecode.c.objc; name = FavEvent.m; path = Entities/FavEvent.m; sourceTree = "<group>"; };
		D5DDE863169B1F3F0009048B /* AGAnimalListTableCell.xib */ = {isa = PBXFileReference; fileEncoding = 4; lastKnownFileType = file.xib; name = AGAnimalListTableCell.xib; path = ViewController/AGAnimalListTableCell.xib; sourceTree = "<group>"; };
		D5DDE867169B35100009048B /* background.jpg */ = {isa = PBXFileReference; lastKnownFileType = image.jpeg; path = background.jpg; sourceTree = "<group>"; };
		D5DDE868169B35100009048B /* background@2x.jpg */ = {isa = PBXFileReference; lastKnownFileType = image.jpeg; path = "background@2x.jpg"; sourceTree = "<group>"; };
		D5DDE869169B35100009048B /* latte1halb.png */ = {isa = PBXFileReference; lastKnownFileType = image.png; path = latte1halb.png; sourceTree = "<group>"; };
		D5DDE86A169B35100009048B /* latte1halb@2x.png */ = {isa = PBXFileReference; lastKnownFileType = image.png; path = "latte1halb@2x.png"; sourceTree = "<group>"; };
		D5DDE86B169B35100009048B /* latte2halb.png */ = {isa = PBXFileReference; lastKnownFileType = image.png; path = latte2halb.png; sourceTree = "<group>"; };
		D5DDE86C169B35100009048B /* latte2halb@2x.png */ = {isa = PBXFileReference; lastKnownFileType = image.png; path = "latte2halb@2x.png"; sourceTree = "<group>"; };
		D5DDE86D169B35100009048B /* latte3halb.png */ = {isa = PBXFileReference; lastKnownFileType = image.png; path = latte3halb.png; sourceTree = "<group>"; };
		D5DDE86E169B35100009048B /* latte3halb@2x.png */ = {isa = PBXFileReference; lastKnownFileType = image.png; path = "latte3halb@2x.png"; sourceTree = "<group>"; };
		D5DDE883169B36F70009048B /* latte0halb.png */ = {isa = PBXFileReference; lastKnownFileType = image.png; path = latte0halb.png; sourceTree = "<group>"; };
		D5DDE884169B36F70009048B /* latte0halb@2x.png */ = {isa = PBXFileReference; lastKnownFileType = image.png; path = "latte0halb@2x.png"; sourceTree = "<group>"; };
		D5DDE887169B37B80009048B /* latte4halb.png */ = {isa = PBXFileReference; lastKnownFileType = image.png; path = latte4halb.png; sourceTree = "<group>"; };
		D5DDE888169B37B80009048B /* latte4halb@2x.png */ = {isa = PBXFileReference; lastKnownFileType = image.png; path = "latte4halb@2x.png"; sourceTree = "<group>"; };
		D5F31B8116B2ECD9005A798A /* Styles.css */ = {isa = PBXFileReference; fileEncoding = 4; lastKnownFileType = text.css; name = Styles.css; path = ../Styles.css; sourceTree = "<group>"; };
		D5F31B8416B2ED61005A798A /* AGInfoDetailWebViewController.h */ = {isa = PBXFileReference; fileEncoding = 4; lastKnownFileType = sourcecode.c.h; name = AGInfoDetailWebViewController.h; path = ViewController/AGInfoDetailWebViewController.h; sourceTree = "<group>"; };
		D5F31B8516B2ED61005A798A /* AGInfoDetailWebViewController.m */ = {isa = PBXFileReference; fileEncoding = 4; lastKnownFileType = sourcecode.c.objc; name = AGInfoDetailWebViewController.m; path = ViewController/AGInfoDetailWebViewController.m; sourceTree = "<group>"; };
		D5F31B9216B2F27F005A798A /* lockers.html */ = {isa = PBXFileReference; fileEncoding = 4; lastKnownFileType = text.html; path = lockers.html; sourceTree = "<group>"; };
		D5F31B9316B2F27F005A798A /* openingHours.html */ = {isa = PBXFileReference; fileEncoding = 4; lastKnownFileType = text.html; path = openingHours.html; sourceTree = "<group>"; };
		D5F31B9416B2F27F005A798A /* prices.html */ = {isa = PBXFileReference; fileEncoding = 4; lastKnownFileType = text.html; path = prices.html; sourceTree = "<group>"; };
		D5F31B9816B2F2AA005A798A /* wheelchairAccess.html */ = {isa = PBXFileReference; fileEncoding = 4; lastKnownFileType = text.html; path = wheelchairAccess.html; sourceTree = "<group>"; };
		D5F31B9E16B2F316005A798A /* kidsService.html */ = {isa = PBXFileReference; fileEncoding = 4; lastKnownFileType = text.html; path = kidsService.html; sourceTree = "<group>"; };
		D5F31BA216B2F351005A798A /* events.html */ = {isa = PBXFileReference; fileEncoding = 4; lastKnownFileType = text.html; path = events.html; sourceTree = "<group>"; };
		D5F31BA416B2F366005A798A /* guidedTours.html */ = {isa = PBXFileReference; fileEncoding = 4; lastKnownFileType = text.html; path = guidedTours.html; sourceTree = "<group>"; };
		D5F31BA616B2F47E005A798A /* zooRules.html */ = {isa = PBXFileReference; fileEncoding = 4; lastKnownFileType = text.html; path = zooRules.html; sourceTree = "<group>"; };
		D5F31BBA16B42BE8005A798A /* QuartzCore.framework */ = {isa = PBXFileReference; lastKnownFileType = wrapper.framework; name = QuartzCore.framework; path = System/Library/Frameworks/QuartzCore.framework; sourceTree = SDKROOT; };
		D5F31BBC16B42BF7005A798A /* SystemConfiguration.framework */ = {isa = PBXFileReference; lastKnownFileType = wrapper.framework; name = SystemConfiguration.framework; path = System/Library/Frameworks/SystemConfiguration.framework; sourceTree = SDKROOT; };
		D5F31C0616B56039005A798A /* HockeySDK.framework */ = {isa = PBXFileReference; lastKnownFileType = wrapper.framework; path = HockeySDK.framework; sourceTree = "<group>"; };
		D5F31C0816B56039005A798A /* HockeySDK.xcconfig */ = {isa = PBXFileReference; fileEncoding = 4; lastKnownFileType = text.xcconfig; path = HockeySDK.xcconfig; sourceTree = "<group>"; };
		D5F31C0916B56039005A798A /* HockeySDKResources.bundle */ = {isa = PBXFileReference; lastKnownFileType = "wrapper.plug-in"; path = HockeySDKResources.bundle; sourceTree = "<group>"; };
/* End PBXFileReference section */

/* Begin PBXFrameworksBuildPhase section */
		D5135B3F162F077700743CC5 /* Frameworks */ = {
			isa = PBXFrameworksBuildPhase;
			buildActionMask = 2147483647;
			files = (
				D5F31BBD16B42BF7005A798A /* SystemConfiguration.framework in Frameworks */,
				D5F31BBB16B42BE9005A798A /* QuartzCore.framework in Frameworks */,
				D513C44316ADF6CE0096616D /* CoreData.framework in Frameworks */,
				D5135B72162FEECD00743CC5 /* CoreLocation.framework in Frameworks */,
				D5135B70162FEEB600743CC5 /* MapKit.framework in Frameworks */,
				D5135B47162F077700743CC5 /* UIKit.framework in Frameworks */,
				D5135B49162F077700743CC5 /* Foundation.framework in Frameworks */,
				D5135B4B162F077700743CC5 /* CoreGraphics.framework in Frameworks */,
				D5F31C0A16B56039005A798A /* HockeySDK.framework in Frameworks */,
			);
			runOnlyForDeploymentPostprocessing = 0;
		};
/* End PBXFrameworksBuildPhase section */

/* Begin PBXGroup section */
		D5135B37162F077700743CC5 = {
			isa = PBXGroup;
			children = (
				D5135B4C162F077700743CC5 /* ZooApp */,
				D568AA02163931C700270E8B /* Images */,
				D5135B45162F077700743CC5 /* Frameworks */,
				D5135B43162F077700743CC5 /* Products */,
			);
			sourceTree = "<group>";
		};
		D5135B43162F077700743CC5 /* Products */ = {
			isa = PBXGroup;
			children = (
				D5135B42162F077700743CC5 /* ZooApp.app */,
			);
			name = Products;
			sourceTree = "<group>";
		};
		D5135B45162F077700743CC5 /* Frameworks */ = {
			isa = PBXGroup;
			children = (
				D5F31C0516B56039005A798A /* HockeySDK.embeddedframework */,
				D5F31BBA16B42BE8005A798A /* QuartzCore.framework */,
				D5F31BBC16B42BF7005A798A /* SystemConfiguration.framework */,
				D513C44216ADF6CE0096616D /* CoreData.framework */,
				D5135B71162FEECD00743CC5 /* CoreLocation.framework */,
				D5135B6F162FEEB600743CC5 /* MapKit.framework */,
				D5135B46162F077700743CC5 /* UIKit.framework */,
				D5135B48162F077700743CC5 /* Foundation.framework */,
				D5135B4A162F077700743CC5 /* CoreGraphics.framework */,
			);
			name = Frameworks;
			sourceTree = "<group>";
		};
		D5135B4C162F077700743CC5 /* ZooApp */ = {
			isa = PBXGroup;
			children = (
				D5B00852163590B6008EB564 /* Icon-72.png */,
				D5135B55162F077700743CC5 /* AppDelegate.h */,
				D5135B56162F077700743CC5 /* AppDelegate.m */,
				D5135B66162F0E0000743CC5 /* Storyboard.storyboard */,
				D5AF86131638661900129120 /* Colors.h */,
				D5AF86141638661900129120 /* Colors.m */,
				D5BE60B016C1E3EA006DB696 /* AGConstants.h */,
				D5BE60B116C1E3EA006DB696 /* AGConstants.m */,
				D5135B63162F0DDA00743CC5 /* Model */,
				D5B0082F1631427E008EB564 /* View */,
				D5135B68162FEDBB00743CC5 /* ViewController */,
				D513C3EA16A6143C0096616D /* Helper */,
				D5135B4D162F077700743CC5 /* Supporting Files */,
			);
			path = ZooApp;
			sourceTree = "<group>";
		};
		D5135B4D162F077700743CC5 /* Supporting Files */ = {
			isa = PBXGroup;
			children = (
				D5135B4E162F077700743CC5 /* ZooApp-Info.plist */,
				D5135B4F162F077700743CC5 /* InfoPlist.strings */,
				D5135B52162F077700743CC5 /* main.m */,
				D5135B54162F077700743CC5 /* ZooApp-Prefix.pch */,
				D5135B58162F077700743CC5 /* Default.png */,
				D5135B5A162F077700743CC5 /* Default@2x.png */,
				D5135B5C162F077700743CC5 /* Default-568h@2x.png */,
			);
			name = "Supporting Files";
			sourceTree = "<group>";
		};
		D5135B63162F0DDA00743CC5 /* Model */ = {
			isa = PBXGroup;
			children = (
				D513C3FB16A75E970096616D /* Model.xcdatamodeld */,
				D54ABA6616BD3E95007AC6B0 /* JSON */,
				D5F31B9116B2F27F005A798A /* HTML */,
				D54ABA2316BBEFBF007AC6B0 /* Entities */,
				D513C44E16AE2E1B0096616D /* UserData */,
				D5B0083316314506008EB564 /* AGLocation.h */,
				D5B0083416314506008EB564 /* AGLocation.m */,
			);
			path = Model;
			sourceTree = "<group>";
		};
		D5135B68162FEDBB00743CC5 /* ViewController */ = {
			isa = PBXGroup;
			children = (
				D513C3C316A388120096616D /* InfoTab */,
				D5B00859163817FE008EB564 /* AnimalTab */,
				D5B0085B16381811008EB564 /* MapTab */,
				D513C46816AEF43C0096616D /* MyZooTab */,
			);
			name = ViewController;
			sourceTree = "<group>";
		};
		D513C3C316A388120096616D /* InfoTab */ = {
			isa = PBXGroup;
			children = (
				D54ABA4F16BC7EE4007AC6B0 /* Restaurant */,
				D56D513316B6F5EA00105C0C /* AGInfoEntryViewController.h */,
				D56D513416B6F5EA00105C0C /* AGInfoEntryViewController.m */,
				D513C3C416A388460096616D /* AGInfoListViewController.h */,
				D513C3C516A388460096616D /* AGInfoListViewController.m */,
				D513C47F16AF2CB20096616D /* AGInfoDetailViewController.h */,
				D513C48016AF2CB20096616D /* AGInfoDetailViewController.m */,
				D5F31B8416B2ED61005A798A /* AGInfoDetailWebViewController.h */,
				D5F31B8516B2ED61005A798A /* AGInfoDetailWebViewController.m */,
			);
			name = InfoTab;
			sourceTree = "<group>";
		};
		D513C3EA16A6143C0096616D /* Helper */ = {
			isa = PBXGroup;
			children = (
				D513C47916AEF8DC0096616D /* AGCoreDataHelper.h */,
				D513C47A16AEF8DC0096616D /* AGCoreDataHelper.m */,
				D54ABA3D16BBFAC1007AC6B0 /* AGJSONParser.h */,
				D54ABA3E16BBFAC1007AC6B0 /* AGJSONParser.m */,
				D513C3EC16A614810096616D /* AGStringUtilities.h */,
				D513C3ED16A614810096616D /* AGStringUtilities.m */,
				D513C45B16AEC2CC0096616D /* AGAlertView.h */,
				D513C45C16AEC2CC0096616D /* AGAlertView.m */,
				D5BE608516BEE4BE006DB696 /* NSString+Sorting.h */,
				D5BE608616BEE4BF006DB696 /* NSString+Sorting.m */,
			);
			name = Helper;
			sourceTree = "<group>";
		};
		D513C44E16AE2E1B0096616D /* UserData */ = {
			isa = PBXGroup;
			children = (
				D513C44F16AE2E760096616D /* AGFavManager.h */,
				D513C45016AE2E760096616D /* AGFavManager.m */,
			);
			name = UserData;
			sourceTree = "<group>";
		};
		D513C46816AEF43C0096616D /* MyZooTab */ = {
			isa = PBXGroup;
			children = (
				D513C46D16AEF57B0096616D /* AGMyZooListViewController.h */,
				D513C46E16AEF57B0096616D /* AGMyZooListViewController.m */,
			);
			name = MyZooTab;
			sourceTree = "<group>";
		};
		D54023A316C3CB07006D5A89 /* DetailView */ = {
			isa = PBXGroup;
			children = (
				D540242016C40174006D5A89 /* house.png */,
				D540242116C40174006D5A89 /* house@2x.png */,
				D54023A416C3CB07006D5A89 /* book.png */,
				D54023A516C3CB07006D5A89 /* book@2x.png */,
				D54023A616C3CB07006D5A89 /* chalkboard.png */,
				D54023A716C3CB07006D5A89 /* chalkboard@2x.png */,
				D54023A816C3CB07006D5A89 /* clock.png */,
				D54023A916C3CB07006D5A89 /* clock@2x.png */,
				D54023AA16C3CB07006D5A89 /* compass.png */,
				D54023AB16C3CB07006D5A89 /* compass5050.png */,
				D54023AC16C3CB07006D5A89 /* compass5050@2x.png */,
				D54023AD16C3CB07006D5A89 /* compass@2x.png */,
				D54023AE16C3CB07006D5A89 /* compassClear.png */,
				D54023AF16C3CB07006D5A89 /* compassClear@2x.png */,
				D54023B016C3CB07006D5A89 /* lightbulb.png */,
				D54023B116C3CB07006D5A89 /* lightbulb@2x.png */,
				D54023B216C3CB07006D5A89 /* rahmen.png */,
				D54023B316C3CB07006D5A89 /* rahmen@2x.png */,
			);
			path = DetailView;
			sourceTree = "<group>";
		};
		D54023C416C3CB1E006D5A89 /* Stars */ = {
			isa = PBXGroup;
			children = (
				D54023C516C3CB1E006D5A89 /* goldStarFav.png */,
				D54023C616C3CB1E006D5A89 /* goldStarFav@2x.png */,
				D54023C716C3CB1E006D5A89 /* greyStarFav.png */,
				D54023C816C3CB1E006D5A89 /* greyStarFav@2x.png */,
				D54023C916C3CB1E006D5A89 /* star.png */,
				D54023CA16C3CB1E006D5A89 /* star@2x.png */,
				D54023CB16C3CB1E006D5A89 /* whiteStarFav.png */,
				D54023CC16C3CB1E006D5A89 /* whiteStarFav@2x.png */,
			);
			path = Stars;
			sourceTree = "<group>";
		};
		D54023D516C3CB2B006D5A89 /* AnimalFilter */ = {
			isa = PBXGroup;
			children = (
				D54023D616C3CB2B006D5A89 /* africa.png */,
				D54023D716C3CB2B006D5A89 /* allAnimals.png */,
				D54023D816C3CB2B006D5A89 /* amphibians.png */,
				D54023D916C3CB2B006D5A89 /* asia.png */,
				D54023DA16C3CB2B006D5A89 /* birds.png */,
				D54023DB16C3CB2B006D5A89 /* fish.png */,
				D54023DC16C3CB2B006D5A89 /* foundersGarden.png */,
				D54023DD16C3CB2B006D5A89 /* gondwanaland.png */,
				D54023DE16C3CB2B006D5A89 /* invertebrates.png */,
				D54023DF16C3CB2B006D5A89 /* mammals.png */,
				D54023E016C3CB2B006D5A89 /* pongoland.png */,
				D54023E116C3CB2B006D5A89 /* reptiles.png */,
				D54023E216C3CB2B006D5A89 /* southAmerica.png */,
			);
			path = AnimalFilter;
			sourceTree = "<group>";
		};
		D54023F016C3CB3C006D5A89 /* TabBarIcons */ = {
			isa = PBXGroup;
			children = (
				D54023F116C3CB3C006D5A89 /* info.png */,
				D54023F216C3CB3C006D5A89 /* info@2x.png */,
				D54023F316C3CB3C006D5A89 /* map.png */,
				D54023F416C3CB3C006D5A89 /* map@2x.png */,
				D54023F516C3CB3C006D5A89 /* paw.png */,
				D54023F616C3CB3C006D5A89 /* paw@2x.png */,
				D54023F716C3CB3C006D5A89 /* user.png */,
				D54023F816C3CB3C006D5A89 /* user@2x.png */,
			);
			path = TabBarIcons;
			sourceTree = "<group>";
		};
		D540240516C3FB2B006D5A89 /* Restaurants */ = {
			isa = PBXGroup;
			children = (
				D540240616C3FB2B006D5A89 /* 1_1 Hacienda_Aussenansicht.jpg */,
				D540240716C3FB2B006D5A89 /* 2_1 Kiwara_Lodge_Außenansicht.jpg */,
				D540240816C3FB2B006D5A89 /* 2_2 Kiwara_Lodge_Innenansicht.jpg */,
				D540240916C3FB2B006D5A89 /* 3_1 Patakan_Außenansicht.jpg */,
				D540240A16C3FB2B006D5A89 /* 3_2 Patakan_Innenansicht.jpg */,
				D540240C16C3FB2B006D5A89 /* 5_Teichcafe.jpg */,
				D540240D16C3FB2B006D5A89 /* 6_Urwalddorf.jpg */,
				D540240E16C3FB2B006D5A89 /* 7_Bambusbar.jpg */,
				D540240F16C3FB2B006D5A89 /* 8_1 Marche-Gründergarten.jpg */,
				D540241016C3FB2B006D5A89 /* 8_2 Marche_Innenansicht.jpg */,
			);
			path = Restaurants;
			sourceTree = "<group>";
		};
		D540242816C46B92006D5A89 /* MapIcons */ = {
			isa = PBXGroup;
			children = (
				D540244E16C4829F006D5A89 /* animal.png */,
				D540244F16C4829F006D5A89 /* enclosure.png */,
				D540245016C4829F006D5A89 /* medicare.png */,
				D540245116C4829F006D5A89 /* restaurant.png */,
				D540245216C4829F006D5A89 /* toilet.png */,
				D540244C16C48281006D5A89 /* giftshop.png */,
			);
			path = MapIcons;
			sourceTree = "<group>";
		};
		D54ABA2316BBEFBF007AC6B0 /* Entities */ = {
			isa = PBXGroup;
			children = (
				D5BE60DC16C2F1F5006DB696 /* FavEvent.h */,
				D5BE60DD16C2F1F5006DB696 /* FavEvent.m */,
				D5BE60D016C2CCB2006DB696 /* FavZooItem.h */,
				D5BE60D116C2CCB2006DB696 /* FavZooItem.m */,
				D5BE60C716C2B536006DB696 /* Location.h */,
				D5BE60C816C2B536006DB696 /* Location.m */,
				D5BE60C416C2A667006DB696 /* ZooItem.h */,
				D5BE60C516C2A667006DB696 /* ZooItem.m */,
				D54ABAB016BE8A6A007AC6B0 /* Event.h */,
				D54ABAB116BE8A6A007AC6B0 /* Event.m */,
				D54ABAAD16BE89E3007AC6B0 /* Animal.h */,
				D54ABAAE16BE89E3007AC6B0 /* Animal.m */,
				D54ABA8616BD7E4E007AC6B0 /* Enclosure.h */,
				D54ABA8716BD7E4E007AC6B0 /* Enclosure.m */,
				D54ABA7F16BD7E4C007AC6B0 /* Service.h */,
				D54ABA8016BD7E4C007AC6B0 /* Service.m */,
				D54ABA3A16BBFA36007AC6B0 /* Restaurant.h */,
				D54ABA3B16BBFA36007AC6B0 /* Restaurant.m */,
			);
			name = Entities;
			sourceTree = "<group>";
		};
		D54ABA4F16BC7EE4007AC6B0 /* Restaurant */ = {
			isa = PBXGroup;
			children = (
				D54ABA4C16BC7E00007AC6B0 /* AGRestaurantListViewController.h */,
				D54ABA4D16BC7E00007AC6B0 /* AGRestaurantListViewController.m */,
				D54ABA5916BC8142007AC6B0 /* AGRestaurantListTableCell.xib */,
				D54ABA5616BC80F1007AC6B0 /* AGRestaurantListTableCell.h */,
				D54ABA5716BC80F1007AC6B0 /* AGRestaurantListTableCell.m */,
				D54ABA5B16BC8F88007AC6B0 /* AGRestaurantDetailViewController.h */,
				D54ABA5C16BC8F89007AC6B0 /* AGRestaurantDetailViewController..m */,
				D540241D16C3FEE2006D5A89 /* AGRestaurantMapViewController.h */,
				D540241E16C3FEE2006D5A89 /* AGRestaurantMapViewController.m */,
			);
			name = Restaurant;
			sourceTree = "<group>";
		};
		D54ABA6616BD3E95007AC6B0 /* JSON */ = {
			isa = PBXGroup;
			children = (
				D54ABA9D16BE7028007AC6B0 /* eventList.json */,
				D54ABA6716BD3E95007AC6B0 /* animalList.json */,
				D54ABA6816BD3E95007AC6B0 /* enclosureList.json */,
				D54ABA6916BD3E95007AC6B0 /* restaurantList.json */,
				D54ABA6A16BD3E95007AC6B0 /* serviceList.json */,
			);
			path = JSON;
			sourceTree = "<group>";
		};
		D568AA02163931C700270E8B /* Images */ = {
			isa = PBXGroup;
			children = (
				D540242816C46B92006D5A89 /* MapIcons */,
				D540240516C3FB2B006D5A89 /* Restaurants */,
				D54023F016C3CB3C006D5A89 /* TabBarIcons */,
				D54023D516C3CB2B006D5A89 /* AnimalFilter */,
				D54023C416C3CB1E006D5A89 /* Stars */,
				D54023A316C3CB07006D5A89 /* DetailView */,
				D568AA2D163ADFDE00270E8B /* Animals */,
				D5DDE866169B35100009048B /* Wood */,
			);
			name = Images;
			path = ZooApp/Images;
			sourceTree = "<group>";
		};
		D568AA2D163ADFDE00270E8B /* Animals */ = {
			isa = PBXGroup;
			children = (
				D55D2808163AF8E300B715DB /* zweifingerFaultier.png */,
				D55D2806163AF8DA00B715DB /* bonobo.png */,
				D55D2804163AF8D500B715DB /* asiatischerElefant.png */,
				D55D2802163AF30E00B715DB /* rotschildgiraffe.png */,
				D55D27F5163AEEDC00B715DB /* amurleopard.png */,
				D55D27F6163AEEDC00B715DB /* azurblauerPfeilgiftfrosch.png */,
				D55D27F7163AEEDC00B715DB /* diademSeeigel.png */,
				D55D27F8163AEEDC00B715DB /* gruenerHundskopfschlinger.png */,
				D55D27F9163AEEDC00B715DB /* netzmuraene.png */,
				D55D27FA163AEEDC00B715DB /* roterFlamingo.png */,
			);
			path = Animals;
			sourceTree = "<group>";
		};
		D571C756169CAE5E00C63A04 /* AnimalDetailView */ = {
			isa = PBXGroup;
			children = (
				D571C758169CAE9700C63A04 /* AGAnimalDetailViewController.h */,
				D571C759169CAE9700C63A04 /* AGAnimalDetailViewController.m */,
				D5B0084216356F15008EB564 /* AGAnimalMapViewController.h */,
				D5B0084316356F15008EB564 /* AGAnimalMapViewController.m */,
			);
			name = AnimalDetailView;
			sourceTree = "<group>";
		};
		D571C75B169CB4CD00C63A04 /* AnimalListView */ = {
			isa = PBXGroup;
			children = (
				D5135B6C162FEE0D00743CC5 /* AGAnimalListViewController.h */,
				D5135B6D162FEE0E00743CC5 /* AGAnimalListViewController.m */,
				D5DDE863169B1F3F0009048B /* AGAnimalListTableCell.xib */,
				D54ABA5316BC808D007AC6B0 /* AGAnimalListTableCell.h */,
				D54ABA5416BC808D007AC6B0 /* AGAnimalListTableCell.m */,
			);
			name = AnimalListView;
			sourceTree = "<group>";
		};
		D5B0082F1631427E008EB564 /* View */ = {
			isa = PBXGroup;
			children = (
				D513C3D916A60CB00096616D /* AGCompassView.h */,
				D513C3DA16A60CB00096616D /* AGCompassView.m */,
			);
			name = View;
			path = Controller;
			sourceTree = "<group>";
		};
		D5B00859163817FE008EB564 /* AnimalTab */ = {
			isa = PBXGroup;
			children = (
				D5BE608916BF1E7F006DB696 /* AnimalFilterView */,
				D571C75B169CB4CD00C63A04 /* AnimalListView */,
				D571C756169CAE5E00C63A04 /* AnimalDetailView */,
			);
			name = AnimalTab;
			sourceTree = "<group>";
		};
		D5B0085B16381811008EB564 /* MapTab */ = {
			isa = PBXGroup;
			children = (
				D5135B69162FEDFC00743CC5 /* MapViewController.h */,
				D5135B6A162FEDFC00743CC5 /* MapViewController.m */,
			);
			name = MapTab;
			sourceTree = "<group>";
		};
		D5BE608916BF1E7F006DB696 /* AnimalFilterView */ = {
			isa = PBXGroup;
			children = (
				D5B0085C163818BF008EB564 /* AGAnimalFilterViewController.h */,
				D5B0085D163818BF008EB564 /* AGAnimalFilterViewController.m */,
				D5B0085F16382DFB008EB564 /* AnimalFilterTableCell.xib */,
				D5B0086116383020008EB564 /* AnimalFilterTableCell.h */,
				D5B0086216383020008EB564 /* AnimalFilterTableCell.m */,
			);
			name = AnimalFilterView;
			sourceTree = "<group>";
		};
		D5DDE866169B35100009048B /* Wood */ = {
			isa = PBXGroup;
			children = (
				D5DDE867169B35100009048B /* background.jpg */,
				D5DDE868169B35100009048B /* background@2x.jpg */,
				D5DDE883169B36F70009048B /* latte0halb.png */,
				D5DDE884169B36F70009048B /* latte0halb@2x.png */,
				D5DDE869169B35100009048B /* latte1halb.png */,
				D5DDE86A169B35100009048B /* latte1halb@2x.png */,
				D5DDE86B169B35100009048B /* latte2halb.png */,
				D5DDE86C169B35100009048B /* latte2halb@2x.png */,
				D5DDE86D169B35100009048B /* latte3halb.png */,
				D5DDE86E169B35100009048B /* latte3halb@2x.png */,
				D5DDE887169B37B80009048B /* latte4halb.png */,
				D5DDE888169B37B80009048B /* latte4halb@2x.png */,
			);
			path = Wood;
			sourceTree = "<group>";
		};
		D5F31B9116B2F27F005A798A /* HTML */ = {
			isa = PBXGroup;
			children = (
				D5F31B8116B2ECD9005A798A /* Styles.css */,
				D5F31B9216B2F27F005A798A /* lockers.html */,
				D5F31B9316B2F27F005A798A /* openingHours.html */,
				D5F31B9416B2F27F005A798A /* prices.html */,
				D5F31B9816B2F2AA005A798A /* wheelchairAccess.html */,
				D5F31B9E16B2F316005A798A /* kidsService.html */,
				D5F31BA216B2F351005A798A /* events.html */,
				D5F31BA416B2F366005A798A /* guidedTours.html */,
				D5F31BA616B2F47E005A798A /* zooRules.html */,
			);
			path = HTML;
			sourceTree = "<group>";
		};
		D5F31C0516B56039005A798A /* HockeySDK.embeddedframework */ = {
			isa = PBXGroup;
			children = (
				D5F31C0616B56039005A798A /* HockeySDK.framework */,
				D5F31C0716B56039005A798A /* Resources */,
			);
			name = HockeySDK.embeddedframework;
			path = "ZooApp/3rd-party-sdks/HockeySDK.embeddedframework";
			sourceTree = "<group>";
		};
		D5F31C0716B56039005A798A /* Resources */ = {
			isa = PBXGroup;
			children = (
				D5F31C0816B56039005A798A /* HockeySDK.xcconfig */,
				D5F31C0916B56039005A798A /* HockeySDKResources.bundle */,
			);
			path = Resources;
			sourceTree = "<group>";
		};
/* End PBXGroup section */

/* Begin PBXNativeTarget section */
		D5135B41162F077700743CC5 /* ZooApp */ = {
			isa = PBXNativeTarget;
			buildConfigurationList = D5135B60162F077700743CC5 /* Build configuration list for PBXNativeTarget "ZooApp" */;
			buildPhases = (
				D5135B3E162F077700743CC5 /* Sources */,
				D5135B3F162F077700743CC5 /* Frameworks */,
				D5135B40162F077700743CC5 /* Resources */,
			);
			buildRules = (
			);
			dependencies = (
			);
			name = ZooApp;
			productName = ZooApp;
			productReference = D5135B42162F077700743CC5 /* ZooApp.app */;
			productType = "com.apple.product-type.application";
		};
/* End PBXNativeTarget section */

/* Begin PBXProject section */
		D5135B39162F077700743CC5 /* Project object */ = {
			isa = PBXProject;
			attributes = {
				LastUpgradeCheck = 0450;
				ORGANIZATIONNAME = de.andreagerlach;
			};
			buildConfigurationList = D5135B3C162F077700743CC5 /* Build configuration list for PBXProject "ZooApp" */;
			compatibilityVersion = "Xcode 3.2";
			developmentRegion = English;
			hasScannedForEncodings = 0;
			knownRegions = (
				en,
			);
			mainGroup = D5135B37162F077700743CC5;
			productRefGroup = D5135B43162F077700743CC5 /* Products */;
			projectDirPath = "";
			projectRoot = "";
			targets = (
				D5135B41162F077700743CC5 /* ZooApp */,
			);
		};
/* End PBXProject section */

/* Begin PBXResourcesBuildPhase section */
		D5135B40162F077700743CC5 /* Resources */ = {
			isa = PBXResourcesBuildPhase;
			buildActionMask = 2147483647;
			files = (
				D5135B51162F077700743CC5 /* InfoPlist.strings in Resources */,
				D5135B59162F077700743CC5 /* Default.png in Resources */,
				D5135B5B162F077700743CC5 /* Default@2x.png in Resources */,
				D5135B5D162F077700743CC5 /* Default-568h@2x.png in Resources */,
				D5135B67162F0E0000743CC5 /* Storyboard.storyboard in Resources */,
				D5B00853163590B7008EB564 /* Icon-72.png in Resources */,
				D5B0086016382DFC008EB564 /* AnimalFilterTableCell.xib in Resources */,
				D55D27FB163AEEDC00B715DB /* amurleopard.png in Resources */,
				D55D27FC163AEEDC00B715DB /* azurblauerPfeilgiftfrosch.png in Resources */,
				D55D27FD163AEEDC00B715DB /* diademSeeigel.png in Resources */,
				D55D27FE163AEEDC00B715DB /* gruenerHundskopfschlinger.png in Resources */,
				D55D27FF163AEEDC00B715DB /* netzmuraene.png in Resources */,
				D55D2800163AEEDC00B715DB /* roterFlamingo.png in Resources */,
				D55D2803163AF30E00B715DB /* rotschildgiraffe.png in Resources */,
				D55D2805163AF8D500B715DB /* asiatischerElefant.png in Resources */,
				D55D2807163AF8DA00B715DB /* bonobo.png in Resources */,
				D55D2809163AF8E300B715DB /* zweifingerFaultier.png in Resources */,
				D5DDE864169B1F3F0009048B /* AGAnimalListTableCell.xib in Resources */,
				D5DDE875169B35100009048B /* background.jpg in Resources */,
				D5DDE876169B35100009048B /* background@2x.jpg in Resources */,
				D5DDE877169B35100009048B /* latte1halb.png in Resources */,
				D5DDE878169B35100009048B /* latte1halb@2x.png in Resources */,
				D5DDE879169B35100009048B /* latte2halb.png in Resources */,
				D5DDE87A169B35100009048B /* latte2halb@2x.png in Resources */,
				D5DDE87B169B35100009048B /* latte3halb.png in Resources */,
				D5DDE87C169B35100009048B /* latte3halb@2x.png in Resources */,
				D5DDE885169B36F70009048B /* latte0halb.png in Resources */,
				D5DDE886169B36F70009048B /* latte0halb@2x.png in Resources */,
				D5DDE889169B37B80009048B /* latte4halb.png in Resources */,
				D5DDE88A169B37B80009048B /* latte4halb@2x.png in Resources */,
				D5F31B8216B2ECD9005A798A /* Styles.css in Resources */,
				D5F31B9516B2F27F005A798A /* lockers.html in Resources */,
				D5F31B9616B2F27F005A798A /* openingHours.html in Resources */,
				D5F31B9716B2F27F005A798A /* prices.html in Resources */,
				D5F31B9916B2F2AA005A798A /* wheelchairAccess.html in Resources */,
				D5F31B9F16B2F316005A798A /* kidsService.html in Resources */,
				D5F31BA316B2F351005A798A /* events.html in Resources */,
				D5F31BA516B2F366005A798A /* guidedTours.html in Resources */,
				D5F31BA716B2F47E005A798A /* zooRules.html in Resources */,
				D5F31C0B16B56039005A798A /* HockeySDK.xcconfig in Resources */,
				D5F31C0C16B56039005A798A /* HockeySDKResources.bundle in Resources */,
				D54ABA5A16BC8142007AC6B0 /* AGRestaurantListTableCell.xib in Resources */,
				D54ABA6B16BD3E95007AC6B0 /* animalList.json in Resources */,
				D54ABA6C16BD3E95007AC6B0 /* enclosureList.json in Resources */,
				D54ABA6D16BD3E95007AC6B0 /* restaurantList.json in Resources */,
				D54ABA6E16BD3E95007AC6B0 /* serviceList.json in Resources */,
				D54ABA9E16BE7028007AC6B0 /* eventList.json in Resources */,
				D54023B416C3CB07006D5A89 /* book.png in Resources */,
				D54023B516C3CB07006D5A89 /* book@2x.png in Resources */,
				D54023B616C3CB07006D5A89 /* chalkboard.png in Resources */,
				D54023B716C3CB07006D5A89 /* chalkboard@2x.png in Resources */,
				D54023B816C3CB07006D5A89 /* clock.png in Resources */,
				D54023B916C3CB07006D5A89 /* clock@2x.png in Resources */,
				D54023BA16C3CB07006D5A89 /* compass.png in Resources */,
				D54023BB16C3CB07006D5A89 /* compass5050.png in Resources */,
				D54023BC16C3CB07006D5A89 /* compass5050@2x.png in Resources */,
				D54023BD16C3CB07006D5A89 /* compass@2x.png in Resources */,
				D54023BE16C3CB07006D5A89 /* compassClear.png in Resources */,
				D54023BF16C3CB07006D5A89 /* compassClear@2x.png in Resources */,
				D54023C016C3CB07006D5A89 /* lightbulb.png in Resources */,
				D54023C116C3CB07006D5A89 /* lightbulb@2x.png in Resources */,
				D54023C216C3CB07006D5A89 /* rahmen.png in Resources */,
				D54023C316C3CB07006D5A89 /* rahmen@2x.png in Resources */,
				D54023CD16C3CB1E006D5A89 /* goldStarFav.png in Resources */,
				D54023CE16C3CB1E006D5A89 /* goldStarFav@2x.png in Resources */,
				D54023CF16C3CB1E006D5A89 /* greyStarFav.png in Resources */,
				D54023D016C3CB1E006D5A89 /* greyStarFav@2x.png in Resources */,
				D54023D116C3CB1E006D5A89 /* star.png in Resources */,
				D54023D216C3CB1E006D5A89 /* star@2x.png in Resources */,
				D54023D316C3CB1E006D5A89 /* whiteStarFav.png in Resources */,
				D54023D416C3CB1E006D5A89 /* whiteStarFav@2x.png in Resources */,
				D54023E316C3CB2B006D5A89 /* africa.png in Resources */,
				D54023E416C3CB2B006D5A89 /* allAnimals.png in Resources */,
				D54023E516C3CB2B006D5A89 /* amphibians.png in Resources */,
				D54023E616C3CB2B006D5A89 /* asia.png in Resources */,
				D54023E716C3CB2B006D5A89 /* birds.png in Resources */,
				D54023E816C3CB2B006D5A89 /* fish.png in Resources */,
				D54023E916C3CB2B006D5A89 /* foundersGarden.png in Resources */,
				D54023EA16C3CB2B006D5A89 /* gondwanaland.png in Resources */,
				D54023EB16C3CB2B006D5A89 /* invertebrates.png in Resources */,
				D54023EC16C3CB2B006D5A89 /* mammals.png in Resources */,
				D54023ED16C3CB2B006D5A89 /* pongoland.png in Resources */,
				D54023EE16C3CB2B006D5A89 /* reptiles.png in Resources */,
				D54023EF16C3CB2B006D5A89 /* southAmerica.png in Resources */,
				D54023F916C3CB3C006D5A89 /* info.png in Resources */,
				D54023FA16C3CB3C006D5A89 /* info@2x.png in Resources */,
				D54023FB16C3CB3C006D5A89 /* map.png in Resources */,
				D54023FC16C3CB3C006D5A89 /* map@2x.png in Resources */,
				D54023FD16C3CB3C006D5A89 /* paw.png in Resources */,
				D54023FE16C3CB3C006D5A89 /* paw@2x.png in Resources */,
				D54023FF16C3CB3C006D5A89 /* user.png in Resources */,
				D540240016C3CB3C006D5A89 /* user@2x.png in Resources */,
				D540241116C3FB2B006D5A89 /* 1_1 Hacienda_Aussenansicht.jpg in Resources */,
				D540241216C3FB2B006D5A89 /* 2_1 Kiwara_Lodge_Außenansicht.jpg in Resources */,
				D540241316C3FB2B006D5A89 /* 2_2 Kiwara_Lodge_Innenansicht.jpg in Resources */,
				D540241416C3FB2B006D5A89 /* 3_1 Patakan_Außenansicht.jpg in Resources */,
				D540241516C3FB2B006D5A89 /* 3_2 Patakan_Innenansicht.jpg in Resources */,
				D540241716C3FB2B006D5A89 /* 5_Teichcafe.jpg in Resources */,
				D540241816C3FB2B006D5A89 /* 6_Urwalddorf.jpg in Resources */,
				D540241916C3FB2B006D5A89 /* 7_Bambusbar.jpg in Resources */,
				D540241A16C3FB2B006D5A89 /* 8_1 Marche-Gründergarten.jpg in Resources */,
				D540241B16C3FB2B006D5A89 /* 8_2 Marche_Innenansicht.jpg in Resources */,
				D540242216C40174006D5A89 /* house.png in Resources */,
				D540242316C40174006D5A89 /* house@2x.png in Resources */,
				D540244D16C48281006D5A89 /* giftshop.png in Resources */,
				D540245316C4829F006D5A89 /* animal.png in Resources */,
				D540245416C4829F006D5A89 /* enclosure.png in Resources */,
				D540245516C4829F006D5A89 /* medicare.png in Resources */,
				D540245616C4829F006D5A89 /* restaurant.png in Resources */,
				D540245716C4829F006D5A89 /* toilet.png in Resources */,
			);
			runOnlyForDeploymentPostprocessing = 0;
		};
/* End PBXResourcesBuildPhase section */

/* Begin PBXSourcesBuildPhase section */
		D5135B3E162F077700743CC5 /* Sources */ = {
			isa = PBXSourcesBuildPhase;
			buildActionMask = 2147483647;
			files = (
				D5135B53162F077700743CC5 /* main.m in Sources */,
				D5135B57162F077700743CC5 /* AppDelegate.m in Sources */,
				D5135B6B162FEDFC00743CC5 /* MapViewController.m in Sources */,
				D5135B6E162FEE0E00743CC5 /* AGAnimalListViewController.m in Sources */,
				D5B0083516314506008EB564 /* AGLocation.m in Sources */,
				D5B0084416356F15008EB564 /* AGAnimalMapViewController.m in Sources */,
				D5B0085E163818BF008EB564 /* AGAnimalFilterViewController.m in Sources */,
				D5B0086316383021008EB564 /* AnimalFilterTableCell.m in Sources */,
				D5AF86151638661900129120 /* Colors.m in Sources */,
				D571C75A169CAE9700C63A04 /* AGAnimalDetailViewController.m in Sources */,
				D513C3C616A388460096616D /* AGInfoListViewController.m in Sources */,
				D513C3DB16A60CB00096616D /* AGCompassView.m in Sources */,
				D513C3EE16A614810096616D /* AGStringUtilities.m in Sources */,
				D513C3FD16A75E970096616D /* Model.xcdatamodeld in Sources */,
				D513C45116AE2E760096616D /* AGFavManager.m in Sources */,
				D513C45D16AEC2CC0096616D /* AGAlertView.m in Sources */,
				D513C47B16AEF90A0096616D /* AGCoreDataHelper.m in Sources */,
				D513C46F16AEF57B0096616D /* AGMyZooListViewController.m in Sources */,
				D513C48116AF2CB20096616D /* AGInfoDetailViewController.m in Sources */,
				D5F31B8616B2ED61005A798A /* AGInfoDetailWebViewController.m in Sources */,
				D56D513516B6F5EA00105C0C /* AGInfoEntryViewController.m in Sources */,
				D54ABA3C16BBFA36007AC6B0 /* Restaurant.m in Sources */,
				D54ABA3F16BBFAC1007AC6B0 /* AGJSONParser.m in Sources */,
				D54ABA4E16BC7E00007AC6B0 /* AGRestaurantListViewController.m in Sources */,
				D54ABA5516BC808D007AC6B0 /* AGAnimalListTableCell.m in Sources */,
				D54ABA5816BC80F1007AC6B0 /* AGRestaurantListTableCell.m in Sources */,
				D54ABA5D16BC8F89007AC6B0 /* AGRestaurantDetailViewController..m in Sources */,
				D54ABA8116BD7E4D007AC6B0 /* Service.m in Sources */,
				D54ABA8816BD7E4E007AC6B0 /* Enclosure.m in Sources */,
				D54ABAAF16BE89E3007AC6B0 /* Animal.m in Sources */,
				D54ABAB216BE8A6A007AC6B0 /* Event.m in Sources */,
				D5BE608716BEE4BF006DB696 /* NSString+Sorting.m in Sources */,
				D5BE60B216C1E3EA006DB696 /* AGConstants.m in Sources */,
				D5BE60C616C2A667006DB696 /* ZooItem.m in Sources */,
				D5BE60C916C2B536006DB696 /* Location.m in Sources */,
				D5BE60D216C2CCB2006DB696 /* FavZooItem.m in Sources */,
				D5BE60DE16C2F1F5006DB696 /* FavEvent.m in Sources */,
				D540241F16C3FEE2006D5A89 /* AGRestaurantMapViewController.m in Sources */,
			);
			runOnlyForDeploymentPostprocessing = 0;
		};
/* End PBXSourcesBuildPhase section */

/* Begin PBXVariantGroup section */
		D5135B4F162F077700743CC5 /* InfoPlist.strings */ = {
			isa = PBXVariantGroup;
			children = (
				D5135B50162F077700743CC5 /* en */,
			);
			name = InfoPlist.strings;
			sourceTree = "<group>";
		};
/* End PBXVariantGroup section */

/* Begin XCBuildConfiguration section */
		D5135B5E162F077700743CC5 /* Debug */ = {
			isa = XCBuildConfiguration;
			buildSettings = {
				ALWAYS_SEARCH_USER_PATHS = NO;
				CLANG_CXX_LANGUAGE_STANDARD = "gnu++0x";
				CLANG_CXX_LIBRARY = "libc++";
				CLANG_ENABLE_OBJC_ARC = YES;
				CLANG_WARN_EMPTY_BODY = YES;
				CLANG_WARN__DUPLICATE_METHOD_MATCH = YES;
				CODE_SIGN_IDENTITY = "iPhone Developer";
				"CODE_SIGN_IDENTITY[sdk=iphoneos*]" = "iPhone Developer";
				COPY_PHASE_STRIP = NO;
				GCC_C_LANGUAGE_STANDARD = gnu99;
				GCC_DYNAMIC_NO_PIC = NO;
				GCC_OPTIMIZATION_LEVEL = 0;
				GCC_PREPROCESSOR_DEFINITIONS = (
					"DEBUG=1",
					"$(inherited)",
				);
				GCC_SYMBOLS_PRIVATE_EXTERN = NO;
				GCC_WARN_ABOUT_RETURN_TYPE = YES;
				GCC_WARN_UNINITIALIZED_AUTOS = YES;
				GCC_WARN_UNUSED_VARIABLE = YES;
				IPHONEOS_DEPLOYMENT_TARGET = 6.0;
				ONLY_ACTIVE_ARCH = YES;
				PROVISIONING_PROFILE = "";
				SDKROOT = iphoneos;
			};
			name = Debug;
		};
		D5135B5F162F077700743CC5 /* Release */ = {
			isa = XCBuildConfiguration;
			buildSettings = {
				ALWAYS_SEARCH_USER_PATHS = NO;
				CLANG_CXX_LANGUAGE_STANDARD = "gnu++0x";
				CLANG_CXX_LIBRARY = "libc++";
				CLANG_ENABLE_OBJC_ARC = YES;
				CLANG_WARN_EMPTY_BODY = YES;
				CLANG_WARN__DUPLICATE_METHOD_MATCH = YES;
				"CODE_SIGN_IDENTITY[sdk=iphoneos*]" = "iPhone Developer";
				COPY_PHASE_STRIP = YES;
				GCC_C_LANGUAGE_STANDARD = gnu99;
				GCC_WARN_ABOUT_RETURN_TYPE = YES;
				GCC_WARN_UNINITIALIZED_AUTOS = YES;
				GCC_WARN_UNUSED_VARIABLE = YES;
				IPHONEOS_DEPLOYMENT_TARGET = 6.0;
				ONLY_ACTIVE_ARCH = YES;
				OTHER_CFLAGS = "-DNS_BLOCK_ASSERTIONS=1";
				SDKROOT = iphoneos;
				VALIDATE_PRODUCT = YES;
			};
			name = Release;
		};
		D5135B61162F077700743CC5 /* Debug */ = {
			isa = XCBuildConfiguration;
			buildSettings = {
				CODE_SIGN_IDENTITY = "iPhone Developer: Andrea Gerlach (MHE33YSPTV)";
				"CODE_SIGN_IDENTITY[sdk=iphoneos*]" = "iPhone Developer: Andrea Gerlach (MHE33YSPTV)";
				FRAMEWORK_SEARCH_PATHS = (
					"$(inherited)",
					"\"$(SRCROOT)/ZooApp/3rd-party-sdks/HockeySDK.embeddedframework\"",
				);
				GCC_PRECOMPILE_PREFIX_HEADER = YES;
				GCC_PREFIX_HEADER = "ZooApp/ZooApp-Prefix.pch";
				GCC_PREPROCESSOR_DEFINITIONS = "CONFIGURATION_$(CONFIGURATION)";
				INFOPLIST_FILE = "ZooApp/ZooApp-Info.plist";
				IPHONEOS_DEPLOYMENT_TARGET = 6.0;
				ONLY_ACTIVE_ARCH = YES;
				OTHER_LDFLAGS = (
					"-ObjC",
					"-undefined",
					dynamic_lookup,
				);
				PRODUCT_NAME = "$(TARGET_NAME)";
				PROVISIONING_PROFILE = "C9ED816C-1DB4-4335-80D3-A886D0FBF9A5";
				"PROVISIONING_PROFILE[sdk=iphoneos*]" = "C9ED816C-1DB4-4335-80D3-A886D0FBF9A5";
				WRAPPER_EXTENSION = app;
			};
			name = Debug;
		};
		D5135B62162F077700743CC5 /* Release */ = {
			isa = XCBuildConfiguration;
			buildSettings = {
				CODE_SIGN_IDENTITY = "iPhone Distribution: Smart Mobile Factory GmbH";
				"CODE_SIGN_IDENTITY[sdk=iphoneos*]" = "iPhone Distribution: Smart Mobile Factory GmbH";
				FRAMEWORK_SEARCH_PATHS = (
					"$(inherited)",
					"\"$(SRCROOT)/ZooApp/3rd-party-sdks/HockeySDK.embeddedframework\"",
				);
				GCC_PRECOMPILE_PREFIX_HEADER = YES;
				GCC_PREFIX_HEADER = "ZooApp/ZooApp-Prefix.pch";
				GCC_PREPROCESSOR_DEFINITIONS = "CONFIGURATION_$(CONFIGURATION)";
				INFOPLIST_FILE = "ZooApp/ZooApp-Info.plist";
				IPHONEOS_DEPLOYMENT_TARGET = 6.0;
				ONLY_ACTIVE_ARCH = NO;
				OTHER_LDFLAGS = (
					"-ObjC",
					"-undefined",
					dynamic_lookup,
				);
				PRODUCT_NAME = "$(TARGET_NAME)";
				PROVISIONING_PROFILE = "70501A00-C720-47E9-A404-45AA0581CF78";
				"PROVISIONING_PROFILE[sdk=iphoneos*]" = "70501A00-C720-47E9-A404-45AA0581CF78";
				WRAPPER_EXTENSION = app;
			};
			name = Release;
		};
/* End XCBuildConfiguration section */

/* Begin XCConfigurationList section */
		D5135B3C162F077700743CC5 /* Build configuration list for PBXProject "ZooApp" */ = {
			isa = XCConfigurationList;
			buildConfigurations = (
				D5135B5E162F077700743CC5 /* Debug */,
				D5135B5F162F077700743CC5 /* Release */,
			);
			defaultConfigurationIsVisible = 0;
			defaultConfigurationName = Release;
		};
		D5135B60162F077700743CC5 /* Build configuration list for PBXNativeTarget "ZooApp" */ = {
			isa = XCConfigurationList;
			buildConfigurations = (
				D5135B61162F077700743CC5 /* Debug */,
				D5135B62162F077700743CC5 /* Release */,
			);
			defaultConfigurationIsVisible = 0;
			defaultConfigurationName = Release;
		};
/* End XCConfigurationList section */

/* Begin XCVersionGroup section */
		D513C3FB16A75E970096616D /* Model.xcdatamodeld */ = {
			isa = XCVersionGroup;
			children = (
				D513C3FC16A75E970096616D /* Model.xcdatamodel */,
			);
			currentVersion = D513C3FC16A75E970096616D /* Model.xcdatamodel */;
			path = Model.xcdatamodeld;
			sourceTree = "<group>";
			versionGroupType = wrapper.xcdatamodel;
		};
/* End XCVersionGroup section */
	};
	rootObject = D5135B39162F077700743CC5 /* Project object */;
}
