// !$*UTF8*$!
{
	archiveVersion = 1;
	classes = {
	};
	objectVersion = 46;
	objects = {

/* Begin PBXBuildFile section */
		D5135B47162F077700743CC5 /* UIKit.framework in Frameworks */ = {isa = PBXBuildFile; fileRef = D5135B46162F077700743CC5 /* UIKit.framework */; };
		D5135B49162F077700743CC5 /* Foundation.framework in Frameworks */ = {isa = PBXBuildFile; fileRef = D5135B48162F077700743CC5 /* Foundation.framework */; };
		D5135B4B162F077700743CC5 /* CoreGraphics.framework in Frameworks */ = {isa = PBXBuildFile; fileRef = D5135B4A162F077700743CC5 /* CoreGraphics.framework */; };
		D5135B51162F077700743CC5 /* InfoPlist.strings in Resources */ = {isa = PBXBuildFile; fileRef = D5135B4F162F077700743CC5 /* InfoPlist.strings */; };
		D5135B53162F077700743CC5 /* main.m in Sources */ = {isa = PBXBuildFile; fileRef = D5135B52162F077700743CC5 /* main.m */; };
		D5135B57162F077700743CC5 /* AppDelegate.m in Sources */ = {isa = PBXBuildFile; fileRef = D5135B56162F077700743CC5 /* AppDelegate.m */; };
		D5135B59162F077700743CC5 /* Default.png in Resources */ = {isa = PBXBuildFile; fileRef = D5135B58162F077700743CC5 /* Default.png */; };
		D5135B5B162F077700743CC5 /* Default@2x.png in Resources */ = {isa = PBXBuildFile; fileRef = D5135B5A162F077700743CC5 /* Default@2x.png */; };
		D5135B5D162F077700743CC5 /* Default-568h@2x.png in Resources */ = {isa = PBXBuildFile; fileRef = D5135B5C162F077700743CC5 /* Default-568h@2x.png */; };
		D5135B65162F0DDA00743CC5 /* animalList.json in Resources */ = {isa = PBXBuildFile; fileRef = D5135B64162F0DDA00743CC5 /* animalList.json */; };
		D5135B67162F0E0000743CC5 /* Storyboard.storyboard in Resources */ = {isa = PBXBuildFile; fileRef = D5135B66162F0E0000743CC5 /* Storyboard.storyboard */; };
		D5135B6B162FEDFC00743CC5 /* MapViewController.m in Sources */ = {isa = PBXBuildFile; fileRef = D5135B6A162FEDFC00743CC5 /* MapViewController.m */; };
		D5135B6E162FEE0E00743CC5 /* AGAnimalListViewController.m in Sources */ = {isa = PBXBuildFile; fileRef = D5135B6D162FEE0E00743CC5 /* AGAnimalListViewController.m */; };
		D5135B70162FEEB600743CC5 /* MapKit.framework in Frameworks */ = {isa = PBXBuildFile; fileRef = D5135B6F162FEEB600743CC5 /* MapKit.framework */; };
		D5135B72162FEECD00743CC5 /* CoreLocation.framework in Frameworks */ = {isa = PBXBuildFile; fileRef = D5135B71162FEECD00743CC5 /* CoreLocation.framework */; };
		D513C364169F05430096616D /* rahmen@2x.png in Resources */ = {isa = PBXBuildFile; fileRef = D513C362169F05430096616D /* rahmen@2x.png */; };
		D513C366169F08F50096616D /* rahmen.png in Resources */ = {isa = PBXBuildFile; fileRef = D513C365169F08F50096616D /* rahmen.png */; };
		D513C36A169F10A90096616D /* paw.png in Resources */ = {isa = PBXBuildFile; fileRef = D513C368169F10A90096616D /* paw.png */; };
		D513C36B169F10A90096616D /* paw@2x.png in Resources */ = {isa = PBXBuildFile; fileRef = D513C369169F10A90096616D /* paw@2x.png */; };
		D513C36E169F111C0096616D /* map.png in Resources */ = {isa = PBXBuildFile; fileRef = D513C36C169F111C0096616D /* map.png */; };
		D513C36F169F111C0096616D /* map@2x.png in Resources */ = {isa = PBXBuildFile; fileRef = D513C36D169F111C0096616D /* map@2x.png */; };
		D513C373169F12A00096616D /* house.png in Resources */ = {isa = PBXBuildFile; fileRef = D513C371169F12A00096616D /* house.png */; };
		D513C374169F12A00096616D /* house@2x.png in Resources */ = {isa = PBXBuildFile; fileRef = D513C372169F12A00096616D /* house@2x.png */; };
		D513C377169F14710096616D /* book.png in Resources */ = {isa = PBXBuildFile; fileRef = D513C375169F14710096616D /* book.png */; };
		D513C378169F14710096616D /* book@2x.png in Resources */ = {isa = PBXBuildFile; fileRef = D513C376169F14710096616D /* book@2x.png */; };
		D513C37D169F15C50096616D /* clock.png in Resources */ = {isa = PBXBuildFile; fileRef = D513C379169F15C50096616D /* clock.png */; };
		D513C37E169F15C50096616D /* clock@2x.png in Resources */ = {isa = PBXBuildFile; fileRef = D513C37A169F15C50096616D /* clock@2x.png */; };
		D513C37F169F15C50096616D /* lightbulb.png in Resources */ = {isa = PBXBuildFile; fileRef = D513C37B169F15C50096616D /* lightbulb.png */; };
		D513C380169F15C50096616D /* lightbulb@2x.png in Resources */ = {isa = PBXBuildFile; fileRef = D513C37C169F15C50096616D /* lightbulb@2x.png */; };
		D513C383169F19460096616D /* star.png in Resources */ = {isa = PBXBuildFile; fileRef = D513C381169F19460096616D /* star.png */; };
		D513C384169F19460096616D /* star@2x.png in Resources */ = {isa = PBXBuildFile; fileRef = D513C382169F19460096616D /* star@2x.png */; };
		D513C387169F36180096616D /* greyStarFav.png in Resources */ = {isa = PBXBuildFile; fileRef = D513C385169F36180096616D /* greyStarFav.png */; };
		D513C388169F36180096616D /* greyStarFav@2x.png in Resources */ = {isa = PBXBuildFile; fileRef = D513C386169F36180096616D /* greyStarFav@2x.png */; };
		D513C38B169F4FA10096616D /* goldStarFav.png in Resources */ = {isa = PBXBuildFile; fileRef = D513C389169F4FA00096616D /* goldStarFav.png */; };
		D513C38C169F4FA10096616D /* goldStarFav@2x.png in Resources */ = {isa = PBXBuildFile; fileRef = D513C38A169F4FA00096616D /* goldStarFav@2x.png */; };
		D513C393169F631E0096616D /* compass.png in Resources */ = {isa = PBXBuildFile; fileRef = D513C391169F631E0096616D /* compass.png */; };
		D513C394169F631E0096616D /* compass@2x.png in Resources */ = {isa = PBXBuildFile; fileRef = D513C392169F631E0096616D /* compass@2x.png */; };
		D513C397169F63450096616D /* compassClear.png in Resources */ = {isa = PBXBuildFile; fileRef = D513C395169F63450096616D /* compassClear.png */; };
		D513C398169F63450096616D /* compassClear@2x.png in Resources */ = {isa = PBXBuildFile; fileRef = D513C396169F63450096616D /* compassClear@2x.png */; };
		D513C39F169F956E0096616D /* whiteStarFav.png in Resources */ = {isa = PBXBuildFile; fileRef = D513C39D169F956E0096616D /* whiteStarFav.png */; };
		D513C3A0169F956E0096616D /* whiteStarFav@2x.png in Resources */ = {isa = PBXBuildFile; fileRef = D513C39E169F956E0096616D /* whiteStarFav@2x.png */; };
		D513C3A816A076630096616D /* info.png in Resources */ = {isa = PBXBuildFile; fileRef = D513C3A616A076630096616D /* info.png */; };
		D513C3A916A076630096616D /* info@2x.png in Resources */ = {isa = PBXBuildFile; fileRef = D513C3A716A076630096616D /* info@2x.png */; };
		D513C3AD16A077CC0096616D /* user.png in Resources */ = {isa = PBXBuildFile; fileRef = D513C3AB16A077CC0096616D /* user.png */; };
		D513C3AE16A077CC0096616D /* user@2x.png in Resources */ = {isa = PBXBuildFile; fileRef = D513C3AC16A077CC0096616D /* user@2x.png */; };
		D513C3B516A2AC0D0096616D /* compass5050.png in Resources */ = {isa = PBXBuildFile; fileRef = D513C3B316A2AC0D0096616D /* compass5050.png */; };
		D513C3B616A2AC0D0096616D /* compass5050@2x.png in Resources */ = {isa = PBXBuildFile; fileRef = D513C3B416A2AC0D0096616D /* compass5050@2x.png */; };
		D513C3C616A388460096616D /* AGInfoListViewController.m in Sources */ = {isa = PBXBuildFile; fileRef = D513C3C516A388460096616D /* AGInfoListViewController.m */; };
		D513C3DB16A60CB00096616D /* AGCompassView.m in Sources */ = {isa = PBXBuildFile; fileRef = D513C3DA16A60CB00096616D /* AGCompassView.m */; };
		D513C3EE16A614810096616D /* AGStringUtilities.m in Sources */ = {isa = PBXBuildFile; fileRef = D513C3ED16A614810096616D /* AGStringUtilities.m */; };
		D513C3FD16A75E970096616D /* Model.xcdatamodeld in Sources */ = {isa = PBXBuildFile; fileRef = D513C3FB16A75E970096616D /* Model.xcdatamodeld */; };
		D513C40016A9C3B20096616D /* restaurantList.json in Resources */ = {isa = PBXBuildFile; fileRef = D513C3FF16A9C3B20096616D /* restaurantList.json */; };
		D513C40316A9EE430096616D /* AGRestaurant.m in Sources */ = {isa = PBXBuildFile; fileRef = D513C40216A9EE430096616D /* AGRestaurant.m */; };
		D513C40F16AA04090096616D /* AGLocationManager.m in Sources */ = {isa = PBXBuildFile; fileRef = D513C40E16AA04090096616D /* AGLocationManager.m */; };
		D513C41216AA121E0096616D /* AGRestaurantManager.m in Sources */ = {isa = PBXBuildFile; fileRef = D513C41116AA121D0096616D /* AGRestaurantManager.m */; };
		D513C44316ADF6CE0096616D /* CoreData.framework in Frameworks */ = {isa = PBXBuildFile; fileRef = D513C44216ADF6CE0096616D /* CoreData.framework */; };
		D513C45116AE2E760096616D /* AGFavManager.m in Sources */ = {isa = PBXBuildFile; fileRef = D513C45016AE2E760096616D /* AGFavManager.m */; };
		D513C45616AE33950096616D /* AGFavAnimal.m in Sources */ = {isa = PBXBuildFile; fileRef = D513C45516AE33910096616D /* AGFavAnimal.m */; };
		D513C45D16AEC2CC0096616D /* AGAlertView.m in Sources */ = {isa = PBXBuildFile; fileRef = D513C45C16AEC2CC0096616D /* AGAlertView.m */; };
		D513C46F16AEF57B0096616D /* AGMyZooListViewController.m in Sources */ = {isa = PBXBuildFile; fileRef = D513C46E16AEF57B0096616D /* AGMyZooListViewController.m */; };
		D513C47B16AEF90A0096616D /* AGCoreDataHelper.m in Sources */ = {isa = PBXBuildFile; fileRef = D513C47A16AEF8DC0096616D /* AGCoreDataHelper.m */; };
		D513C48116AF2CB20096616D /* AGInfoDetailViewController.m in Sources */ = {isa = PBXBuildFile; fileRef = D513C48016AF2CB20096616D /* AGInfoDetailViewController.m */; };
		D55D27FB163AEEDC00B715DB /* amurleopard.png in Resources */ = {isa = PBXBuildFile; fileRef = D55D27F5163AEEDC00B715DB /* amurleopard.png */; };
		D55D27FC163AEEDC00B715DB /* azurblauerPfeilgiftfrosch.png in Resources */ = {isa = PBXBuildFile; fileRef = D55D27F6163AEEDC00B715DB /* azurblauerPfeilgiftfrosch.png */; };
		D55D27FD163AEEDC00B715DB /* diademSeeigel.png in Resources */ = {isa = PBXBuildFile; fileRef = D55D27F7163AEEDC00B715DB /* diademSeeigel.png */; };
		D55D27FE163AEEDC00B715DB /* gruenerHundskopfschlinger.png in Resources */ = {isa = PBXBuildFile; fileRef = D55D27F8163AEEDC00B715DB /* gruenerHundskopfschlinger.png */; };
		D55D27FF163AEEDC00B715DB /* netzmuraene.png in Resources */ = {isa = PBXBuildFile; fileRef = D55D27F9163AEEDC00B715DB /* netzmuraene.png */; };
		D55D2800163AEEDC00B715DB /* roterFlamingo.png in Resources */ = {isa = PBXBuildFile; fileRef = D55D27FA163AEEDC00B715DB /* roterFlamingo.png */; };
		D55D2803163AF30E00B715DB /* rotschildgiraffe.png in Resources */ = {isa = PBXBuildFile; fileRef = D55D2802163AF30E00B715DB /* rotschildgiraffe.png */; };
		D55D2805163AF8D500B715DB /* asiatischerElefant.png in Resources */ = {isa = PBXBuildFile; fileRef = D55D2804163AF8D500B715DB /* asiatischerElefant.png */; };
		D55D2807163AF8DA00B715DB /* bonobo.png in Resources */ = {isa = PBXBuildFile; fileRef = D55D2806163AF8DA00B715DB /* bonobo.png */; };
		D55D2809163AF8E300B715DB /* zweifingerFaultier.png in Resources */ = {isa = PBXBuildFile; fileRef = D55D2808163AF8E300B715DB /* zweifingerFaultier.png */; };
		D568AA11163931C700270E8B /* africa.png in Resources */ = {isa = PBXBuildFile; fileRef = D568AA04163931C700270E8B /* africa.png */; };
		D568AA12163931C700270E8B /* allAnimals.png in Resources */ = {isa = PBXBuildFile; fileRef = D568AA05163931C700270E8B /* allAnimals.png */; };
		D568AA13163931C700270E8B /* amphibians.png in Resources */ = {isa = PBXBuildFile; fileRef = D568AA06163931C700270E8B /* amphibians.png */; };
		D568AA14163931C700270E8B /* asia.png in Resources */ = {isa = PBXBuildFile; fileRef = D568AA07163931C700270E8B /* asia.png */; };
		D568AA15163931C700270E8B /* birds.png in Resources */ = {isa = PBXBuildFile; fileRef = D568AA08163931C700270E8B /* birds.png */; };
		D568AA16163931C700270E8B /* fish.png in Resources */ = {isa = PBXBuildFile; fileRef = D568AA09163931C700270E8B /* fish.png */; };
		D568AA17163931C700270E8B /* foundersGarden.png in Resources */ = {isa = PBXBuildFile; fileRef = D568AA0A163931C700270E8B /* foundersGarden.png */; };
		D568AA18163931C700270E8B /* gondwanaland.png in Resources */ = {isa = PBXBuildFile; fileRef = D568AA0B163931C700270E8B /* gondwanaland.png */; };
		D568AA19163931C700270E8B /* invertebrates.png in Resources */ = {isa = PBXBuildFile; fileRef = D568AA0C163931C700270E8B /* invertebrates.png */; };
		D568AA1A163931C700270E8B /* mammals.png in Resources */ = {isa = PBXBuildFile; fileRef = D568AA0D163931C700270E8B /* mammals.png */; };
		D568AA1B163931C700270E8B /* pongoland.png in Resources */ = {isa = PBXBuildFile; fileRef = D568AA0E163931C700270E8B /* pongoland.png */; };
		D568AA1C163931C700270E8B /* reptiles.png in Resources */ = {isa = PBXBuildFile; fileRef = D568AA0F163931C700270E8B /* reptiles.png */; };
		D568AA1D163931C700270E8B /* southAmerica.png in Resources */ = {isa = PBXBuildFile; fileRef = D568AA10163931C700270E8B /* southAmerica.png */; };
		D568AA2416396C6100270E8B /* AGAnimalManager.m in Sources */ = {isa = PBXBuildFile; fileRef = D568AA2316396C6100270E8B /* AGAnimalManager.m */; };
		D571C75A169CAE9700C63A04 /* AGAnimalDetailViewController.m in Sources */ = {isa = PBXBuildFile; fileRef = D571C759169CAE9700C63A04 /* AGAnimalDetailViewController.m */; };
		D590E5CA169E67DE00FF3A9E /* chalkboard.png in Resources */ = {isa = PBXBuildFile; fileRef = D590E5C8169E67DE00FF3A9E /* chalkboard.png */; };
		D590E5CB169E67DE00FF3A9E /* chalkboard@2x.png in Resources */ = {isa = PBXBuildFile; fileRef = D590E5C9169E67DE00FF3A9E /* chalkboard@2x.png */; };
		D5AF86151638661900129120 /* Colors.m in Sources */ = {isa = PBXBuildFile; fileRef = D5AF86141638661900129120 /* Colors.m */; };
		D5B0081416300370008EB564 /* AnimalDetailViewController.m in Sources */ = {isa = PBXBuildFile; fileRef = D5B0081316300370008EB564 /* AnimalDetailViewController.m */; };
		D5B0082016300B4E008EB564 /* AGAnimal.m in Sources */ = {isa = PBXBuildFile; fileRef = D5B0081F16300B4E008EB564 /* AGAnimal.m */; };
		D5B0083516314506008EB564 /* AGLocation.m in Sources */ = {isa = PBXBuildFile; fileRef = D5B0083416314506008EB564 /* AGLocation.m */; };
		D5B0084416356F15008EB564 /* AGAnimalMapViewController.m in Sources */ = {isa = PBXBuildFile; fileRef = D5B0084316356F15008EB564 /* AGAnimalMapViewController.m */; };
		D5B00853163590B7008EB564 /* Icon-72.png in Resources */ = {isa = PBXBuildFile; fileRef = D5B00852163590B6008EB564 /* Icon-72.png */; };
		D5B0085E163818BF008EB564 /* AnimalFilterViewController.m in Sources */ = {isa = PBXBuildFile; fileRef = D5B0085D163818BF008EB564 /* AnimalFilterViewController.m */; };
		D5B0086016382DFC008EB564 /* AnimalFilterTableCell.xib in Resources */ = {isa = PBXBuildFile; fileRef = D5B0085F16382DFB008EB564 /* AnimalFilterTableCell.xib */; };
		D5B0086316383021008EB564 /* AnimalFilterTableCell.m in Sources */ = {isa = PBXBuildFile; fileRef = D5B0086216383020008EB564 /* AnimalFilterTableCell.m */; };
		D5DDE862169B1E8C0009048B /* AGAnimalListTableCell.m in Sources */ = {isa = PBXBuildFile; fileRef = D5DDE861169B1E8C0009048B /* AGAnimalListTableCell.m */; };
		D5DDE864169B1F3F0009048B /* AGAnimalListTableCell.xib in Resources */ = {isa = PBXBuildFile; fileRef = D5DDE863169B1F3F0009048B /* AGAnimalListTableCell.xib */; };
		D5DDE875169B35100009048B /* background.jpg in Resources */ = {isa = PBXBuildFile; fileRef = D5DDE867169B35100009048B /* background.jpg */; };
		D5DDE876169B35100009048B /* background@2x.jpg in Resources */ = {isa = PBXBuildFile; fileRef = D5DDE868169B35100009048B /* background@2x.jpg */; };
		D5DDE877169B35100009048B /* latte1halb.png in Resources */ = {isa = PBXBuildFile; fileRef = D5DDE869169B35100009048B /* latte1halb.png */; };
		D5DDE878169B35100009048B /* latte1halb@2x.png in Resources */ = {isa = PBXBuildFile; fileRef = D5DDE86A169B35100009048B /* latte1halb@2x.png */; };
		D5DDE879169B35100009048B /* latte2halb.png in Resources */ = {isa = PBXBuildFile; fileRef = D5DDE86B169B35100009048B /* latte2halb.png */; };
		D5DDE87A169B35100009048B /* latte2halb@2x.png in Resources */ = {isa = PBXBuildFile; fileRef = D5DDE86C169B35100009048B /* latte2halb@2x.png */; };
		D5DDE87B169B35100009048B /* latte3halb.png in Resources */ = {isa = PBXBuildFile; fileRef = D5DDE86D169B35100009048B /* latte3halb.png */; };
		D5DDE87C169B35100009048B /* latte3halb@2x.png in Resources */ = {isa = PBXBuildFile; fileRef = D5DDE86E169B35100009048B /* latte3halb@2x.png */; };
		D5DDE885169B36F70009048B /* latte0halb.png in Resources */ = {isa = PBXBuildFile; fileRef = D5DDE883169B36F70009048B /* latte0halb.png */; };
		D5DDE886169B36F70009048B /* latte0halb@2x.png in Resources */ = {isa = PBXBuildFile; fileRef = D5DDE884169B36F70009048B /* latte0halb@2x.png */; };
		D5DDE889169B37B80009048B /* latte4halb.png in Resources */ = {isa = PBXBuildFile; fileRef = D5DDE887169B37B80009048B /* latte4halb.png */; };
		D5DDE88A169B37B80009048B /* latte4halb@2x.png in Resources */ = {isa = PBXBuildFile; fileRef = D5DDE888169B37B80009048B /* latte4halb@2x.png */; };
		D5F31B8216B2ECD9005A798A /* Styles.css in Resources */ = {isa = PBXBuildFile; fileRef = D5F31B8116B2ECD9005A798A /* Styles.css */; };
		D5F31B8616B2ED61005A798A /* AGInfoDetailWebViewController.m in Sources */ = {isa = PBXBuildFile; fileRef = D5F31B8516B2ED61005A798A /* AGInfoDetailWebViewController.m */; };
		D5F31B9516B2F27F005A798A /* lockers.html in Resources */ = {isa = PBXBuildFile; fileRef = D5F31B9216B2F27F005A798A /* lockers.html */; };
		D5F31B9616B2F27F005A798A /* openingHours.html in Resources */ = {isa = PBXBuildFile; fileRef = D5F31B9316B2F27F005A798A /* openingHours.html */; };
		D5F31B9716B2F27F005A798A /* prices.html in Resources */ = {isa = PBXBuildFile; fileRef = D5F31B9416B2F27F005A798A /* prices.html */; };
		D5F31B9916B2F2AA005A798A /* wheelchairAccess.html in Resources */ = {isa = PBXBuildFile; fileRef = D5F31B9816B2F2AA005A798A /* wheelchairAccess.html */; };
		D5F31B9F16B2F316005A798A /* kidsService.html in Resources */ = {isa = PBXBuildFile; fileRef = D5F31B9E16B2F316005A798A /* kidsService.html */; };
		D5F31BA316B2F351005A798A /* events.html in Resources */ = {isa = PBXBuildFile; fileRef = D5F31BA216B2F351005A798A /* events.html */; };
		D5F31BA516B2F366005A798A /* guidedTours.html in Resources */ = {isa = PBXBuildFile; fileRef = D5F31BA416B2F366005A798A /* guidedTours.html */; };
		D5F31BA716B2F47E005A798A /* zooRules.html in Resources */ = {isa = PBXBuildFile; fileRef = D5F31BA616B2F47E005A798A /* zooRules.html */; };
		D5F31BBB16B42BE9005A798A /* QuartzCore.framework in Frameworks */ = {isa = PBXBuildFile; fileRef = D5F31BBA16B42BE8005A798A /* QuartzCore.framework */; };
		D5F31BBD16B42BF7005A798A /* SystemConfiguration.framework in Frameworks */ = {isa = PBXBuildFile; fileRef = D5F31BBC16B42BF7005A798A /* SystemConfiguration.framework */; };
		D5F31C0A16B56039005A798A /* HockeySDK.framework in Frameworks */ = {isa = PBXBuildFile; fileRef = D5F31C0616B56039005A798A /* HockeySDK.framework */; };
		D5F31C0B16B56039005A798A /* HockeySDK.xcconfig in Resources */ = {isa = PBXBuildFile; fileRef = D5F31C0816B56039005A798A /* HockeySDK.xcconfig */; };
		D5F31C0C16B56039005A798A /* HockeySDKResources.bundle in Resources */ = {isa = PBXBuildFile; fileRef = D5F31C0916B56039005A798A /* HockeySDKResources.bundle */; };
/* End PBXBuildFile section */

/* Begin PBXFileReference section */
		D5135B42162F077700743CC5 /* ZooApp.app */ = {isa = PBXFileReference; explicitFileType = wrapper.application; includeInIndex = 0; path = ZooApp.app; sourceTree = BUILT_PRODUCTS_DIR; };
		D5135B46162F077700743CC5 /* UIKit.framework */ = {isa = PBXFileReference; lastKnownFileType = wrapper.framework; name = UIKit.framework; path = System/Library/Frameworks/UIKit.framework; sourceTree = SDKROOT; };
		D5135B48162F077700743CC5 /* Foundation.framework */ = {isa = PBXFileReference; lastKnownFileType = wrapper.framework; name = Foundation.framework; path = System/Library/Frameworks/Foundation.framework; sourceTree = SDKROOT; };
		D5135B4A162F077700743CC5 /* CoreGraphics.framework */ = {isa = PBXFileReference; lastKnownFileType = wrapper.framework; name = CoreGraphics.framework; path = System/Library/Frameworks/CoreGraphics.framework; sourceTree = SDKROOT; };
		D5135B4E162F077700743CC5 /* ZooApp-Info.plist */ = {isa = PBXFileReference; lastKnownFileType = text.plist.xml; path = "ZooApp-Info.plist"; sourceTree = "<group>"; };
		D5135B50162F077700743CC5 /* en */ = {isa = PBXFileReference; lastKnownFileType = text.plist.strings; name = en; path = en.lproj/InfoPlist.strings; sourceTree = "<group>"; };
		D5135B52162F077700743CC5 /* main.m */ = {isa = PBXFileReference; lastKnownFileType = sourcecode.c.objc; path = main.m; sourceTree = "<group>"; };
		D5135B54162F077700743CC5 /* ZooApp-Prefix.pch */ = {isa = PBXFileReference; lastKnownFileType = sourcecode.c.h; path = "ZooApp-Prefix.pch"; sourceTree = "<group>"; };
		D5135B55162F077700743CC5 /* AppDelegate.h */ = {isa = PBXFileReference; lastKnownFileType = sourcecode.c.h; path = AppDelegate.h; sourceTree = "<group>"; };
		D5135B56162F077700743CC5 /* AppDelegate.m */ = {isa = PBXFileReference; lastKnownFileType = sourcecode.c.objc; path = AppDelegate.m; sourceTree = "<group>"; };
		D5135B58162F077700743CC5 /* Default.png */ = {isa = PBXFileReference; lastKnownFileType = image.png; path = Default.png; sourceTree = "<group>"; };
		D5135B5A162F077700743CC5 /* Default@2x.png */ = {isa = PBXFileReference; lastKnownFileType = image.png; path = "Default@2x.png"; sourceTree = "<group>"; };
		D5135B5C162F077700743CC5 /* Default-568h@2x.png */ = {isa = PBXFileReference; lastKnownFileType = image.png; path = "Default-568h@2x.png"; sourceTree = "<group>"; };
		D5135B64162F0DDA00743CC5 /* animalList.json */ = {isa = PBXFileReference; fileEncoding = 4; lastKnownFileType = text.json; path = animalList.json; sourceTree = "<group>"; };
		D5135B66162F0E0000743CC5 /* Storyboard.storyboard */ = {isa = PBXFileReference; fileEncoding = 4; lastKnownFileType = file.storyboard; path = Storyboard.storyboard; sourceTree = "<group>"; };
		D5135B69162FEDFC00743CC5 /* MapViewController.h */ = {isa = PBXFileReference; fileEncoding = 4; lastKnownFileType = sourcecode.c.h; name = MapViewController.h; path = ViewController/MapViewController.h; sourceTree = "<group>"; };
		D5135B6A162FEDFC00743CC5 /* MapViewController.m */ = {isa = PBXFileReference; fileEncoding = 4; lastKnownFileType = sourcecode.c.objc; name = MapViewController.m; path = ViewController/MapViewController.m; sourceTree = "<group>"; };
		D5135B6C162FEE0D00743CC5 /* AGAnimalListViewController.h */ = {isa = PBXFileReference; fileEncoding = 4; lastKnownFileType = sourcecode.c.h; name = AGAnimalListViewController.h; path = ViewController/AGAnimalListViewController.h; sourceTree = "<group>"; };
		D5135B6D162FEE0E00743CC5 /* AGAnimalListViewController.m */ = {isa = PBXFileReference; fileEncoding = 4; lastKnownFileType = sourcecode.c.objc; name = AGAnimalListViewController.m; path = ViewController/AGAnimalListViewController.m; sourceTree = "<group>"; };
		D5135B6F162FEEB600743CC5 /* MapKit.framework */ = {isa = PBXFileReference; lastKnownFileType = wrapper.framework; name = MapKit.framework; path = System/Library/Frameworks/MapKit.framework; sourceTree = SDKROOT; };
		D5135B71162FEECD00743CC5 /* CoreLocation.framework */ = {isa = PBXFileReference; lastKnownFileType = wrapper.framework; name = CoreLocation.framework; path = System/Library/Frameworks/CoreLocation.framework; sourceTree = SDKROOT; };
		D513C362169F05430096616D /* rahmen@2x.png */ = {isa = PBXFileReference; lastKnownFileType = image.png; path = "rahmen@2x.png"; sourceTree = "<group>"; };
		D513C365169F08F50096616D /* rahmen.png */ = {isa = PBXFileReference; lastKnownFileType = image.png; path = rahmen.png; sourceTree = "<group>"; };
		D513C368169F10A90096616D /* paw.png */ = {isa = PBXFileReference; lastKnownFileType = image.png; path = paw.png; sourceTree = "<group>"; };
		D513C369169F10A90096616D /* paw@2x.png */ = {isa = PBXFileReference; lastKnownFileType = image.png; path = "paw@2x.png"; sourceTree = "<group>"; };
		D513C36C169F111C0096616D /* map.png */ = {isa = PBXFileReference; lastKnownFileType = image.png; path = map.png; sourceTree = "<group>"; };
		D513C36D169F111C0096616D /* map@2x.png */ = {isa = PBXFileReference; lastKnownFileType = image.png; path = "map@2x.png"; sourceTree = "<group>"; };
		D513C371169F12A00096616D /* house.png */ = {isa = PBXFileReference; lastKnownFileType = image.png; name = house.png; path = Animals/house.png; sourceTree = "<group>"; };
		D513C372169F12A00096616D /* house@2x.png */ = {isa = PBXFileReference; lastKnownFileType = image.png; name = "house@2x.png"; path = "Animals/house@2x.png"; sourceTree = "<group>"; };
		D513C375169F14710096616D /* book.png */ = {isa = PBXFileReference; lastKnownFileType = image.png; path = book.png; sourceTree = "<group>"; };
		D513C376169F14710096616D /* book@2x.png */ = {isa = PBXFileReference; lastKnownFileType = image.png; path = "book@2x.png"; sourceTree = "<group>"; };
		D513C379169F15C50096616D /* clock.png */ = {isa = PBXFileReference; lastKnownFileType = image.png; path = clock.png; sourceTree = "<group>"; };
		D513C37A169F15C50096616D /* clock@2x.png */ = {isa = PBXFileReference; lastKnownFileType = image.png; path = "clock@2x.png"; sourceTree = "<group>"; };
		D513C37B169F15C50096616D /* lightbulb.png */ = {isa = PBXFileReference; lastKnownFileType = image.png; path = lightbulb.png; sourceTree = "<group>"; };
		D513C37C169F15C50096616D /* lightbulb@2x.png */ = {isa = PBXFileReference; lastKnownFileType = image.png; path = "lightbulb@2x.png"; sourceTree = "<group>"; };
		D513C381169F19460096616D /* star.png */ = {isa = PBXFileReference; lastKnownFileType = image.png; path = star.png; sourceTree = "<group>"; };
		D513C382169F19460096616D /* star@2x.png */ = {isa = PBXFileReference; lastKnownFileType = image.png; path = "star@2x.png"; sourceTree = "<group>"; };
		D513C385169F36180096616D /* greyStarFav.png */ = {isa = PBXFileReference; lastKnownFileType = image.png; path = greyStarFav.png; sourceTree = "<group>"; };
		D513C386169F36180096616D /* greyStarFav@2x.png */ = {isa = PBXFileReference; lastKnownFileType = image.png; path = "greyStarFav@2x.png"; sourceTree = "<group>"; };
		D513C389169F4FA00096616D /* goldStarFav.png */ = {isa = PBXFileReference; lastKnownFileType = image.png; path = goldStarFav.png; sourceTree = "<group>"; };
		D513C38A169F4FA00096616D /* goldStarFav@2x.png */ = {isa = PBXFileReference; lastKnownFileType = image.png; path = "goldStarFav@2x.png"; sourceTree = "<group>"; };
		D513C391169F631E0096616D /* compass.png */ = {isa = PBXFileReference; lastKnownFileType = image.png; path = compass.png; sourceTree = "<group>"; };
		D513C392169F631E0096616D /* compass@2x.png */ = {isa = PBXFileReference; lastKnownFileType = image.png; path = "compass@2x.png"; sourceTree = "<group>"; };
		D513C395169F63450096616D /* compassClear.png */ = {isa = PBXFileReference; lastKnownFileType = image.png; path = compassClear.png; sourceTree = "<group>"; };
		D513C396169F63450096616D /* compassClear@2x.png */ = {isa = PBXFileReference; lastKnownFileType = image.png; path = "compassClear@2x.png"; sourceTree = "<group>"; };
		D513C39D169F956E0096616D /* whiteStarFav.png */ = {isa = PBXFileReference; lastKnownFileType = image.png; path = whiteStarFav.png; sourceTree = "<group>"; };
		D513C39E169F956E0096616D /* whiteStarFav@2x.png */ = {isa = PBXFileReference; lastKnownFileType = image.png; path = "whiteStarFav@2x.png"; sourceTree = "<group>"; };
		D513C3A616A076630096616D /* info.png */ = {isa = PBXFileReference; lastKnownFileType = image.png; path = info.png; sourceTree = "<group>"; };
		D513C3A716A076630096616D /* info@2x.png */ = {isa = PBXFileReference; lastKnownFileType = image.png; path = "info@2x.png"; sourceTree = "<group>"; };
		D513C3AB16A077CC0096616D /* user.png */ = {isa = PBXFileReference; lastKnownFileType = image.png; path = user.png; sourceTree = "<group>"; };
		D513C3AC16A077CC0096616D /* user@2x.png */ = {isa = PBXFileReference; lastKnownFileType = image.png; path = "user@2x.png"; sourceTree = "<group>"; };
		D513C3B316A2AC0D0096616D /* compass5050.png */ = {isa = PBXFileReference; lastKnownFileType = image.png; path = compass5050.png; sourceTree = "<group>"; };
		D513C3B416A2AC0D0096616D /* compass5050@2x.png */ = {isa = PBXFileReference; lastKnownFileType = image.png; path = "compass5050@2x.png"; sourceTree = "<group>"; };
		D513C3C416A388460096616D /* AGInfoListViewController.h */ = {isa = PBXFileReference; fileEncoding = 4; lastKnownFileType = sourcecode.c.h; name = AGInfoListViewController.h; path = ViewController/AGInfoListViewController.h; sourceTree = "<group>"; };
		D513C3C516A388460096616D /* AGInfoListViewController.m */ = {isa = PBXFileReference; fileEncoding = 4; lastKnownFileType = sourcecode.c.objc; name = AGInfoListViewController.m; path = ViewController/AGInfoListViewController.m; sourceTree = "<group>"; };
		D513C3D916A60CB00096616D /* AGCompassView.h */ = {isa = PBXFileReference; fileEncoding = 4; lastKnownFileType = sourcecode.c.h; name = AGCompassView.h; path = ViewController/AGCompassView.h; sourceTree = "<group>"; };
		D513C3DA16A60CB00096616D /* AGCompassView.m */ = {isa = PBXFileReference; fileEncoding = 4; lastKnownFileType = sourcecode.c.objc; name = AGCompassView.m; path = ViewController/AGCompassView.m; sourceTree = "<group>"; };
		D513C3EC16A614810096616D /* AGStringUtilities.h */ = {isa = PBXFileReference; fileEncoding = 4; lastKnownFileType = sourcecode.c.h; name = AGStringUtilities.h; path = Helper/AGStringUtilities.h; sourceTree = "<group>"; };
		D513C3ED16A614810096616D /* AGStringUtilities.m */ = {isa = PBXFileReference; fileEncoding = 4; lastKnownFileType = sourcecode.c.objc; name = AGStringUtilities.m; path = Helper/AGStringUtilities.m; sourceTree = "<group>"; };
		D513C3FC16A75E970096616D /* Model.xcdatamodel */ = {isa = PBXFileReference; lastKnownFileType = wrapper.xcdatamodel; path = Model.xcdatamodel; sourceTree = "<group>"; };
		D513C3FF16A9C3B20096616D /* restaurantList.json */ = {isa = PBXFileReference; fileEncoding = 4; lastKnownFileType = text.json; path = restaurantList.json; sourceTree = "<group>"; };
		D513C40116A9EE420096616D /* AGRestaurant.h */ = {isa = PBXFileReference; fileEncoding = 4; lastKnownFileType = sourcecode.c.h; path = AGRestaurant.h; sourceTree = "<group>"; };
		D513C40216A9EE430096616D /* AGRestaurant.m */ = {isa = PBXFileReference; fileEncoding = 4; lastKnownFileType = sourcecode.c.objc; path = AGRestaurant.m; sourceTree = "<group>"; };
		D513C40D16AA04090096616D /* AGLocationManager.h */ = {isa = PBXFileReference; fileEncoding = 4; lastKnownFileType = sourcecode.c.h; name = AGLocationManager.h; path = ZooApp/Model/AGLocationManager.h; sourceTree = SOURCE_ROOT; };
		D513C40E16AA04090096616D /* AGLocationManager.m */ = {isa = PBXFileReference; fileEncoding = 4; lastKnownFileType = sourcecode.c.objc; name = AGLocationManager.m; path = ZooApp/Model/AGLocationManager.m; sourceTree = SOURCE_ROOT; };
		D513C41016AA121D0096616D /* AGRestaurantManager.h */ = {isa = PBXFileReference; fileEncoding = 4; lastKnownFileType = sourcecode.c.h; path = AGRestaurantManager.h; sourceTree = "<group>"; };
		D513C41116AA121D0096616D /* AGRestaurantManager.m */ = {isa = PBXFileReference; fileEncoding = 4; lastKnownFileType = sourcecode.c.objc; path = AGRestaurantManager.m; sourceTree = "<group>"; };
		D513C44216ADF6CE0096616D /* CoreData.framework */ = {isa = PBXFileReference; lastKnownFileType = wrapper.framework; name = CoreData.framework; path = System/Library/Frameworks/CoreData.framework; sourceTree = SDKROOT; };
		D513C44F16AE2E760096616D /* AGFavManager.h */ = {isa = PBXFileReference; fileEncoding = 4; lastKnownFileType = sourcecode.c.h; name = AGFavManager.h; path = UserData/AGFavManager.h; sourceTree = "<group>"; };
		D513C45016AE2E760096616D /* AGFavManager.m */ = {isa = PBXFileReference; fileEncoding = 4; lastKnownFileType = sourcecode.c.objc; name = AGFavManager.m; path = UserData/AGFavManager.m; sourceTree = "<group>"; };
		D513C45416AE338F0096616D /* AGFavAnimal.h */ = {isa = PBXFileReference; fileEncoding = 4; lastKnownFileType = sourcecode.c.h; name = AGFavAnimal.h; path = UserData/AGFavAnimal.h; sourceTree = "<group>"; };
		D513C45516AE33910096616D /* AGFavAnimal.m */ = {isa = PBXFileReference; fileEncoding = 4; lastKnownFileType = sourcecode.c.objc; name = AGFavAnimal.m; path = UserData/AGFavAnimal.m; sourceTree = "<group>"; };
		D513C45B16AEC2CC0096616D /* AGAlertView.h */ = {isa = PBXFileReference; fileEncoding = 4; lastKnownFileType = sourcecode.c.h; name = AGAlertView.h; path = Helper/AGAlertView.h; sourceTree = "<group>"; };
		D513C45C16AEC2CC0096616D /* AGAlertView.m */ = {isa = PBXFileReference; fileEncoding = 4; lastKnownFileType = sourcecode.c.objc; name = AGAlertView.m; path = Helper/AGAlertView.m; sourceTree = "<group>"; };
		D513C46D16AEF57B0096616D /* AGMyZooListViewController.h */ = {isa = PBXFileReference; fileEncoding = 4; lastKnownFileType = sourcecode.c.h; name = AGMyZooListViewController.h; path = ViewController/AGMyZooListViewController.h; sourceTree = "<group>"; };
		D513C46E16AEF57B0096616D /* AGMyZooListViewController.m */ = {isa = PBXFileReference; fileEncoding = 4; lastKnownFileType = sourcecode.c.objc; name = AGMyZooListViewController.m; path = ViewController/AGMyZooListViewController.m; sourceTree = "<group>"; };
		D513C47916AEF8DC0096616D /* AGCoreDataHelper.h */ = {isa = PBXFileReference; lastKnownFileType = sourcecode.c.h; name = AGCoreDataHelper.h; path = Helper/AGCoreDataHelper.h; sourceTree = "<group>"; };
		D513C47A16AEF8DC0096616D /* AGCoreDataHelper.m */ = {isa = PBXFileReference; lastKnownFileType = sourcecode.c.objc; name = AGCoreDataHelper.m; path = Helper/AGCoreDataHelper.m; sourceTree = "<group>"; };
		D513C47F16AF2CB20096616D /* AGInfoDetailViewController.h */ = {isa = PBXFileReference; fileEncoding = 4; lastKnownFileType = sourcecode.c.h; name = AGInfoDetailViewController.h; path = ViewController/AGInfoDetailViewController.h; sourceTree = "<group>"; };
		D513C48016AF2CB20096616D /* AGInfoDetailViewController.m */ = {isa = PBXFileReference; fileEncoding = 4; lastKnownFileType = sourcecode.c.objc; name = AGInfoDetailViewController.m; path = ViewController/AGInfoDetailViewController.m; sourceTree = "<group>"; };
		D55D27F5163AEEDC00B715DB /* amurleopard.png */ = {isa = PBXFileReference; lastKnownFileType = image.png; path = amurleopard.png; sourceTree = "<group>"; };
		D55D27F6163AEEDC00B715DB /* azurblauerPfeilgiftfrosch.png */ = {isa = PBXFileReference; lastKnownFileType = image.png; path = azurblauerPfeilgiftfrosch.png; sourceTree = "<group>"; };
		D55D27F7163AEEDC00B715DB /* diademSeeigel.png */ = {isa = PBXFileReference; lastKnownFileType = image.png; path = diademSeeigel.png; sourceTree = "<group>"; };
		D55D27F8163AEEDC00B715DB /* gruenerHundskopfschlinger.png */ = {isa = PBXFileReference; lastKnownFileType = image.png; path = gruenerHundskopfschlinger.png; sourceTree = "<group>"; };
		D55D27F9163AEEDC00B715DB /* netzmuraene.png */ = {isa = PBXFileReference; lastKnownFileType = image.png; path = netzmuraene.png; sourceTree = "<group>"; };
		D55D27FA163AEEDC00B715DB /* roterFlamingo.png */ = {isa = PBXFileReference; lastKnownFileType = image.png; path = roterFlamingo.png; sourceTree = "<group>"; };
		D55D2802163AF30E00B715DB /* rotschildgiraffe.png */ = {isa = PBXFileReference; lastKnownFileType = image.png; path = rotschildgiraffe.png; sourceTree = "<group>"; };
		D55D2804163AF8D500B715DB /* asiatischerElefant.png */ = {isa = PBXFileReference; lastKnownFileType = image.png; path = asiatischerElefant.png; sourceTree = "<group>"; };
		D55D2806163AF8DA00B715DB /* bonobo.png */ = {isa = PBXFileReference; lastKnownFileType = image.png; path = bonobo.png; sourceTree = "<group>"; };
		D55D2808163AF8E300B715DB /* zweifingerFaultier.png */ = {isa = PBXFileReference; lastKnownFileType = image.png; path = zweifingerFaultier.png; sourceTree = "<group>"; };
		D568AA04163931C700270E8B /* africa.png */ = {isa = PBXFileReference; lastKnownFileType = image.png; path = africa.png; sourceTree = "<group>"; };
		D568AA05163931C700270E8B /* allAnimals.png */ = {isa = PBXFileReference; lastKnownFileType = image.png; path = allAnimals.png; sourceTree = "<group>"; };
		D568AA06163931C700270E8B /* amphibians.png */ = {isa = PBXFileReference; lastKnownFileType = image.png; path = amphibians.png; sourceTree = "<group>"; };
		D568AA07163931C700270E8B /* asia.png */ = {isa = PBXFileReference; lastKnownFileType = image.png; path = asia.png; sourceTree = "<group>"; };
		D568AA08163931C700270E8B /* birds.png */ = {isa = PBXFileReference; lastKnownFileType = image.png; path = birds.png; sourceTree = "<group>"; };
		D568AA09163931C700270E8B /* fish.png */ = {isa = PBXFileReference; lastKnownFileType = image.png; path = fish.png; sourceTree = "<group>"; };
		D568AA0A163931C700270E8B /* foundersGarden.png */ = {isa = PBXFileReference; lastKnownFileType = image.png; path = foundersGarden.png; sourceTree = "<group>"; };
		D568AA0B163931C700270E8B /* gondwanaland.png */ = {isa = PBXFileReference; lastKnownFileType = image.png; path = gondwanaland.png; sourceTree = "<group>"; };
		D568AA0C163931C700270E8B /* invertebrates.png */ = {isa = PBXFileReference; lastKnownFileType = image.png; path = invertebrates.png; sourceTree = "<group>"; };
		D568AA0D163931C700270E8B /* mammals.png */ = {isa = PBXFileReference; lastKnownFileType = image.png; path = mammals.png; sourceTree = "<group>"; };
		D568AA0E163931C700270E8B /* pongoland.png */ = {isa = PBXFileReference; lastKnownFileType = image.png; path = pongoland.png; sourceTree = "<group>"; };
		D568AA0F163931C700270E8B /* reptiles.png */ = {isa = PBXFileReference; lastKnownFileType = image.png; path = reptiles.png; sourceTree = "<group>"; };
		D568AA10163931C700270E8B /* southAmerica.png */ = {isa = PBXFileReference; lastKnownFileType = image.png; path = southAmerica.png; sourceTree = "<group>"; };
		D568AA2216396C6100270E8B /* AGAnimalManager.h */ = {isa = PBXFileReference; fileEncoding = 4; lastKnownFileType = sourcecode.c.h; name = AGAnimalManager.h; path = ../Controller/AGAnimalManager.h; sourceTree = "<group>"; };
		D568AA2316396C6100270E8B /* AGAnimalManager.m */ = {isa = PBXFileReference; fileEncoding = 4; lastKnownFileType = sourcecode.c.objc; name = AGAnimalManager.m; path = ../Controller/AGAnimalManager.m; sourceTree = "<group>"; };
		D571C758169CAE9700C63A04 /* AGAnimalDetailViewController.h */ = {isa = PBXFileReference; fileEncoding = 4; lastKnownFileType = sourcecode.c.h; name = AGAnimalDetailViewController.h; path = ViewController/AGAnimalDetailViewController.h; sourceTree = "<group>"; };
		D571C759169CAE9700C63A04 /* AGAnimalDetailViewController.m */ = {isa = PBXFileReference; fileEncoding = 4; lastKnownFileType = sourcecode.c.objc; name = AGAnimalDetailViewController.m; path = ViewController/AGAnimalDetailViewController.m; sourceTree = "<group>"; };
		D590E5C8169E67DE00FF3A9E /* chalkboard.png */ = {isa = PBXFileReference; lastKnownFileType = image.png; path = chalkboard.png; sourceTree = "<group>"; };
		D590E5C9169E67DE00FF3A9E /* chalkboard@2x.png */ = {isa = PBXFileReference; lastKnownFileType = image.png; path = "chalkboard@2x.png"; sourceTree = "<group>"; };
		D5AF86131638661900129120 /* Colors.h */ = {isa = PBXFileReference; fileEncoding = 4; lastKnownFileType = sourcecode.c.h; path = Colors.h; sourceTree = "<group>"; };
		D5AF86141638661900129120 /* Colors.m */ = {isa = PBXFileReference; fileEncoding = 4; lastKnownFileType = sourcecode.c.objc; path = Colors.m; sourceTree = "<group>"; };
		D5B0081216300370008EB564 /* AnimalDetailViewController.h */ = {isa = PBXFileReference; fileEncoding = 4; lastKnownFileType = sourcecode.c.h; name = AnimalDetailViewController.h; path = ViewController/AnimalDetailViewController.h; sourceTree = "<group>"; };
		D5B0081316300370008EB564 /* AnimalDetailViewController.m */ = {isa = PBXFileReference; fileEncoding = 4; lastKnownFileType = sourcecode.c.objc; name = AnimalDetailViewController.m; path = ViewController/AnimalDetailViewController.m; sourceTree = "<group>"; };
		D5B0081E16300B4E008EB564 /* AGAnimal.h */ = {isa = PBXFileReference; fileEncoding = 4; lastKnownFileType = sourcecode.c.h; path = AGAnimal.h; sourceTree = "<group>"; };
		D5B0081F16300B4E008EB564 /* AGAnimal.m */ = {isa = PBXFileReference; fileEncoding = 4; lastKnownFileType = sourcecode.c.objc; path = AGAnimal.m; sourceTree = "<group>"; };
		D5B0083316314506008EB564 /* AGLocation.h */ = {isa = PBXFileReference; fileEncoding = 4; lastKnownFileType = sourcecode.c.h; path = AGLocation.h; sourceTree = "<group>"; };
		D5B0083416314506008EB564 /* AGLocation.m */ = {isa = PBXFileReference; fileEncoding = 4; lastKnownFileType = sourcecode.c.objc; path = AGLocation.m; sourceTree = "<group>"; };
		D5B0084216356F15008EB564 /* AGAnimalMapViewController.h */ = {isa = PBXFileReference; fileEncoding = 4; lastKnownFileType = sourcecode.c.h; name = AGAnimalMapViewController.h; path = ViewController/AGAnimalMapViewController.h; sourceTree = "<group>"; };
		D5B0084316356F15008EB564 /* AGAnimalMapViewController.m */ = {isa = PBXFileReference; fileEncoding = 4; lastKnownFileType = sourcecode.c.objc; name = AGAnimalMapViewController.m; path = ViewController/AGAnimalMapViewController.m; sourceTree = "<group>"; };
		D5B00852163590B6008EB564 /* Icon-72.png */ = {isa = PBXFileReference; lastKnownFileType = image.png; path = "Icon-72.png"; sourceTree = "<group>"; };
		D5B0085C163818BF008EB564 /* AnimalFilterViewController.h */ = {isa = PBXFileReference; fileEncoding = 4; lastKnownFileType = sourcecode.c.h; name = AnimalFilterViewController.h; path = ViewController/AnimalFilterViewController.h; sourceTree = "<group>"; };
		D5B0085D163818BF008EB564 /* AnimalFilterViewController.m */ = {isa = PBXFileReference; fileEncoding = 4; lastKnownFileType = sourcecode.c.objc; name = AnimalFilterViewController.m; path = ViewController/AnimalFilterViewController.m; sourceTree = "<group>"; };
		D5B0085F16382DFB008EB564 /* AnimalFilterTableCell.xib */ = {isa = PBXFileReference; fileEncoding = 4; lastKnownFileType = file.xib; name = AnimalFilterTableCell.xib; path = ViewController/AnimalFilterTableCell.xib; sourceTree = "<group>"; };
		D5B0086116383020008EB564 /* AnimalFilterTableCell.h */ = {isa = PBXFileReference; fileEncoding = 4; lastKnownFileType = sourcecode.c.h; name = AnimalFilterTableCell.h; path = ViewController/AnimalFilterTableCell.h; sourceTree = "<group>"; };
		D5B0086216383020008EB564 /* AnimalFilterTableCell.m */ = {isa = PBXFileReference; fileEncoding = 4; lastKnownFileType = sourcecode.c.objc; name = AnimalFilterTableCell.m; path = ViewController/AnimalFilterTableCell.m; sourceTree = "<group>"; };
		D5DDE860169B1E8C0009048B /* AGAnimalListTableCell.h */ = {isa = PBXFileReference; fileEncoding = 4; lastKnownFileType = sourcecode.c.h; name = AGAnimalListTableCell.h; path = ViewController/AGAnimalListTableCell.h; sourceTree = "<group>"; };
		D5DDE861169B1E8C0009048B /* AGAnimalListTableCell.m */ = {isa = PBXFileReference; fileEncoding = 4; lastKnownFileType = sourcecode.c.objc; name = AGAnimalListTableCell.m; path = ViewController/AGAnimalListTableCell.m; sourceTree = "<group>"; };
		D5DDE863169B1F3F0009048B /* AGAnimalListTableCell.xib */ = {isa = PBXFileReference; fileEncoding = 4; lastKnownFileType = file.xib; name = AGAnimalListTableCell.xib; path = ViewController/AGAnimalListTableCell.xib; sourceTree = "<group>"; };
		D5DDE867169B35100009048B /* background.jpg */ = {isa = PBXFileReference; lastKnownFileType = image.jpeg; path = background.jpg; sourceTree = "<group>"; };
		D5DDE868169B35100009048B /* background@2x.jpg */ = {isa = PBXFileReference; lastKnownFileType = image.jpeg; path = "background@2x.jpg"; sourceTree = "<group>"; };
		D5DDE869169B35100009048B /* latte1halb.png */ = {isa = PBXFileReference; lastKnownFileType = image.png; path = latte1halb.png; sourceTree = "<group>"; };
		D5DDE86A169B35100009048B /* latte1halb@2x.png */ = {isa = PBXFileReference; lastKnownFileType = image.png; path = "latte1halb@2x.png"; sourceTree = "<group>"; };
		D5DDE86B169B35100009048B /* latte2halb.png */ = {isa = PBXFileReference; lastKnownFileType = image.png; path = latte2halb.png; sourceTree = "<group>"; };
		D5DDE86C169B35100009048B /* latte2halb@2x.png */ = {isa = PBXFileReference; lastKnownFileType = image.png; path = "latte2halb@2x.png"; sourceTree = "<group>"; };
		D5DDE86D169B35100009048B /* latte3halb.png */ = {isa = PBXFileReference; lastKnownFileType = image.png; path = latte3halb.png; sourceTree = "<group>"; };
		D5DDE86E169B35100009048B /* latte3halb@2x.png */ = {isa = PBXFileReference; lastKnownFileType = image.png; path = "latte3halb@2x.png"; sourceTree = "<group>"; };
		D5DDE883169B36F70009048B /* latte0halb.png */ = {isa = PBXFileReference; lastKnownFileType = image.png; path = latte0halb.png; sourceTree = "<group>"; };
		D5DDE884169B36F70009048B /* latte0halb@2x.png */ = {isa = PBXFileReference; lastKnownFileType = image.png; path = "latte0halb@2x.png"; sourceTree = "<group>"; };
		D5DDE887169B37B80009048B /* latte4halb.png */ = {isa = PBXFileReference; lastKnownFileType = image.png; path = latte4halb.png; sourceTree = "<group>"; };
		D5DDE888169B37B80009048B /* latte4halb@2x.png */ = {isa = PBXFileReference; lastKnownFileType = image.png; path = "latte4halb@2x.png"; sourceTree = "<group>"; };
		D5F31B8116B2ECD9005A798A /* Styles.css */ = {isa = PBXFileReference; fileEncoding = 4; lastKnownFileType = text.css; path = Styles.css; sourceTree = "<group>"; };
		D5F31B8416B2ED61005A798A /* AGInfoDetailWebViewController.h */ = {isa = PBXFileReference; fileEncoding = 4; lastKnownFileType = sourcecode.c.h; name = AGInfoDetailWebViewController.h; path = ViewController/AGInfoDetailWebViewController.h; sourceTree = "<group>"; };
		D5F31B8516B2ED61005A798A /* AGInfoDetailWebViewController.m */ = {isa = PBXFileReference; fileEncoding = 4; lastKnownFileType = sourcecode.c.objc; name = AGInfoDetailWebViewController.m; path = ViewController/AGInfoDetailWebViewController.m; sourceTree = "<group>"; };
		D5F31B9216B2F27F005A798A /* lockers.html */ = {isa = PBXFileReference; fileEncoding = 4; lastKnownFileType = text.html; path = lockers.html; sourceTree = "<group>"; };
		D5F31B9316B2F27F005A798A /* openingHours.html */ = {isa = PBXFileReference; fileEncoding = 4; lastKnownFileType = text.html; path = openingHours.html; sourceTree = "<group>"; };
		D5F31B9416B2F27F005A798A /* prices.html */ = {isa = PBXFileReference; fileEncoding = 4; lastKnownFileType = text.html; path = prices.html; sourceTree = "<group>"; };
		D5F31B9816B2F2AA005A798A /* wheelchairAccess.html */ = {isa = PBXFileReference; fileEncoding = 4; lastKnownFileType = text.html; path = wheelchairAccess.html; sourceTree = "<group>"; };
		D5F31B9E16B2F316005A798A /* kidsService.html */ = {isa = PBXFileReference; fileEncoding = 4; lastKnownFileType = text.html; path = kidsService.html; sourceTree = "<group>"; };
		D5F31BA216B2F351005A798A /* events.html */ = {isa = PBXFileReference; fileEncoding = 4; lastKnownFileType = text.html; path = events.html; sourceTree = "<group>"; };
		D5F31BA416B2F366005A798A /* guidedTours.html */ = {isa = PBXFileReference; fileEncoding = 4; lastKnownFileType = text.html; path = guidedTours.html; sourceTree = "<group>"; };
		D5F31BA616B2F47E005A798A /* zooRules.html */ = {isa = PBXFileReference; fileEncoding = 4; lastKnownFileType = text.html; path = zooRules.html; sourceTree = "<group>"; };
		D5F31BBA16B42BE8005A798A /* QuartzCore.framework */ = {isa = PBXFileReference; lastKnownFileType = wrapper.framework; name = QuartzCore.framework; path = System/Library/Frameworks/QuartzCore.framework; sourceTree = SDKROOT; };
		D5F31BBC16B42BF7005A798A /* SystemConfiguration.framework */ = {isa = PBXFileReference; lastKnownFileType = wrapper.framework; name = SystemConfiguration.framework; path = System/Library/Frameworks/SystemConfiguration.framework; sourceTree = SDKROOT; };
		D5F31C0616B56039005A798A /* HockeySDK.framework */ = {isa = PBXFileReference; lastKnownFileType = wrapper.framework; path = HockeySDK.framework; sourceTree = "<group>"; };
		D5F31C0816B56039005A798A /* HockeySDK.xcconfig */ = {isa = PBXFileReference; fileEncoding = 4; lastKnownFileType = text.xcconfig; path = HockeySDK.xcconfig; sourceTree = "<group>"; };
		D5F31C0916B56039005A798A /* HockeySDKResources.bundle */ = {isa = PBXFileReference; lastKnownFileType = "wrapper.plug-in"; path = HockeySDKResources.bundle; sourceTree = "<group>"; };
/* End PBXFileReference section */

/* Begin PBXFrameworksBuildPhase section */
		D5135B3F162F077700743CC5 /* Frameworks */ = {
			isa = PBXFrameworksBuildPhase;
			buildActionMask = 2147483647;
			files = (
				D5F31BBD16B42BF7005A798A /* SystemConfiguration.framework in Frameworks */,
				D5F31BBB16B42BE9005A798A /* QuartzCore.framework in Frameworks */,
				D513C44316ADF6CE0096616D /* CoreData.framework in Frameworks */,
				D5135B72162FEECD00743CC5 /* CoreLocation.framework in Frameworks */,
				D5135B70162FEEB600743CC5 /* MapKit.framework in Frameworks */,
				D5135B47162F077700743CC5 /* UIKit.framework in Frameworks */,
				D5135B49162F077700743CC5 /* Foundation.framework in Frameworks */,
				D5135B4B162F077700743CC5 /* CoreGraphics.framework in Frameworks */,
				D5F31C0A16B56039005A798A /* HockeySDK.framework in Frameworks */,
			);
			runOnlyForDeploymentPostprocessing = 0;
		};
/* End PBXFrameworksBuildPhase section */

/* Begin PBXGroup section */
		D5135B37162F077700743CC5 = {
			isa = PBXGroup;
			children = (
				D5135B4C162F077700743CC5 /* ZooApp */,
				D568AA02163931C700270E8B /* Images */,
				D5135B45162F077700743CC5 /* Frameworks */,
				D5135B43162F077700743CC5 /* Products */,
			);
			sourceTree = "<group>";
		};
		D5135B43162F077700743CC5 /* Products */ = {
			isa = PBXGroup;
			children = (
				D5135B42162F077700743CC5 /* ZooApp.app */,
			);
			name = Products;
			sourceTree = "<group>";
		};
		D5135B45162F077700743CC5 /* Frameworks */ = {
			isa = PBXGroup;
			children = (
				D5F31C0516B56039005A798A /* HockeySDK.embeddedframework */,
				D5F31BBA16B42BE8005A798A /* QuartzCore.framework */,
				D5F31BBC16B42BF7005A798A /* SystemConfiguration.framework */,
				D513C44216ADF6CE0096616D /* CoreData.framework */,
				D5135B71162FEECD00743CC5 /* CoreLocation.framework */,
				D5135B6F162FEEB600743CC5 /* MapKit.framework */,
				D5135B46162F077700743CC5 /* UIKit.framework */,
				D5135B48162F077700743CC5 /* Foundation.framework */,
				D5135B4A162F077700743CC5 /* CoreGraphics.framework */,
			);
			name = Frameworks;
			sourceTree = "<group>";
		};
		D5135B4C162F077700743CC5 /* ZooApp */ = {
			isa = PBXGroup;
			children = (
				D5B00852163590B6008EB564 /* Icon-72.png */,
				D5135B55162F077700743CC5 /* AppDelegate.h */,
				D5135B56162F077700743CC5 /* AppDelegate.m */,
				D5135B66162F0E0000743CC5 /* Storyboard.storyboard */,
				D5AF86131638661900129120 /* Colors.h */,
				D5AF86141638661900129120 /* Colors.m */,
				D5135B63162F0DDA00743CC5 /* Model */,
				D5B0082F1631427E008EB564 /* Controller */,
				D5135B68162FEDBB00743CC5 /* ViewController */,
				D513C3EA16A6143C0096616D /* Helper */,
				D5135B4D162F077700743CC5 /* Supporting Files */,
			);
			path = ZooApp;
			sourceTree = "<group>";
		};
		D5135B4D162F077700743CC5 /* Supporting Files */ = {
			isa = PBXGroup;
			children = (
				D5135B4E162F077700743CC5 /* ZooApp-Info.plist */,
				D5135B4F162F077700743CC5 /* InfoPlist.strings */,
				D5135B52162F077700743CC5 /* main.m */,
				D5135B54162F077700743CC5 /* ZooApp-Prefix.pch */,
				D5135B58162F077700743CC5 /* Default.png */,
				D5135B5A162F077700743CC5 /* Default@2x.png */,
				D5135B5C162F077700743CC5 /* Default-568h@2x.png */,
			);
			name = "Supporting Files";
			sourceTree = "<group>";
		};
		D5135B63162F0DDA00743CC5 /* Model */ = {
			isa = PBXGroup;
			children = (
				D513C47C16AF2A400096616D /* Data */,
				D513C44E16AE2E1B0096616D /* UserData */,
				D5B0081E16300B4E008EB564 /* AGAnimal.h */,
				D5B0081F16300B4E008EB564 /* AGAnimal.m */,
				D568AA2216396C6100270E8B /* AGAnimalManager.h */,
				D568AA2316396C6100270E8B /* AGAnimalManager.m */,
				D513C40116A9EE420096616D /* AGRestaurant.h */,
				D513C40216A9EE430096616D /* AGRestaurant.m */,
				D513C41016AA121D0096616D /* AGRestaurantManager.h */,
				D513C41116AA121D0096616D /* AGRestaurantManager.m */,
				D5B0083316314506008EB564 /* AGLocation.h */,
				D5B0083416314506008EB564 /* AGLocation.m */,
				D513C40D16AA04090096616D /* AGLocationManager.h */,
				D513C40E16AA04090096616D /* AGLocationManager.m */,
			);
			path = Model;
			sourceTree = "<group>";
		};
		D5135B68162FEDBB00743CC5 /* ViewController */ = {
			isa = PBXGroup;
			children = (
				D513C3C316A388120096616D /* InfoTab */,
				D5B00859163817FE008EB564 /* AnimalTab */,
				D5B0085B16381811008EB564 /* MapTab */,
				D513C46816AEF43C0096616D /* MyZooTab */,
			);
			name = ViewController;
			sourceTree = "<group>";
		};
		D513C367169F10860096616D /* TabBarIcons */ = {
			isa = PBXGroup;
			children = (
				D513C3AB16A077CC0096616D /* user.png */,
				D513C3AC16A077CC0096616D /* user@2x.png */,
				D513C3A616A076630096616D /* info.png */,
				D513C3A716A076630096616D /* info@2x.png */,
				D513C36C169F111C0096616D /* map.png */,
				D513C36D169F111C0096616D /* map@2x.png */,
				D513C368169F10A90096616D /* paw.png */,
				D513C369169F10A90096616D /* paw@2x.png */,
			);
			name = TabBarIcons;
			sourceTree = "<group>";
		};
		D513C370169F12500096616D /* AnimalTab */ = {
			isa = PBXGroup;
			children = (
				D568AA2D163ADFDE00270E8B /* Animals */,
				D568AA03163931C700270E8B /* AnimalFilterListThumbnails */,
				D513C365169F08F50096616D /* rahmen.png */,
				D513C362169F05430096616D /* rahmen@2x.png */,
				D513C391169F631E0096616D /* compass.png */,
				D513C392169F631E0096616D /* compass@2x.png */,
				D513C395169F63450096616D /* compassClear.png */,
				D513C396169F63450096616D /* compassClear@2x.png */,
				D513C3B316A2AC0D0096616D /* compass5050.png */,
				D513C3B416A2AC0D0096616D /* compass5050@2x.png */,
				D513C39D169F956E0096616D /* whiteStarFav.png */,
				D513C39E169F956E0096616D /* whiteStarFav@2x.png */,
				D513C381169F19460096616D /* star.png */,
				D513C382169F19460096616D /* star@2x.png */,
				D513C389169F4FA00096616D /* goldStarFav.png */,
				D513C38A169F4FA00096616D /* goldStarFav@2x.png */,
				D513C385169F36180096616D /* greyStarFav.png */,
				D513C386169F36180096616D /* greyStarFav@2x.png */,
				D513C379169F15C50096616D /* clock.png */,
				D513C37A169F15C50096616D /* clock@2x.png */,
				D513C37B169F15C50096616D /* lightbulb.png */,
				D513C37C169F15C50096616D /* lightbulb@2x.png */,
				D513C375169F14710096616D /* book.png */,
				D513C376169F14710096616D /* book@2x.png */,
				D513C371169F12A00096616D /* house.png */,
				D513C372169F12A00096616D /* house@2x.png */,
				D590E5C8169E67DE00FF3A9E /* chalkboard.png */,
				D590E5C9169E67DE00FF3A9E /* chalkboard@2x.png */,
			);
			name = AnimalTab;
			sourceTree = "<group>";
		};
		D513C3C316A388120096616D /* InfoTab */ = {
			isa = PBXGroup;
			children = (
				D513C3C416A388460096616D /* AGInfoListViewController.h */,
				D513C3C516A388460096616D /* AGInfoListViewController.m */,
				D513C47F16AF2CB20096616D /* AGInfoDetailViewController.h */,
				D513C48016AF2CB20096616D /* AGInfoDetailViewController.m */,
				D5F31B8416B2ED61005A798A /* AGInfoDetailWebViewController.h */,
				D5F31B8516B2ED61005A798A /* AGInfoDetailWebViewController.m */,
			);
			name = InfoTab;
			sourceTree = "<group>";
		};
		D513C3EA16A6143C0096616D /* Helper */ = {
			isa = PBXGroup;
			children = (
				D513C47916AEF8DC0096616D /* AGCoreDataHelper.h */,
				D513C47A16AEF8DC0096616D /* AGCoreDataHelper.m */,
				D513C3EC16A614810096616D /* AGStringUtilities.h */,
				D513C3ED16A614810096616D /* AGStringUtilities.m */,
				D513C45B16AEC2CC0096616D /* AGAlertView.h */,
				D513C45C16AEC2CC0096616D /* AGAlertView.m */,
			);
			name = Helper;
			sourceTree = "<group>";
		};
		D513C44E16AE2E1B0096616D /* UserData */ = {
			isa = PBXGroup;
			children = (
				D513C44F16AE2E760096616D /* AGFavManager.h */,
				D513C45016AE2E760096616D /* AGFavManager.m */,
				D513C45416AE338F0096616D /* AGFavAnimal.h */,
				D513C45516AE33910096616D /* AGFavAnimal.m */,
			);
			name = UserData;
			sourceTree = "<group>";
		};
		D513C46816AEF43C0096616D /* MyZooTab */ = {
			isa = PBXGroup;
			children = (
				D513C46D16AEF57B0096616D /* AGMyZooListViewController.h */,
				D513C46E16AEF57B0096616D /* AGMyZooListViewController.m */,
			);
			name = MyZooTab;
			sourceTree = "<group>";
		};
		D513C47C16AF2A400096616D /* Data */ = {
			isa = PBXGroup;
			children = (
				D5F31B9116B2F27F005A798A /* HTML */,
				D5F31B8116B2ECD9005A798A /* Styles.css */,
				D513C3FB16A75E970096616D /* Model.xcdatamodeld */,
				D5135B64162F0DDA00743CC5 /* animalList.json */,
				D513C3FF16A9C3B20096616D /* restaurantList.json */,
			);
			name = Data;
			sourceTree = "<group>";
		};
		D568AA02163931C700270E8B /* Images */ = {
			isa = PBXGroup;
			children = (
				D513C370169F12500096616D /* AnimalTab */,
				D513C367169F10860096616D /* TabBarIcons */,
				D5DDE866169B35100009048B /* Wood */,
			);
			name = Images;
			path = ZooApp/Images;
			sourceTree = "<group>";
		};
		D568AA03163931C700270E8B /* AnimalFilterListThumbnails */ = {
			isa = PBXGroup;
			children = (
				D568AA04163931C700270E8B /* africa.png */,
				D568AA05163931C700270E8B /* allAnimals.png */,
				D568AA06163931C700270E8B /* amphibians.png */,
				D568AA07163931C700270E8B /* asia.png */,
				D568AA08163931C700270E8B /* birds.png */,
				D568AA09163931C700270E8B /* fish.png */,
				D568AA0A163931C700270E8B /* foundersGarden.png */,
				D568AA0B163931C700270E8B /* gondwanaland.png */,
				D568AA0C163931C700270E8B /* invertebrates.png */,
				D568AA0D163931C700270E8B /* mammals.png */,
				D568AA0E163931C700270E8B /* pongoland.png */,
				D568AA0F163931C700270E8B /* reptiles.png */,
				D568AA10163931C700270E8B /* southAmerica.png */,
			);
			path = AnimalFilterListThumbnails;
			sourceTree = "<group>";
		};
		D568AA2D163ADFDE00270E8B /* Animals */ = {
			isa = PBXGroup;
			children = (
				D55D2808163AF8E300B715DB /* zweifingerFaultier.png */,
				D55D2806163AF8DA00B715DB /* bonobo.png */,
				D55D2804163AF8D500B715DB /* asiatischerElefant.png */,
				D55D2802163AF30E00B715DB /* rotschildgiraffe.png */,
				D55D27F5163AEEDC00B715DB /* amurleopard.png */,
				D55D27F6163AEEDC00B715DB /* azurblauerPfeilgiftfrosch.png */,
				D55D27F7163AEEDC00B715DB /* diademSeeigel.png */,
				D55D27F8163AEEDC00B715DB /* gruenerHundskopfschlinger.png */,
				D55D27F9163AEEDC00B715DB /* netzmuraene.png */,
				D55D27FA163AEEDC00B715DB /* roterFlamingo.png */,
			);
			path = Animals;
			sourceTree = "<group>";
		};
		D571C756169CAE5E00C63A04 /* AnimalDetailView */ = {
			isa = PBXGroup;
			children = (
				D571C758169CAE9700C63A04 /* AGAnimalDetailViewController.h */,
				D571C759169CAE9700C63A04 /* AGAnimalDetailViewController.m */,
				D5B0084216356F15008EB564 /* AGAnimalMapViewController.h */,
				D5B0084316356F15008EB564 /* AGAnimalMapViewController.m */,
				D513C3D916A60CB00096616D /* AGCompassView.h */,
				D513C3DA16A60CB00096616D /* AGCompassView.m */,
			);
			name = AnimalDetailView;
			sourceTree = "<group>";
		};
		D571C75B169CB4CD00C63A04 /* AnimalListView */ = {
			isa = PBXGroup;
			children = (
				D5135B6C162FEE0D00743CC5 /* AGAnimalListViewController.h */,
				D5135B6D162FEE0E00743CC5 /* AGAnimalListViewController.m */,
				D5DDE863169B1F3F0009048B /* AGAnimalListTableCell.xib */,
				D5DDE860169B1E8C0009048B /* AGAnimalListTableCell.h */,
				D5DDE861169B1E8C0009048B /* AGAnimalListTableCell.m */,
			);
			name = AnimalListView;
			sourceTree = "<group>";
		};
		D5B0082F1631427E008EB564 /* Controller */ = {
			isa = PBXGroup;
			children = (
			);
			path = Controller;
			sourceTree = "<group>";
		};
		D5B00859163817FE008EB564 /* AnimalTab */ = {
			isa = PBXGroup;
			children = (
				D571C75B169CB4CD00C63A04 /* AnimalListView */,
				D571C756169CAE5E00C63A04 /* AnimalDetailView */,
				D5B0081216300370008EB564 /* AnimalDetailViewController.h */,
				D5B0081316300370008EB564 /* AnimalDetailViewController.m */,
				D5B0085C163818BF008EB564 /* AnimalFilterViewController.h */,
				D5B0085D163818BF008EB564 /* AnimalFilterViewController.m */,
				D5B0085F16382DFB008EB564 /* AnimalFilterTableCell.xib */,
				D5B0086116383020008EB564 /* AnimalFilterTableCell.h */,
				D5B0086216383020008EB564 /* AnimalFilterTableCell.m */,
			);
			name = AnimalTab;
			sourceTree = "<group>";
		};
		D5B0085B16381811008EB564 /* MapTab */ = {
			isa = PBXGroup;
			children = (
				D5135B69162FEDFC00743CC5 /* MapViewController.h */,
				D5135B6A162FEDFC00743CC5 /* MapViewController.m */,
			);
			name = MapTab;
			sourceTree = "<group>";
		};
		D5DDE866169B35100009048B /* Wood */ = {
			isa = PBXGroup;
			children = (
				D5DDE867169B35100009048B /* background.jpg */,
				D5DDE868169B35100009048B /* background@2x.jpg */,
				D5DDE883169B36F70009048B /* latte0halb.png */,
				D5DDE884169B36F70009048B /* latte0halb@2x.png */,
				D5DDE869169B35100009048B /* latte1halb.png */,
				D5DDE86A169B35100009048B /* latte1halb@2x.png */,
				D5DDE86B169B35100009048B /* latte2halb.png */,
				D5DDE86C169B35100009048B /* latte2halb@2x.png */,
				D5DDE86D169B35100009048B /* latte3halb.png */,
				D5DDE86E169B35100009048B /* latte3halb@2x.png */,
				D5DDE887169B37B80009048B /* latte4halb.png */,
				D5DDE888169B37B80009048B /* latte4halb@2x.png */,
			);
			path = Wood;
			sourceTree = "<group>";
		};
		D5F31B9116B2F27F005A798A /* HTML */ = {
			isa = PBXGroup;
			children = (
				D5F31B9216B2F27F005A798A /* lockers.html */,
				D5F31B9316B2F27F005A798A /* openingHours.html */,
				D5F31B9416B2F27F005A798A /* prices.html */,
				D5F31B9816B2F2AA005A798A /* wheelchairAccess.html */,
				D5F31B9E16B2F316005A798A /* kidsService.html */,
				D5F31BA216B2F351005A798A /* events.html */,
				D5F31BA416B2F366005A798A /* guidedTours.html */,
				D5F31BA616B2F47E005A798A /* zooRules.html */,
			);
			path = HTML;
			sourceTree = "<group>";
		};
		D5F31C0516B56039005A798A /* HockeySDK.embeddedframework */ = {
			isa = PBXGroup;
			children = (
				D5F31C0616B56039005A798A /* HockeySDK.framework */,
				D5F31C0716B56039005A798A /* Resources */,
			);
			name = HockeySDK.embeddedframework;
			path = "ZooApp/3rd-party-sdks/HockeySDK.embeddedframework";
			sourceTree = "<group>";
		};
		D5F31C0716B56039005A798A /* Resources */ = {
			isa = PBXGroup;
			children = (
				D5F31C0816B56039005A798A /* HockeySDK.xcconfig */,
				D5F31C0916B56039005A798A /* HockeySDKResources.bundle */,
			);
			path = Resources;
			sourceTree = "<group>";
		};
/* End PBXGroup section */

/* Begin PBXNativeTarget section */
		D5135B41162F077700743CC5 /* ZooApp */ = {
			isa = PBXNativeTarget;
			buildConfigurationList = D5135B60162F077700743CC5 /* Build configuration list for PBXNativeTarget "ZooApp" */;
			buildPhases = (
				D5135B3E162F077700743CC5 /* Sources */,
				D5135B3F162F077700743CC5 /* Frameworks */,
				D5135B40162F077700743CC5 /* Resources */,
			);
			buildRules = (
			);
			dependencies = (
			);
			name = ZooApp;
			productName = ZooApp;
			productReference = D5135B42162F077700743CC5 /* ZooApp.app */;
			productType = "com.apple.product-type.application";
		};
/* End PBXNativeTarget section */

/* Begin PBXProject section */
		D5135B39162F077700743CC5 /* Project object */ = {
			isa = PBXProject;
			attributes = {
				LastUpgradeCheck = 0450;
				ORGANIZATIONNAME = de.andreagerlach;
			};
			buildConfigurationList = D5135B3C162F077700743CC5 /* Build configuration list for PBXProject "ZooApp" */;
			compatibilityVersion = "Xcode 3.2";
			developmentRegion = English;
			hasScannedForEncodings = 0;
			knownRegions = (
				en,
			);
			mainGroup = D5135B37162F077700743CC5;
			productRefGroup = D5135B43162F077700743CC5 /* Products */;
			projectDirPath = "";
			projectRoot = "";
			targets = (
				D5135B41162F077700743CC5 /* ZooApp */,
			);
		};
/* End PBXProject section */

/* Begin PBXResourcesBuildPhase section */
		D5135B40162F077700743CC5 /* Resources */ = {
			isa = PBXResourcesBuildPhase;
			buildActionMask = 2147483647;
			files = (
				D5135B51162F077700743CC5 /* InfoPlist.strings in Resources */,
				D5135B59162F077700743CC5 /* Default.png in Resources */,
				D5135B5B162F077700743CC5 /* Default@2x.png in Resources */,
				D5135B5D162F077700743CC5 /* Default-568h@2x.png in Resources */,
				D5135B65162F0DDA00743CC5 /* animalList.json in Resources */,
				D5135B67162F0E0000743CC5 /* Storyboard.storyboard in Resources */,
				D5B00853163590B7008EB564 /* Icon-72.png in Resources */,
				D5B0086016382DFC008EB564 /* AnimalFilterTableCell.xib in Resources */,
				D568AA11163931C700270E8B /* africa.png in Resources */,
				D568AA12163931C700270E8B /* allAnimals.png in Resources */,
				D568AA13163931C700270E8B /* amphibians.png in Resources */,
				D568AA14163931C700270E8B /* asia.png in Resources */,
				D568AA15163931C700270E8B /* birds.png in Resources */,
				D568AA16163931C700270E8B /* fish.png in Resources */,
				D568AA17163931C700270E8B /* foundersGarden.png in Resources */,
				D568AA18163931C700270E8B /* gondwanaland.png in Resources */,
				D568AA19163931C700270E8B /* invertebrates.png in Resources */,
				D568AA1A163931C700270E8B /* mammals.png in Resources */,
				D568AA1B163931C700270E8B /* pongoland.png in Resources */,
				D568AA1C163931C700270E8B /* reptiles.png in Resources */,
				D568AA1D163931C700270E8B /* southAmerica.png in Resources */,
				D55D27FB163AEEDC00B715DB /* amurleopard.png in Resources */,
				D55D27FC163AEEDC00B715DB /* azurblauerPfeilgiftfrosch.png in Resources */,
				D55D27FD163AEEDC00B715DB /* diademSeeigel.png in Resources */,
				D55D27FE163AEEDC00B715DB /* gruenerHundskopfschlinger.png in Resources */,
				D55D27FF163AEEDC00B715DB /* netzmuraene.png in Resources */,
				D55D2800163AEEDC00B715DB /* roterFlamingo.png in Resources */,
				D55D2803163AF30E00B715DB /* rotschildgiraffe.png in Resources */,
				D55D2805163AF8D500B715DB /* asiatischerElefant.png in Resources */,
				D55D2807163AF8DA00B715DB /* bonobo.png in Resources */,
				D55D2809163AF8E300B715DB /* zweifingerFaultier.png in Resources */,
				D5DDE864169B1F3F0009048B /* AGAnimalListTableCell.xib in Resources */,
				D5DDE875169B35100009048B /* background.jpg in Resources */,
				D5DDE876169B35100009048B /* background@2x.jpg in Resources */,
				D5DDE877169B35100009048B /* latte1halb.png in Resources */,
				D5DDE878169B35100009048B /* latte1halb@2x.png in Resources */,
				D5DDE879169B35100009048B /* latte2halb.png in Resources */,
				D5DDE87A169B35100009048B /* latte2halb@2x.png in Resources */,
				D5DDE87B169B35100009048B /* latte3halb.png in Resources */,
				D5DDE87C169B35100009048B /* latte3halb@2x.png in Resources */,
				D5DDE885169B36F70009048B /* latte0halb.png in Resources */,
				D5DDE886169B36F70009048B /* latte0halb@2x.png in Resources */,
				D5DDE889169B37B80009048B /* latte4halb.png in Resources */,
				D5DDE88A169B37B80009048B /* latte4halb@2x.png in Resources */,
				D590E5CA169E67DE00FF3A9E /* chalkboard.png in Resources */,
				D590E5CB169E67DE00FF3A9E /* chalkboard@2x.png in Resources */,
				D513C364169F05430096616D /* rahmen@2x.png in Resources */,
				D513C366169F08F50096616D /* rahmen.png in Resources */,
				D513C36A169F10A90096616D /* paw.png in Resources */,
				D513C36B169F10A90096616D /* paw@2x.png in Resources */,
				D513C36E169F111C0096616D /* map.png in Resources */,
				D513C36F169F111C0096616D /* map@2x.png in Resources */,
				D513C373169F12A00096616D /* house.png in Resources */,
				D513C374169F12A00096616D /* house@2x.png in Resources */,
				D513C377169F14710096616D /* book.png in Resources */,
				D513C378169F14710096616D /* book@2x.png in Resources */,
				D513C37D169F15C50096616D /* clock.png in Resources */,
				D513C37E169F15C50096616D /* clock@2x.png in Resources */,
				D513C37F169F15C50096616D /* lightbulb.png in Resources */,
				D513C380169F15C50096616D /* lightbulb@2x.png in Resources */,
				D513C383169F19460096616D /* star.png in Resources */,
				D513C384169F19460096616D /* star@2x.png in Resources */,
				D513C387169F36180096616D /* greyStarFav.png in Resources */,
				D513C388169F36180096616D /* greyStarFav@2x.png in Resources */,
				D513C38B169F4FA10096616D /* goldStarFav.png in Resources */,
				D513C38C169F4FA10096616D /* goldStarFav@2x.png in Resources */,
				D513C393169F631E0096616D /* compass.png in Resources */,
				D513C394169F631E0096616D /* compass@2x.png in Resources */,
				D513C397169F63450096616D /* compassClear.png in Resources */,
				D513C398169F63450096616D /* compassClear@2x.png in Resources */,
				D513C39F169F956E0096616D /* whiteStarFav.png in Resources */,
				D513C3A0169F956E0096616D /* whiteStarFav@2x.png in Resources */,
				D513C3A816A076630096616D /* info.png in Resources */,
				D513C3A916A076630096616D /* info@2x.png in Resources */,
				D513C3AD16A077CC0096616D /* user.png in Resources */,
				D513C3AE16A077CC0096616D /* user@2x.png in Resources */,
				D513C3B516A2AC0D0096616D /* compass5050.png in Resources */,
				D513C3B616A2AC0D0096616D /* compass5050@2x.png in Resources */,
				D513C40016A9C3B20096616D /* restaurantList.json in Resources */,
				D5F31B8216B2ECD9005A798A /* Styles.css in Resources */,
				D5F31B9516B2F27F005A798A /* lockers.html in Resources */,
				D5F31B9616B2F27F005A798A /* openingHours.html in Resources */,
				D5F31B9716B2F27F005A798A /* prices.html in Resources */,
				D5F31B9916B2F2AA005A798A /* wheelchairAccess.html in Resources */,
				D5F31B9F16B2F316005A798A /* kidsService.html in Resources */,
				D5F31BA316B2F351005A798A /* events.html in Resources */,
				D5F31BA516B2F366005A798A /* guidedTours.html in Resources */,
				D5F31BA716B2F47E005A798A /* zooRules.html in Resources */,
				D5F31C0B16B56039005A798A /* HockeySDK.xcconfig in Resources */,
				D5F31C0C16B56039005A798A /* HockeySDKResources.bundle in Resources */,
			);
			runOnlyForDeploymentPostprocessing = 0;
		};
/* End PBXResourcesBuildPhase section */

/* Begin PBXSourcesBuildPhase section */
		D5135B3E162F077700743CC5 /* Sources */ = {
			isa = PBXSourcesBuildPhase;
			buildActionMask = 2147483647;
			files = (
				D5135B53162F077700743CC5 /* main.m in Sources */,
				D5135B57162F077700743CC5 /* AppDelegate.m in Sources */,
				D5135B6B162FEDFC00743CC5 /* MapViewController.m in Sources */,
				D5135B6E162FEE0E00743CC5 /* AGAnimalListViewController.m in Sources */,
				D5B0081416300370008EB564 /* AnimalDetailViewController.m in Sources */,
				D5B0082016300B4E008EB564 /* AGAnimal.m in Sources */,
				D5B0083516314506008EB564 /* AGLocation.m in Sources */,
				D5B0084416356F15008EB564 /* AGAnimalMapViewController.m in Sources */,
				D5B0085E163818BF008EB564 /* AnimalFilterViewController.m in Sources */,
				D5B0086316383021008EB564 /* AnimalFilterTableCell.m in Sources */,
				D5AF86151638661900129120 /* Colors.m in Sources */,
				D568AA2416396C6100270E8B /* AGAnimalManager.m in Sources */,
				D5DDE862169B1E8C0009048B /* AGAnimalListTableCell.m in Sources */,
				D571C75A169CAE9700C63A04 /* AGAnimalDetailViewController.m in Sources */,
				D513C3C616A388460096616D /* AGInfoListViewController.m in Sources */,
				D513C3DB16A60CB00096616D /* AGCompassView.m in Sources */,
				D513C3EE16A614810096616D /* AGStringUtilities.m in Sources */,
				D513C3FD16A75E970096616D /* Model.xcdatamodeld in Sources */,
				D513C40316A9EE430096616D /* AGRestaurant.m in Sources */,
				D513C40F16AA04090096616D /* AGLocationManager.m in Sources */,
				D513C41216AA121E0096616D /* AGRestaurantManager.m in Sources */,
				D513C45116AE2E760096616D /* AGFavManager.m in Sources */,
				D513C45616AE33950096616D /* AGFavAnimal.m in Sources */,
				D513C45D16AEC2CC0096616D /* AGAlertView.m in Sources */,
				D513C47B16AEF90A0096616D /* AGCoreDataHelper.m in Sources */,
				D513C46F16AEF57B0096616D /* AGMyZooListViewController.m in Sources */,
				D513C48116AF2CB20096616D /* AGInfoDetailViewController.m in Sources */,
				D5F31B8616B2ED61005A798A /* AGInfoDetailWebViewController.m in Sources */,
			);
			runOnlyForDeploymentPostprocessing = 0;
		};
/* End PBXSourcesBuildPhase section */

/* Begin PBXVariantGroup section */
		D5135B4F162F077700743CC5 /* InfoPlist.strings */ = {
			isa = PBXVariantGroup;
			children = (
				D5135B50162F077700743CC5 /* en */,
			);
			name = InfoPlist.strings;
			sourceTree = "<group>";
		};
/* End PBXVariantGroup section */

/* Begin XCBuildConfiguration section */
		D5135B5E162F077700743CC5 /* Debug */ = {
			isa = XCBuildConfiguration;
			buildSettings = {
				ALWAYS_SEARCH_USER_PATHS = NO;
				CLANG_CXX_LANGUAGE_STANDARD = "gnu++0x";
				CLANG_CXX_LIBRARY = "libc++";
				CLANG_ENABLE_OBJC_ARC = YES;
				CLANG_WARN_EMPTY_BODY = YES;
				CLANG_WARN__DUPLICATE_METHOD_MATCH = YES;
				CODE_SIGN_IDENTITY = "iPhone Developer";
				"CODE_SIGN_IDENTITY[sdk=iphoneos*]" = "iPhone Developer";
				COPY_PHASE_STRIP = NO;
				GCC_C_LANGUAGE_STANDARD = gnu99;
				GCC_DYNAMIC_NO_PIC = NO;
				GCC_OPTIMIZATION_LEVEL = 0;
				GCC_PREPROCESSOR_DEFINITIONS = (
					"DEBUG=1",
					"$(inherited)",
				);
				GCC_SYMBOLS_PRIVATE_EXTERN = NO;
				GCC_WARN_ABOUT_RETURN_TYPE = YES;
				GCC_WARN_UNINITIALIZED_AUTOS = YES;
				GCC_WARN_UNUSED_VARIABLE = YES;
				IPHONEOS_DEPLOYMENT_TARGET = 6.0;
				ONLY_ACTIVE_ARCH = YES;
				PROVISIONING_PROFILE = "";
				SDKROOT = iphoneos;
			};
			name = Debug;
		};
		D5135B5F162F077700743CC5 /* Release */ = {
			isa = XCBuildConfiguration;
			buildSettings = {
				ALWAYS_SEARCH_USER_PATHS = NO;
				CLANG_CXX_LANGUAGE_STANDARD = "gnu++0x";
				CLANG_CXX_LIBRARY = "libc++";
				CLANG_ENABLE_OBJC_ARC = YES;
				CLANG_WARN_EMPTY_BODY = YES;
				CLANG_WARN__DUPLICATE_METHOD_MATCH = YES;
				"CODE_SIGN_IDENTITY[sdk=iphoneos*]" = "iPhone Developer";
				COPY_PHASE_STRIP = YES;
				GCC_C_LANGUAGE_STANDARD = gnu99;
				GCC_WARN_ABOUT_RETURN_TYPE = YES;
				GCC_WARN_UNINITIALIZED_AUTOS = YES;
				GCC_WARN_UNUSED_VARIABLE = YES;
				IPHONEOS_DEPLOYMENT_TARGET = 6.0;
				ONLY_ACTIVE_ARCH = YES;
				OTHER_CFLAGS = "-DNS_BLOCK_ASSERTIONS=1";
				SDKROOT = iphoneos;
				VALIDATE_PRODUCT = YES;
			};
			name = Release;
		};
		D5135B61162F077700743CC5 /* Debug */ = {
			isa = XCBuildConfiguration;
			buildSettings = {
				CODE_SIGN_IDENTITY = "iPhone Developer: Andrea Gerlach (MHE33YSPTV)";
				"CODE_SIGN_IDENTITY[sdk=iphoneos*]" = "iPhone Developer: Andrea Gerlach (MHE33YSPTV)";
				FRAMEWORK_SEARCH_PATHS = (
					"$(inherited)",
					"\"$(SRCROOT)/ZooApp/3rd-party-sdks/HockeySDK.embeddedframework\"",
				);
				GCC_PRECOMPILE_PREFIX_HEADER = YES;
				GCC_PREFIX_HEADER = "ZooApp/ZooApp-Prefix.pch";
				GCC_PREPROCESSOR_DEFINITIONS = "CONFIGURATION_$(CONFIGURATION)";
				INFOPLIST_FILE = "ZooApp/ZooApp-Info.plist";
				IPHONEOS_DEPLOYMENT_TARGET = 6.0;
				ONLY_ACTIVE_ARCH = YES;
				OTHER_LDFLAGS = (
					"-ObjC",
					"-undefined",
					dynamic_lookup,
				);
				PRODUCT_NAME = "$(TARGET_NAME)";
				PROVISIONING_PROFILE = "C9ED816C-1DB4-4335-80D3-A886D0FBF9A5";
				"PROVISIONING_PROFILE[sdk=iphoneos*]" = "C9ED816C-1DB4-4335-80D3-A886D0FBF9A5";
				WRAPPER_EXTENSION = app;
			};
			name = Debug;
		};
		D5135B62162F077700743CC5 /* Release */ = {
			isa = XCBuildConfiguration;
			buildSettings = {
				CODE_SIGN_IDENTITY = "iPhone Distribution: Smart Mobile Factory GmbH";
				"CODE_SIGN_IDENTITY[sdk=iphoneos*]" = "iPhone Distribution: Smart Mobile Factory GmbH";
				FRAMEWORK_SEARCH_PATHS = (
					"$(inherited)",
					"\"$(SRCROOT)/ZooApp/3rd-party-sdks/HockeySDK.embeddedframework\"",
				);
				GCC_PRECOMPILE_PREFIX_HEADER = YES;
				GCC_PREFIX_HEADER = "ZooApp/ZooApp-Prefix.pch";
				GCC_PREPROCESSOR_DEFINITIONS = "CONFIGURATION_$(CONFIGURATION)";
				INFOPLIST_FILE = "ZooApp/ZooApp-Info.plist";
				IPHONEOS_DEPLOYMENT_TARGET = 6.0;
				ONLY_ACTIVE_ARCH = NO;
				OTHER_LDFLAGS = (
					"-ObjC",
					"-undefined",
					dynamic_lookup,
				);
				PRODUCT_NAME = "$(TARGET_NAME)";
				PROVISIONING_PROFILE = "70501A00-C720-47E9-A404-45AA0581CF78";
				"PROVISIONING_PROFILE[sdk=iphoneos*]" = "70501A00-C720-47E9-A404-45AA0581CF78";
				WRAPPER_EXTENSION = app;
			};
			name = Release;
		};
/* End XCBuildConfiguration section */

/* Begin XCConfigurationList section */
		D5135B3C162F077700743CC5 /* Build configuration list for PBXProject "ZooApp" */ = {
			isa = XCConfigurationList;
			buildConfigurations = (
				D5135B5E162F077700743CC5 /* Debug */,
				D5135B5F162F077700743CC5 /* Release */,
			);
			defaultConfigurationIsVisible = 0;
			defaultConfigurationName = Release;
		};
		D5135B60162F077700743CC5 /* Build configuration list for PBXNativeTarget "ZooApp" */ = {
			isa = XCConfigurationList;
			buildConfigurations = (
				D5135B61162F077700743CC5 /* Debug */,
				D5135B62162F077700743CC5 /* Release */,
			);
			defaultConfigurationIsVisible = 0;
			defaultConfigurationName = Release;
		};
/* End XCConfigurationList section */

/* Begin XCVersionGroup section */
		D513C3FB16A75E970096616D /* Model.xcdatamodeld */ = {
			isa = XCVersionGroup;
			children = (
				D513C3FC16A75E970096616D /* Model.xcdatamodel */,
			);
			currentVersion = D513C3FC16A75E970096616D /* Model.xcdatamodel */;
			path = Model.xcdatamodeld;
			sourceTree = "<group>";
			versionGroupType = wrapper.xcdatamodel;
		};
/* End XCVersionGroup section */
	};
	rootObject = D5135B39162F077700743CC5 /* Project object */;
}
